<?xml version="1.0" encoding="UTF-8" standalone="yes" ?>
<CodeBlocks_project_file>
	<FileVersion major="1" minor="6" />
	<Project>
		<Option title="burger" />
		<Option makefile="makefile" />
		<Option pch_mode="2" />
		<Option compiler="ow" />
		<Build>
			<Target title="Debug_w32">
				<Option output="bin/burgercdbw32dbg.lib" prefix_auto="0" extension_auto="0" />
				<Option working_dir="" />
				<Option object_output="temp/burgercdbw32dbg/" />
				<Option type="2" />
				<Option compiler="ow" />
				<Option createDefFile="1" />
				<Compiler>
					<Add option="-bt=nt" />
					<Add option="-d2" />
					<Add option="-wx" />
					<Add option="-fp6" />
					<Add option="-6r" />
					<Add option="-fr=$(ERROR_FILE)" />
					<Add option="-d_DEBUG" />
					<Add option="-d_WINDOWS" />
					<Add option="-dWIN32_LEAN_AND_MEAN" />
					<Add option="-dWIN32" />
					<Add option="-dGLUT_DISABLE_ATEXIT_HACK" />
					<Add option="-d_CRT_NONSTDC_NO_WARNINGS" />
					<Add option="-d_CRT_SECURE_NO_WARNINGS" />
					<Add option="-dGLUT_NO_LIB_PRAGMA" />
					<Add option="-d_CRT_SECURE_CPP_OVERLOAD_STANDARD_NAMES=1" />
				</Compiler>
			</Target>
			<Target title="Internal_w32">
				<Option output="bin/burgercdbw32int.lib" prefix_auto="0" extension_auto="0" />
				<Option working_dir="" />
				<Option object_output="temp/burgercdbw32int/" />
				<Option type="2" />
				<Option compiler="ow" />
				<Option createDefFile="1" />
				<Compiler>
					<Add option="-bt=nt" />
					<Add option="-d2" />
					<Add option="-ox" />
					<Add option="-ot" />
					<Add option="-wx" />
					<Add option="-fp6" />
					<Add option="-6r" />
					<Add option="-fr=$(ERROR_FILE)" />
					<Add option="-d_DEBUG" />
					<Add option="-d_WINDOWS" />
					<Add option="-dWIN32_LEAN_AND_MEAN" />
					<Add option="-dWIN32" />
					<Add option="-dGLUT_DISABLE_ATEXIT_HACK" />
					<Add option="-d_CRT_NONSTDC_NO_WARNINGS" />
					<Add option="-d_CRT_SECURE_NO_WARNINGS" />
					<Add option="-dGLUT_NO_LIB_PRAGMA" />
					<Add option="-d_CRT_SECURE_CPP_OVERLOAD_STANDARD_NAMES=1" />
				</Compiler>
			</Target>
			<Target title="Release_w32">
				<Option output="bin/burgercdbw32rel.lib" prefix_auto="0" extension_auto="0" />
				<Option working_dir="" />
				<Option object_output="temp/burgercdbw32rel/" />
				<Option type="2" />
				<Option compiler="ow" />
				<Option createDefFile="1" />
				<Compiler>
					<Add option="-bt=nt" />
					<Add option="-ox" />
					<Add option="-ot" />
					<Add option="-wx" />
					<Add option="-fp6" />
					<Add option="-6r" />
					<Add option="-fr=$(ERROR_FILE)" />
					<Add option="-dNDEBUG" />
					<Add option="-d_WINDOWS" />
					<Add option="-dWIN32_LEAN_AND_MEAN" />
					<Add option="-dWIN32" />
					<Add option="-dGLUT_DISABLE_ATEXIT_HACK" />
					<Add option="-d_CRT_NONSTDC_NO_WARNINGS" />
					<Add option="-d_CRT_SECURE_NO_WARNINGS" />
					<Add option="-dGLUT_NO_LIB_PRAGMA" />
					<Add option="-d_CRT_SECURE_CPP_OVERLOAD_STANDARD_NAMES=1" />
				</Compiler>
			</Target>
			<Environment>
				<Variable name="ERROR_FILE" value="$(TARGET_OBJECT_DIR)foo.err" />
			</Environment>
		</Build>
		<VirtualTargets>
			<Add alias="Everything" targets="Debug_w32;Internal_w32;Release_w32" />
		</VirtualTargets>
		<Compiler>
			<Add directory='&quot;$(BURGER_SDKS)/windows/directx9&quot;' />
			<Add directory='&quot;$(BURGER_SDKS)/windows/windows5&quot;' />
			<Add directory='&quot;../sdks/steamworks/public/steam&quot;' />
			<Add directory='&quot;../sdks/windows/dplay/include&quot;' />
			<Add directory='&quot;../sdks/windows/opengl&quot;' />
			<Add directory='&quot;../source&quot;' />
			<Add directory='&quot;../source/ansi&quot;' />
			<Add directory='&quot;../source/audio&quot;' />
			<Add directory='&quot;../source/commandline&quot;' />
			<Add directory='&quot;../source/compression&quot;' />
			<Add directory='&quot;../source/file&quot;' />
			<Add directory='&quot;../source/flashplayer&quot;' />
			<Add directory='&quot;../source/generated&quot;' />
			<Add directory='&quot;../source/graphics&quot;' />
			<Add directory='&quot;../source/graphics/effects&quot;' />
			<Add directory='&quot;../source/graphics/shaders&quot;' />
			<Add directory='&quot;../source/graphics/shadersdx9/generated&quot;' />
			<Add directory='&quot;../source/graphics/shadersopengl/generated&quot;' />
			<Add directory='&quot;../source/graphics/vulkan&quot;' />
			<Add directory='&quot;../source/input&quot;' />
			<Add directory='&quot;../source/lowlevel&quot;' />
			<Add directory='&quot;../source/math&quot;' />
			<Add directory='&quot;../source/memory&quot;' />
			<Add directory='&quot;../source/platforms/windows&quot;' />
			<Add directory='&quot;../source/platforms/windows/generated&quot;' />
			<Add directory='&quot;../source/random&quot;' />
			<Add directory='&quot;../source/text&quot;' />
		</Compiler>
		<Unit filename="../source/ansi/brcapturestdout.cpp" />
		<Unit filename="../source/ansi/brcapturestdout.h" />
		<Unit filename="../source/ansi/brfileansihelpers.cpp" />
		<Unit filename="../source/ansi/brfileansihelpers.h" />
		<Unit filename="../source/ansi/brmemoryansi.cpp" />
		<Unit filename="../source/ansi/brmemoryansi.h" />
		<Unit filename="../source/ansi/brstdouthelpers.cpp" />
		<Unit filename="../source/ansi/brstdouthelpers.h" />
		<Unit filename="../source/audio/bralaw.cpp" />
		<Unit filename="../source/audio/bralaw.h" />
		<Unit filename="../source/audio/brimportit.cpp" />
		<Unit filename="../source/audio/brimportit.h" />
		<Unit filename="../source/audio/brimports3m.cpp" />
		<Unit filename="../source/audio/brimports3m.h" />
		<Unit filename="../source/audio/brimportxm.cpp" />
		<Unit filename="../source/audio/brimportxm.h" />
		<Unit filename="../source/audio/brmace.cpp" />
		<Unit filename="../source/audio/brmace.h" />
		<Unit filename="../source/audio/brmicrosoftadpcm.cpp" />
		<Unit filename="../source/audio/brmicrosoftadpcm.h" />
		<Unit filename="../source/audio/brsequencer.cpp" />
		<Unit filename="../source/audio/brsequencer.h" />
		<Unit filename="../source/audio/brsound.cpp" />
		<Unit filename="../source/audio/brsound.h" />
		<Unit filename="../source/audio/brsoundbufferrez.cpp" />
		<Unit filename="../source/audio/brsoundbufferrez.h" />
		<Unit filename="../source/audio/brsounddecompress.cpp" />
		<Unit filename="../source/audio/brsounddecompress.h" />
		<Unit filename="../source/audio/brulaw.cpp" />
		<Unit filename="../source/audio/brulaw.h" />
		<Unit filename="../source/brgl.h" />
		<Unit filename="../source/brglext.h" />
		<Unit filename="../source/brglut.h" />
		<Unit filename="../source/brglxext.h" />
		<Unit filename="../source/brstdint.h" />
		<Unit filename="../source/commandline/brcommandparameter.cpp" />
		<Unit filename="../source/commandline/brcommandparameter.h" />
		<Unit filename="../source/commandline/brcommandparameterbooltrue.cpp" />
		<Unit filename="../source/commandline/brcommandparameterbooltrue.h" />
		<Unit filename="../source/commandline/brcommandparameterstring.cpp" />
		<Unit filename="../source/commandline/brcommandparameterstring.h" />
		<Unit filename="../source/commandline/brcommandparameterwordptr.cpp" />
		<Unit filename="../source/commandline/brcommandparameterwordptr.h" />
		<Unit filename="../source/commandline/brconsolemanager.cpp" />
		<Unit filename="../source/commandline/brconsolemanager.h" />
		<Unit filename="../source/commandline/brgameapp.cpp" />
		<Unit filename="../source/commandline/brgameapp.h" />
		<Unit filename="../source/compression/bradler16.cpp" />
		<Unit filename="../source/compression/bradler16.h" />
		<Unit filename="../source/compression/bradler32.cpp" />
		<Unit filename="../source/compression/bradler32.h" />
		<Unit filename="../source/compression/brcompress.cpp" />
		<Unit filename="../source/compression/brcompress.h" />
		<Unit filename="../source/compression/brcompressdeflate.cpp" />
		<Unit filename="../source/compression/brcompressdeflate.h" />
		<Unit filename="../source/compression/brcompresslbmrle.cpp" />
		<Unit filename="../source/compression/brcompresslbmrle.h" />
		<Unit filename="../source/compression/brcompresslzss.cpp" />
		<Unit filename="../source/compression/brcompresslzss.h" />
		<Unit filename="../source/compression/brcrc16.cpp" />
		<Unit filename="../source/compression/brcrc16.h" />
		<Unit filename="../source/compression/brcrc32.cpp" />
		<Unit filename="../source/compression/brcrc32.h" />
		<Unit filename="../source/compression/brdecompress.cpp" />
		<Unit filename="../source/compression/brdecompress.h" />
		<Unit filename="../source/compression/brdecompressdeflate.cpp" />
		<Unit filename="../source/compression/brdecompressdeflate.h" />
		<Unit filename="../source/compression/brdecompresslbmrle.cpp" />
		<Unit filename="../source/compression/brdecompresslbmrle.h" />
		<Unit filename="../source/compression/brdecompresslzss.cpp" />
		<Unit filename="../source/compression/brdecompresslzss.h" />
		<Unit filename="../source/compression/brdjb2hash.cpp" />
		<Unit filename="../source/compression/brdjb2hash.h" />
		<Unit filename="../source/compression/brdxt1.cpp" />
		<Unit filename="../source/compression/brdxt1.h" />
		<Unit filename="../source/compression/brdxt3.cpp" />
		<Unit filename="../source/compression/brdxt3.h" />
		<Unit filename="../source/compression/brdxt5.cpp" />
		<Unit filename="../source/compression/brdxt5.h" />
		<Unit filename="../source/compression/brgost.cpp" />
		<Unit filename="../source/compression/brgost.h" />
		<Unit filename="../source/compression/brhashmap.cpp" />
		<Unit filename="../source/compression/brhashmap.h" />
		<Unit filename="../source/compression/brmd2.cpp" />
		<Unit filename="../source/compression/brmd2.h" />
		<Unit filename="../source/compression/brmd4.cpp" />
		<Unit filename="../source/compression/brmd4.h" />
		<Unit filename="../source/compression/brmd5.cpp" />
		<Unit filename="../source/compression/brmd5.h" />
		<Unit filename="../source/compression/brpackfloat.cpp" />
		<Unit filename="../source/compression/brpackfloat.h" />
		<Unit filename="../source/compression/brsdbmhash.cpp" />
		<Unit filename="../source/compression/brsdbmhash.h" />
		<Unit filename="../source/compression/brsha1.cpp" />
		<Unit filename="../source/compression/brsha1.h" />
		<Unit filename="../source/compression/brunpackbytes.cpp" />
		<Unit filename="../source/compression/brunpackbytes.h" />
		<Unit filename="../source/file/brdirectorysearch.cpp" />
		<Unit filename="../source/file/brdirectorysearch.h" />
		<Unit filename="../source/file/brfile.cpp" />
		<Unit filename="../source/file/brfile.h" />
		<Unit filename="../source/file/brfileapf.cpp" />
		<Unit filename="../source/file/brfileapf.h" />
		<Unit filename="../source/file/brfilebmp.cpp" />
		<Unit filename="../source/file/brfilebmp.h" />
		<Unit filename="../source/file/brfiledds.cpp" />
		<Unit filename="../source/file/brfiledds.h" />
		<Unit filename="../source/file/brfilegif.cpp" />
		<Unit filename="../source/file/brfilegif.h" />
		<Unit filename="../source/file/brfileini.cpp" />
		<Unit filename="../source/file/brfileini.h" />
		<Unit filename="../source/file/brfilelbm.cpp" />
		<Unit filename="../source/file/brfilelbm.h" />
		<Unit filename="../source/file/brfilemanager.cpp" />
		<Unit filename="../source/file/brfilemanager.h" />
		<Unit filename="../source/file/brfilemp3.cpp" />
		<Unit filename="../source/file/brfilemp3.h" />
		<Unit filename="../source/file/brfilename.cpp" />
		<Unit filename="../source/file/brfilename.h" />
		<Unit filename="../source/file/brfilepcx.cpp" />
		<Unit filename="../source/file/brfilepcx.h" />
		<Unit filename="../source/file/brfilepng.cpp" />
		<Unit filename="../source/file/brfilepng.h" />
		<Unit filename="../source/file/brfiletga.cpp" />
		<Unit filename="../source/file/brfiletga.h" />
		<Unit filename="../source/file/brfilexml.cpp" />
		<Unit filename="../source/file/brfilexml.h" />
		<Unit filename="../source/file/brinputmemorystream.cpp" />
		<Unit filename="../source/file/brinputmemorystream.h" />
		<Unit filename="../source/file/broutputmemorystream.cpp" />
		<Unit filename="../source/file/broutputmemorystream.h" />
		<Unit filename="../source/file/brrezfile.cpp" />
		<Unit filename="../source/file/brrezfile.h" />
		<Unit filename="../source/flashplayer/brflashaction.cpp" />
		<Unit filename="../source/flashplayer/brflashaction.h" />
		<Unit filename="../source/flashplayer/brflashactionvalue.cpp" />
		<Unit filename="../source/flashplayer/brflashactionvalue.h" />
		<Unit filename="../source/flashplayer/brflashavm2.cpp" />
		<Unit filename="../source/flashplayer/brflashavm2.h" />
		<Unit filename="../source/flashplayer/brflashcolortransform.cpp" />
		<Unit filename="../source/flashplayer/brflashcolortransform.h" />
		<Unit filename="../source/flashplayer/brflashdisasmactionscript.cpp" />
		<Unit filename="../source/flashplayer/brflashdisasmactionscript.h" />
		<Unit filename="../source/flashplayer/brflashmanager.cpp" />
		<Unit filename="../source/flashplayer/brflashmanager.h" />
		<Unit filename="../source/flashplayer/brflashmatrix23.cpp" />
		<Unit filename="../source/flashplayer/brflashmatrix23.h" />
		<Unit filename="../source/flashplayer/brflashrect.cpp" />
		<Unit filename="../source/flashplayer/brflashrect.h" />
		<Unit filename="../source/flashplayer/brflashrgba.cpp" />
		<Unit filename="../source/flashplayer/brflashrgba.h" />
		<Unit filename="../source/flashplayer/brflashstream.cpp" />
		<Unit filename="../source/flashplayer/brflashstream.h" />
		<Unit filename="../source/flashplayer/brflashutils.cpp" />
		<Unit filename="../source/flashplayer/brflashutils.h" />
		<Unit filename="../source/generated/version.h" />
		<Unit filename="../source/graphics/brdisplay.cpp" />
		<Unit filename="../source/graphics/brdisplay.h" />
		<Unit filename="../source/graphics/brdisplayobject.cpp" />
		<Unit filename="../source/graphics/brdisplayobject.h" />
		<Unit filename="../source/graphics/brdisplayopengl.cpp" />
		<Unit filename="../source/graphics/brdisplayopengl.h" />
		<Unit filename="../source/graphics/brdisplayopenglsoftware8.cpp" />
		<Unit filename="../source/graphics/brdisplayopenglsoftware8.h" />
		<Unit filename="../source/graphics/brfont.cpp" />
		<Unit filename="../source/graphics/brfont.h" />
		<Unit filename="../source/graphics/brfont4bit.cpp" />
		<Unit filename="../source/graphics/brfont4bit.h" />
		<Unit filename="../source/graphics/brimage.cpp" />
		<Unit filename="../source/graphics/brimage.h" />
		<Unit filename="../source/graphics/brpalette.cpp" />
		<Unit filename="../source/graphics/brpalette.h" />
		<Unit filename="../source/graphics/brpoint2d.cpp" />
		<Unit filename="../source/graphics/brpoint2d.h" />
		<Unit filename="../source/graphics/brrect.cpp" />
		<Unit filename="../source/graphics/brrect.h" />
		<Unit filename="../source/graphics/brrenderer.cpp" />
		<Unit filename="../source/graphics/brrenderer.h" />
		<Unit filename="../source/graphics/brrenderersoftware16.cpp" />
		<Unit filename="../source/graphics/brrenderersoftware16.h" />
		<Unit filename="../source/graphics/brrenderersoftware8.cpp" />
		<Unit filename="../source/graphics/brrenderersoftware8.h" />
		<Unit filename="../source/graphics/brshape8bit.cpp" />
		<Unit filename="../source/graphics/brshape8bit.h" />
		<Unit filename="../source/graphics/brtexture.cpp" />
		<Unit filename="../source/graphics/brtexture.h" />
		<Unit filename="../source/graphics/brtextureopengl.cpp" />
		<Unit filename="../source/graphics/brtextureopengl.h" />
		<Unit filename="../source/graphics/brvertexbuffer.cpp" />
		<Unit filename="../source/graphics/brvertexbuffer.h" />
		<Unit filename="../source/graphics/brvertexbufferopengl.cpp" />
		<Unit filename="../source/graphics/brvertexbufferopengl.h" />
		<Unit filename="../source/graphics/effects/breffect.cpp" />
		<Unit filename="../source/graphics/effects/breffect.h" />
		<Unit filename="../source/graphics/effects/breffect2d.cpp" />
		<Unit filename="../source/graphics/effects/breffect2d.h" />
		<Unit filename="../source/graphics/effects/breffectpositiontexturecolor.cpp" />
		<Unit filename="../source/graphics/effects/breffectpositiontexturecolor.h" />
		<Unit filename="../source/graphics/effects/breffectstaticpositiontexture.cpp" />
		<Unit filename="../source/graphics/effects/breffectstaticpositiontexture.h" />
		<Unit filename="../source/graphics/effects/brshaders.cpp" />
		<Unit filename="../source/graphics/effects/brshaders.h" />
		<Unit filename="../source/graphics/shaders/brshader2dccolor.cpp" />
		<Unit filename="../source/graphics/shaders/brshader2dccolor.h" />
		<Unit filename="../source/graphics/shaders/brshader2dcolorvertex.cpp" />
		<Unit filename="../source/graphics/shaders/brshader2dcolorvertex.h" />
		<Unit filename="../source/graphics/shadersdx9/generated/pscclr4dx9.h" />
		<Unit filename="../source/graphics/shadersdx9/generated/pstex2clr4dx9.h" />
		<Unit filename="../source/graphics/shadersdx9/generated/pstexturecolordx9.h" />
		<Unit filename="../source/graphics/shadersdx9/generated/pstexturedx9.h" />
		<Unit filename="../source/graphics/shadersdx9/generated/vs20pos22ddx9.h" />
		<Unit filename="../source/graphics/shadersdx9/generated/vs20pos2tex2clr42ddx9.h" />
		<Unit filename="../source/graphics/shadersdx9/generated/vs20sprite2ddx9.h" />
		<Unit filename="../source/graphics/shadersdx9/generated/vsstaticpositiondx9.h" />
		<Unit filename="../source/graphics/shadersopengl/generated/pscclr4gl.h" />
		<Unit filename="../source/graphics/shadersopengl/generated/pstex2clr4gl.h" />
		<Unit filename="../source/graphics/shadersopengl/generated/pstexturecolorgl.h" />
		<Unit filename="../source/graphics/shadersopengl/generated/pstexturegl.h" />
		<Unit filename="../source/graphics/shadersopengl/generated/vs20pos22dgl.h" />
		<Unit filename="../source/graphics/shadersopengl/generated/vs20pos2tex2clr42dgl.h" />
		<Unit filename="../source/graphics/shadersopengl/generated/vs20sprite2dgl.h" />
		<Unit filename="../source/graphics/shadersopengl/generated/vsstaticpositiongl.h" />
		<Unit filename="../source/graphics/vulkan/brvulkanerrors.cpp" />
		<Unit filename="../source/graphics/vulkan/brvulkanerrors.h" />
		<Unit filename="../source/input/brjoypad.cpp" />
		<Unit filename="../source/input/brjoypad.h" />
		<Unit filename="../source/input/brkeyboard.cpp" />
		<Unit filename="../source/input/brkeyboard.h" />
		<Unit filename="../source/input/brmouse.cpp" />
		<Unit filename="../source/input/brmouse.h" />
		<Unit filename="../source/lowlevel/bralgorithm.cpp" />
		<Unit filename="../source/lowlevel/bralgorithm.h" />
		<Unit filename="../source/lowlevel/brargumenttype.cpp" />
		<Unit filename="../source/lowlevel/brargumenttype.h" />
		<Unit filename="../source/lowlevel/brarray.cpp" />
		<Unit filename="../source/lowlevel/brarray.h" />
		<Unit filename="../source/lowlevel/brassert.cpp" />
		<Unit filename="../source/lowlevel/brassert.h" />
		<Unit filename="../source/lowlevel/bratomic.cpp" />
		<Unit filename="../source/lowlevel/bratomic.h" />
		<Unit filename="../source/lowlevel/brautorepeat.cpp" />
		<Unit filename="../source/lowlevel/brautorepeat.h" />
		<Unit filename="../source/lowlevel/brbase.cpp" />
		<Unit filename="../source/lowlevel/brbase.h" />
		<Unit filename="../source/lowlevel/brcodelibrary.cpp" />
		<Unit filename="../source/lowlevel/brcodelibrary.h" />
		<Unit filename="../source/lowlevel/brcriticalsection.cpp" />
		<Unit filename="../source/lowlevel/brcriticalsection.h" />
		<Unit filename="../source/lowlevel/brdebug.cpp" />
		<Unit filename="../source/lowlevel/brdebug.h" />
		<Unit filename="../source/lowlevel/brdetectmultilaunch.cpp" />
		<Unit filename="../source/lowlevel/brdetectmultilaunch.h" />
		<Unit filename="../source/lowlevel/brdoublylinkedlist.cpp" />
		<Unit filename="../source/lowlevel/brdoublylinkedlist.h" />
		<Unit filename="../source/lowlevel/brendian.cpp" />
		<Unit filename="../source/lowlevel/brendian.h" />
		<Unit filename="../source/lowlevel/brerror.cpp" />
		<Unit filename="../source/lowlevel/brerror.h" />
		<Unit filename="../source/lowlevel/brglobals.cpp" />
		<Unit filename="../source/lowlevel/brglobals.h" />
		<Unit filename="../source/lowlevel/brgridindex.cpp" />
		<Unit filename="../source/lowlevel/brgridindex.h" />
		<Unit filename="../source/lowlevel/brguid.cpp" />
		<Unit filename="../source/lowlevel/brguid.h" />
		<Unit filename="../source/lowlevel/brintelcompiler.h" />
		<Unit filename="../source/lowlevel/brintrinsics.cpp" />
		<Unit filename="../source/lowlevel/brintrinsics.h" />
		<Unit filename="../source/lowlevel/brlastinfirstout.cpp" />
		<Unit filename="../source/lowlevel/brlastinfirstout.h" />
		<Unit filename="../source/lowlevel/brlinkedlistobject.cpp" />
		<Unit filename="../source/lowlevel/brlinkedlistobject.h" />
		<Unit filename="../source/lowlevel/brlinkedlistpointer.cpp" />
		<Unit filename="../source/lowlevel/brlinkedlistpointer.h" />
		<Unit filename="../source/lowlevel/brmacros.h" />
		<Unit filename="../source/lowlevel/brmetrowerks.h" />
		<Unit filename="../source/lowlevel/broscursor.cpp" />
		<Unit filename="../source/lowlevel/broscursor.h" />
		<Unit filename="../source/lowlevel/brpair.cpp" />
		<Unit filename="../source/lowlevel/brpair.h" />
		<Unit filename="../source/lowlevel/brperforce.cpp" />
		<Unit filename="../source/lowlevel/brperforce.h" />
		<Unit filename="../source/lowlevel/brqueue.cpp" />
		<Unit filename="../source/lowlevel/brqueue.h" />
		<Unit filename="../source/lowlevel/brrunqueue.cpp" />
		<Unit filename="../source/lowlevel/brrunqueue.h" />
		<Unit filename="../source/lowlevel/brsimplearray.cpp" />
		<Unit filename="../source/lowlevel/brsimplearray.h" />
		<Unit filename="../source/lowlevel/brsmartpointer.cpp" />
		<Unit filename="../source/lowlevel/brsmartpointer.h" />
		<Unit filename="../source/lowlevel/brsnsystems.h" />
		<Unit filename="../source/lowlevel/brstaticrtti.cpp" />
		<Unit filename="../source/lowlevel/brstaticrtti.h" />
		<Unit filename="../source/lowlevel/brstructs.cpp" />
		<Unit filename="../source/lowlevel/brstructs.h" />
		<Unit filename="../source/lowlevel/brtemplates.cpp" />
		<Unit filename="../source/lowlevel/brtemplates.h" />
		<Unit filename="../source/lowlevel/brthread.cpp" />
		<Unit filename="../source/lowlevel/brthread.h" />
		<Unit filename="../source/lowlevel/brtick.cpp" />
		<Unit filename="../source/lowlevel/brtick.h" />
		<Unit filename="../source/lowlevel/brtimedate.cpp" />
		<Unit filename="../source/lowlevel/brtimedate.h" />
		<Unit filename="../source/lowlevel/brtypes.cpp" />
		<Unit filename="../source/lowlevel/brtypes.h" />
		<Unit filename="../source/lowlevel/brvisualstudio.h" />
		<Unit filename="../source/lowlevel/brwatcom.h" />
		<Unit filename="../source/lowlevel/brxcode.h" />
		<Unit filename="../source/math/brearcliptriangulate.cpp" />
		<Unit filename="../source/math/brearcliptriangulate.h" />
		<Unit filename="../source/math/brfixedmatrix3d.cpp" />
		<Unit filename="../source/math/brfixedmatrix3d.h" />
		<Unit filename="../source/math/brfixedmatrix4d.cpp" />
		<Unit filename="../source/math/brfixedmatrix4d.h" />
		<Unit filename="../source/math/brfixedpoint.cpp" />
		<Unit filename="../source/math/brfixedpoint.h" />
		<Unit filename="../source/math/brfixedvector2d.cpp" />
		<Unit filename="../source/math/brfixedvector2d.h" />
		<Unit filename="../source/math/brfixedvector3d.cpp" />
		<Unit filename="../source/math/brfixedvector3d.h" />
		<Unit filename="../source/math/brfixedvector4d.cpp" />
		<Unit filename="../source/math/brfixedvector4d.h" />
		<Unit filename="../source/math/brfloatingpoint.cpp" />
		<Unit filename="../source/math/brfloatingpoint.h" />
		<Unit filename="../source/math/brfphalf.cpp" />
		<Unit filename="../source/math/brfphalf.h" />
		<Unit filename="../source/math/brfpinfo.cpp" />
		<Unit filename="../source/math/brfpinfo.h" />
		<Unit filename="../source/math/brfplargeint.cpp" />
		<Unit filename="../source/math/brfplargeint.h" />
		<Unit filename="../source/math/brfpprintinfo.cpp" />
		<Unit filename="../source/math/brfpprintinfo.h" />
		<Unit filename="../source/math/brmatrix3d.cpp" />
		<Unit filename="../source/math/brmatrix3d.h" />
		<Unit filename="../source/math/brmatrix4d.cpp" />
		<Unit filename="../source/math/brmatrix4d.h" />
		<Unit filename="../source/math/brsinecosine.cpp" />
		<Unit filename="../source/math/brvector2d.cpp" />
		<Unit filename="../source/math/brvector2d.h" />
		<Unit filename="../source/math/brvector3d.cpp" />
		<Unit filename="../source/math/brvector3d.h" />
		<Unit filename="../source/math/brvector4d.cpp" />
		<Unit filename="../source/math/brvector4d.h" />
		<Unit filename="../source/memory/brglobalmemorymanager.cpp" />
		<Unit filename="../source/memory/brglobalmemorymanager.h" />
		<Unit filename="../source/memory/brmemoryhandle.cpp" />
		<Unit filename="../source/memory/brmemoryhandle.h" />
		<Unit filename="../source/memory/brmemorymanager.cpp" />
		<Unit filename="../source/memory/brmemorymanager.h" />
		<Unit filename="../source/platforms/windows/brcodelibrarywindows.cpp" />
		<Unit filename="../source/platforms/windows/brconsolemanagerwindows.cpp" />
		<Unit filename="../source/platforms/windows/brcriticalsectionwindows.cpp" />
		<Unit filename="../source/platforms/windows/brdebugwindows.cpp" />
		<Unit filename="../source/platforms/windows/brdetectmultilaunchwindows.cpp" />
		<Unit filename="../source/platforms/windows/brdirectorysearchwindows.cpp" />
		<Unit filename="../source/platforms/windows/brdisplaybasewindows.cpp" />
		<Unit filename="../source/platforms/windows/brdisplaydib.h" />
		<Unit filename="../source/platforms/windows/brdisplaydibsoftware8.h" />
		<Unit filename="../source/platforms/windows/brdisplaydibsoftware8windows.cpp" />
		<Unit filename="../source/platforms/windows/brdisplaydibwindows.cpp" />
		<Unit filename="../source/platforms/windows/brdisplaydirectx11.h" />
		<Unit filename="../source/platforms/windows/brdisplaydirectx11windows.cpp" />
		<Unit filename="../source/platforms/windows/brdisplaydirectx9.h" />
		<Unit filename="../source/platforms/windows/brdisplaydirectx9software8.h" />
		<Unit filename="../source/platforms/windows/brdisplaydirectx9software8windows.cpp" />
		<Unit filename="../source/platforms/windows/brdisplaydirectx9windows.cpp" />
		<Unit filename="../source/platforms/windows/brdisplayopenglwindows.cpp" />
		<Unit filename="../source/platforms/windows/brfilemanagerwindows.cpp" />
		<Unit filename="../source/platforms/windows/brfilenamewindows.cpp" />
		<Unit filename="../source/platforms/windows/brfilewindows.cpp" />
		<Unit filename="../source/platforms/windows/brglobalsshimswindows.cpp" />
		<Unit filename="../source/platforms/windows/brglobalswindows.cpp" />
		<Unit filename="../source/platforms/windows/brguidwindows.cpp" />
		<Unit filename="../source/platforms/windows/brjoypadwindows.cpp" />
		<Unit filename="../source/platforms/windows/brkeyboardwindows.cpp" />
		<Unit filename="../source/platforms/windows/brmemorymanagerwindows.cpp" />
		<Unit filename="../source/platforms/windows/brmousewindows.cpp" />
		<Unit filename="../source/platforms/windows/broscursorwindows.cpp" />
		<Unit filename="../source/platforms/windows/brosstringfunctionswindows.cpp" />
		<Unit filename="../source/platforms/windows/brperforcewindows.cpp" />
		<Unit filename="../source/platforms/windows/brpoint2dwindows.cpp" />
		<Unit filename="../source/platforms/windows/brrectwindows.cpp" />
		<Unit filename="../source/platforms/windows/brsequencerwindows.cpp" />
		<Unit filename="../source/platforms/windows/brsoundwindows.cpp" />
		<Unit filename="../source/platforms/windows/brstartup.h" />
		<Unit filename="../source/platforms/windows/brstdouthelperswindows.cpp" />
		<Unit filename="../source/platforms/windows/brtexturedirectx9.cpp" />
		<Unit filename="../source/platforms/windows/brtexturedirectx9.h" />
		<Unit filename="../source/platforms/windows/brthreadwindows.cpp" />
		<Unit filename="../source/platforms/windows/brtickwindows.cpp" />
		<Unit filename="../source/platforms/windows/brtimedatewindows.cpp" />
		<Unit filename="../source/platforms/windows/brvertexbufferdirectx9.h" />
		<Unit filename="../source/platforms/windows/brvertexbufferdirextx9.cpp" />
		<Unit filename="../source/platforms/windows/brwindowsapp.cpp" />
		<Unit filename="../source/platforms/windows/brwindowstypes.h" />
		<Unit filename="../source/platforms/windows/generated/ps20display8bitdx9.h" />
		<Unit filename="../source/platforms/windows/win_d3d11.cpp" />
		<Unit filename="../source/platforms/windows/win_d3d11.h" />
		<Unit filename="../source/platforms/windows/win_d3d9.cpp" />
		<Unit filename="../source/platforms/windows/win_d3d9.h" />
		<Unit filename="../source/platforms/windows/win_ddraw.cpp" />
		<Unit filename="../source/platforms/windows/win_ddraw.h" />
		<Unit filename="../source/platforms/windows/win_dinput.cpp" />
		<Unit filename="../source/platforms/windows/win_dinput.h" />
		<Unit filename="../source/platforms/windows/win_directxdata.cpp" />
		<Unit filename="../source/platforms/windows/win_directxdata.h" />
		<Unit filename="../source/platforms/windows/win_dplay.cpp" />
		<Unit filename="../source/platforms/windows/win_dplay.h" />
		<Unit filename="../source/platforms/windows/win_dsound.cpp" />
		<Unit filename="../source/platforms/windows/win_dsound.h" />
		<Unit filename="../source/platforms/windows/win_error.cpp" />
		<Unit filename="../source/platforms/windows/win_error.h" />
		<Unit filename="../source/platforms/windows/win_globals.cpp" />
		<Unit filename="../source/platforms/windows/win_globals.h" />
		<Unit filename="../source/platforms/windows/win_hid.cpp" />
		<Unit filename="../source/platforms/windows/win_hid.h" />
		<Unit filename="../source/platforms/windows/win_kernel32.cpp" />
		<Unit filename="../source/platforms/windows/win_kernel32.h" />
		<Unit filename="../source/platforms/windows/win_launcher.cpp" />
		<Unit filename="../source/platforms/windows/win_launcher.h" />
		<Unit filename="../source/platforms/windows/win_loadlibrary.cpp" />
		<Unit filename="../source/platforms/windows/win_loadlibrary.h" />
		<Unit filename="../source/platforms/windows/win_memorymanager.cpp" />
		<Unit filename="../source/platforms/windows/win_memorymanager.h" />
		<Unit filename="../source/platforms/windows/win_platformshims.cpp" />
		<Unit filename="../source/platforms/windows/win_platformshims.h" />
		<Unit filename="../source/platforms/windows/win_registry.cpp" />
		<Unit filename="../source/platforms/windows/win_registry.h" />
		<Unit filename="../source/platforms/windows/win_rpcrt4.cpp" />
		<Unit filename="../source/platforms/windows/win_rpcrt4.h" />
		<Unit filename="../source/platforms/windows/win_setupapi.cpp" />
		<Unit filename="../source/platforms/windows/win_setupapi.h" />
		<Unit filename="../source/platforms/windows/win_shell32.cpp" />
		<Unit filename="../source/platforms/windows/win_shell32.h" />
		<Unit filename="../source/platforms/windows/win_shlwapi.cpp" />
		<Unit filename="../source/platforms/windows/win_shlwapi.h" />
		<Unit filename="../source/platforms/windows/win_types.h" />
		<Unit filename="../source/platforms/windows/win_user32.cpp" />
		<Unit filename="../source/platforms/windows/win_user32.h" />
		<Unit filename="../source/platforms/windows/win_version.cpp" />
		<Unit filename="../source/platforms/windows/win_version.h" />
		<Unit filename="../source/platforms/windows/win_windows.h" />
		<Unit filename="../source/platforms/windows/win_winmm.cpp" />
		<Unit filename="../source/platforms/windows/win_winmm.h" />
		<Unit filename="../source/platforms/windows/win_winutils.cpp" />
		<Unit filename="../source/platforms/windows/win_winutils.h" />
		<Unit filename="../source/platforms/windows/win_xinput.cpp" />
		<Unit filename="../source/platforms/windows/win_xinput.h" />
		<Unit filename="../source/random/brmersennetwist.cpp" />
		<Unit filename="../source/random/brmersennetwist.h" />
		<Unit filename="../source/random/brrandom.cpp" />
		<Unit filename="../source/random/brrandom.h" />
		<Unit filename="../source/random/brrandombase.cpp" />
		<Unit filename="../source/random/brrandombase.h" />
		<Unit filename="../source/templateburgerbase.h" />
		<Unit filename="../source/templatelinux.h" />
		<Unit filename="../source/templatemac.h" />
		<Unit filename="../source/templateunix.h" />
		<Unit filename="../source/templatewindows.h" />
		<Unit filename="../source/text/brasciito.cpp" />
		<Unit filename="../source/text/brasciito.h" />
		<Unit filename="../source/text/brcodepage.cpp" />
		<Unit filename="../source/text/brcodepage.h" />
		<Unit filename="../source/text/brisolatin1.cpp" />
		<Unit filename="../source/text/brisolatin1.h" />
		<Unit filename="../source/text/brlocalization.cpp" />
		<Unit filename="../source/text/brlocalization.h" />
		<Unit filename="../source/text/brmacromanus.cpp" />
		<Unit filename="../source/text/brmacromanus.h" />
		<Unit filename="../source/text/brmemoryfunctions.cpp" />
		<Unit filename="../source/text/brmemoryfunctions.h" />
		<Unit filename="../source/text/brnumberstring.cpp" />
		<Unit filename="../source/text/brnumberstring.h" />
		<Unit filename="../source/text/brnumberstringhex.cpp" />
		<Unit filename="../source/text/brnumberstringhex.h" />
		<Unit filename="../source/text/brnumberto.cpp" />
		<Unit filename="../source/text/brnumberto.h" />
		<Unit filename="../source/text/brosstringfunctions.cpp" />
		<Unit filename="../source/text/brosstringfunctions.h" />
		<Unit filename="../source/text/brprintf.cpp" />
		<Unit filename="../source/text/brprintf.h" />
		<Unit filename="../source/text/brsimplestring.cpp" />
		<Unit filename="../source/text/brsimplestring.h" />
		<Unit filename="../source/text/brstring.cpp" />
		<Unit filename="../source/text/brstring.h" />
		<Unit filename="../source/text/brstring16.cpp" />
		<Unit filename="../source/text/brstring16.h" />
		<Unit filename="../source/text/brstringfunctions.cpp" />
		<Unit filename="../source/text/brstringfunctions.h" />
		<Unit filename="../source/text/brutf16.cpp" />
		<Unit filename="../source/text/brutf16.h" />
		<Unit filename="../source/text/brutf32.cpp" />
		<Unit filename="../source/text/brutf32.h" />
		<Unit filename="../source/text/brutf8.cpp" />
		<Unit filename="../source/text/brutf8.h" />
		<Unit filename="../source/text/brwin1252.cpp" />
		<Unit filename="../source/text/brwin1252.h" />
		<Unit filename="../source/text/brwin437.cpp" />
		<Unit filename="../source/text/brwin437.h" />
		<Extensions>
			<code_completion />
			<envvars />
			<debugger />
		</Extensions>
	</Project>
</CodeBlocks_project_file>
