
Microsoft Visual Studio Solution File, Format Version 12.00
# Visual Studio 14
VisualStudioVersion = 14.0.25123.0
MinimumVisualStudioVersion = 10.0.40219.1
Project("{8BC9CEB8-8B4A-11D0-8D11-00A0C91BC942}") = "burger", "burgerv15wiu.vcxproj", "{7DAFFE88-2CD3-3AF5-BC3E-8F3BAA7F278A}"
EndProject
Global
	GlobalSection(SolutionConfigurationPlatforms) = preSolution
		Debug|Cafe = Debug|Cafe
		Internal|Cafe = Internal|Cafe
		Release|Cafe = Release|Cafe
	EndGlobalSection
	GlobalSection(ProjectConfigurationPlatforms) = postSolution
		{7DAFFE88-2CD3-3AF5-BC3E-8F3BAA7F278A}.Debug|Cafe.ActiveCfg = Debug|Cafe
		{7DAFFE88-2CD3-3AF5-BC3E-8F3BAA7F278A}.Debug|Cafe.Build.0 = Debug|Cafe
		{7DAFFE88-2CD3-3AF5-BC3E-8F3BAA7F278A}.Internal|Cafe.ActiveCfg = Internal|Cafe
		{7DAFFE88-2CD3-3AF5-BC3E-8F3BAA7F278A}.Internal|Cafe.Build.0 = Internal|Cafe
		{7DAFFE88-2CD3-3AF5-BC3E-8F3BAA7F278A}.Release|Cafe.ActiveCfg = Release|Cafe
		{7DAFFE88-2CD3-3AF5-BC3E-8F3BAA7F278A}.Release|Cafe.Build.0 = Release|Cafe
	EndGlobalSection
	GlobalSection(SolutionProperties) = preSolution
		HideSolutionNode = FALSE
	EndGlobalSection
EndGlobal
