
Microsoft Visual Studio Solution File, Format Version 12.00
# Visual Studio 15
VisualStudioVersion = 15.0.28307.645
MinimumVisualStudioVersion = 10.0.40219.1
Project("{8BC9CEB8-8B4A-11D0-8D11-00A0C91BC942}") = "burger", "burgerv17one.vcxproj", "{6C6935C8-E035-3B18-A6A8-166748D9E5B6}"
EndProject
Global
	GlobalSection(SolutionConfigurationPlatforms) = preSolution
		Debug|Durango = Debug|Durango
		Internal|Durango = Internal|Durango
		Release|Durango = Release|Durango
	EndGlobalSection
	GlobalSection(ProjectConfigurationPlatforms) = postSolution
		{6C6935C8-E035-3B18-A6A8-166748D9E5B6}.Debug|Durango.ActiveCfg = Debug|Durango
		{6C6935C8-E035-3B18-A6A8-166748D9E5B6}.Debug|Durango.Build.0 = Debug|Durango
		{6C6935C8-E035-3B18-A6A8-166748D9E5B6}.Internal|Durango.ActiveCfg = Internal|Durango
		{6C6935C8-E035-3B18-A6A8-166748D9E5B6}.Internal|Durango.Build.0 = Internal|Durango
		{6C6935C8-E035-3B18-A6A8-166748D9E5B6}.Release|Durango.ActiveCfg = Release|Durango
		{6C6935C8-E035-3B18-A6A8-166748D9E5B6}.Release|Durango.Build.0 = Release|Durango
	EndGlobalSection
	GlobalSection(SolutionProperties) = preSolution
		HideSolutionNode = FALSE
	EndGlobalSection
	GlobalSection(ExtensibilityGlobals) = postSolution
		SolutionGuid = {DD9C6A72-2C1C-45F2-9450-8BE7001FEE33}
	EndGlobalSection
EndGlobal
