<?xml version="1.0" encoding="utf-8"?>
<Project ToolsVersion="4.0" xmlns="http://schemas.microsoft.com/developer/msbuild/2003">
  <ItemGroup>
    <ClInclude Include="..\source\ansi\brcapturestdout.h">
      <Filter>source\ansi</Filter>
    </ClInclude>
    <ClInclude Include="..\source\ansi\brfileansihelpers.h">
      <Filter>source\ansi</Filter>
    </ClInclude>
    <ClInclude Include="..\source\ansi\brmemoryansi.h">
      <Filter>source\ansi</Filter>
    </ClInclude>
    <ClInclude Include="..\source\ansi\brstdouthelpers.h">
      <Filter>source\ansi</Filter>
    </ClInclude>
    <ClInclude Include="..\source\audio\bralaw.h">
      <Filter>source\audio</Filter>
    </ClInclude>
    <ClInclude Include="..\source\audio\brimportit.h">
      <Filter>source\audio</Filter>
    </ClInclude>
    <ClInclude Include="..\source\audio\brimports3m.h">
      <Filter>source\audio</Filter>
    </ClInclude>
    <ClInclude Include="..\source\audio\brimportxm.h">
      <Filter>source\audio</Filter>
    </ClInclude>
    <ClInclude Include="..\source\audio\brmace.h">
      <Filter>source\audio</Filter>
    </ClInclude>
    <ClInclude Include="..\source\audio\brmicrosoftadpcm.h">
      <Filter>source\audio</Filter>
    </ClInclude>
    <ClInclude Include="..\source\audio\brsequencer.h">
      <Filter>source\audio</Filter>
    </ClInclude>
    <ClInclude Include="..\source\audio\brsound.h">
      <Filter>source\audio</Filter>
    </ClInclude>
    <ClInclude Include="..\source\audio\brsoundbufferrez.h">
      <Filter>source\audio</Filter>
    </ClInclude>
    <ClInclude Include="..\source\audio\brsounddecompress.h">
      <Filter>source\audio</Filter>
    </ClInclude>
    <ClInclude Include="..\source\audio\brulaw.h">
      <Filter>source\audio</Filter>
    </ClInclude>
    <ClInclude Include="..\source\brgl.h">
      <Filter>source</Filter>
    </ClInclude>
    <ClInclude Include="..\source\brglext.h">
      <Filter>source</Filter>
    </ClInclude>
    <ClInclude Include="..\source\brglut.h">
      <Filter>source</Filter>
    </ClInclude>
    <ClInclude Include="..\source\brglxext.h">
      <Filter>source</Filter>
    </ClInclude>
    <ClInclude Include="..\source\brstdint.h">
      <Filter>source</Filter>
    </ClInclude>
    <ClInclude Include="..\source\commandline\brcommandparameter.h">
      <Filter>source\commandline</Filter>
    </ClInclude>
    <ClInclude Include="..\source\commandline\brcommandparameterbooltrue.h">
      <Filter>source\commandline</Filter>
    </ClInclude>
    <ClInclude Include="..\source\commandline\brcommandparameterstring.h">
      <Filter>source\commandline</Filter>
    </ClInclude>
    <ClInclude Include="..\source\commandline\brcommandparameterwordptr.h">
      <Filter>source\commandline</Filter>
    </ClInclude>
    <ClInclude Include="..\source\commandline\brconsolemanager.h">
      <Filter>source\commandline</Filter>
    </ClInclude>
    <ClInclude Include="..\source\commandline\brgameapp.h">
      <Filter>source\commandline</Filter>
    </ClInclude>
    <ClInclude Include="..\source\compression\bradler16.h">
      <Filter>source\compression</Filter>
    </ClInclude>
    <ClInclude Include="..\source\compression\bradler32.h">
      <Filter>source\compression</Filter>
    </ClInclude>
    <ClInclude Include="..\source\compression\brcompress.h">
      <Filter>source\compression</Filter>
    </ClInclude>
    <ClInclude Include="..\source\compression\brcompressdeflate.h">
      <Filter>source\compression</Filter>
    </ClInclude>
    <ClInclude Include="..\source\compression\brcompresslbmrle.h">
      <Filter>source\compression</Filter>
    </ClInclude>
    <ClInclude Include="..\source\compression\brcompresslzss.h">
      <Filter>source\compression</Filter>
    </ClInclude>
    <ClInclude Include="..\source\compression\brcrc16.h">
      <Filter>source\compression</Filter>
    </ClInclude>
    <ClInclude Include="..\source\compression\brcrc32.h">
      <Filter>source\compression</Filter>
    </ClInclude>
    <ClInclude Include="..\source\compression\brdecompress.h">
      <Filter>source\compression</Filter>
    </ClInclude>
    <ClInclude Include="..\source\compression\brdecompressdeflate.h">
      <Filter>source\compression</Filter>
    </ClInclude>
    <ClInclude Include="..\source\compression\brdecompresslbmrle.h">
      <Filter>source\compression</Filter>
    </ClInclude>
    <ClInclude Include="..\source\compression\brdecompresslzss.h">
      <Filter>source\compression</Filter>
    </ClInclude>
    <ClInclude Include="..\source\compression\brdjb2hash.h">
      <Filter>source\compression</Filter>
    </ClInclude>
    <ClInclude Include="..\source\compression\brdxt1.h">
      <Filter>source\compression</Filter>
    </ClInclude>
    <ClInclude Include="..\source\compression\brdxt3.h">
      <Filter>source\compression</Filter>
    </ClInclude>
    <ClInclude Include="..\source\compression\brdxt5.h">
      <Filter>source\compression</Filter>
    </ClInclude>
    <ClInclude Include="..\source\compression\brgost.h">
      <Filter>source\compression</Filter>
    </ClInclude>
    <ClInclude Include="..\source\compression\brhashmap.h">
      <Filter>source\compression</Filter>
    </ClInclude>
    <ClInclude Include="..\source\compression\brmd2.h">
      <Filter>source\compression</Filter>
    </ClInclude>
    <ClInclude Include="..\source\compression\brmd4.h">
      <Filter>source\compression</Filter>
    </ClInclude>
    <ClInclude Include="..\source\compression\brmd5.h">
      <Filter>source\compression</Filter>
    </ClInclude>
    <ClInclude Include="..\source\compression\brpackfloat.h">
      <Filter>source\compression</Filter>
    </ClInclude>
    <ClInclude Include="..\source\compression\brsdbmhash.h">
      <Filter>source\compression</Filter>
    </ClInclude>
    <ClInclude Include="..\source\compression\brsha1.h">
      <Filter>source\compression</Filter>
    </ClInclude>
    <ClInclude Include="..\source\compression\brunpackbytes.h">
      <Filter>source\compression</Filter>
    </ClInclude>
    <ClInclude Include="..\source\file\brdirectorysearch.h">
      <Filter>source\file</Filter>
    </ClInclude>
    <ClInclude Include="..\source\file\brfile.h">
      <Filter>source\file</Filter>
    </ClInclude>
    <ClInclude Include="..\source\file\brfileapf.h">
      <Filter>source\file</Filter>
    </ClInclude>
    <ClInclude Include="..\source\file\brfilebmp.h">
      <Filter>source\file</Filter>
    </ClInclude>
    <ClInclude Include="..\source\file\brfiledds.h">
      <Filter>source\file</Filter>
    </ClInclude>
    <ClInclude Include="..\source\file\brfilegif.h">
      <Filter>source\file</Filter>
    </ClInclude>
    <ClInclude Include="..\source\file\brfileini.h">
      <Filter>source\file</Filter>
    </ClInclude>
    <ClInclude Include="..\source\file\brfilelbm.h">
      <Filter>source\file</Filter>
    </ClInclude>
    <ClInclude Include="..\source\file\brfilemanager.h">
      <Filter>source\file</Filter>
    </ClInclude>
    <ClInclude Include="..\source\file\brfilemp3.h">
      <Filter>source\file</Filter>
    </ClInclude>
    <ClInclude Include="..\source\file\brfilename.h">
      <Filter>source\file</Filter>
    </ClInclude>
    <ClInclude Include="..\source\file\brfilepcx.h">
      <Filter>source\file</Filter>
    </ClInclude>
    <ClInclude Include="..\source\file\brfilepng.h">
      <Filter>source\file</Filter>
    </ClInclude>
    <ClInclude Include="..\source\file\brfiletga.h">
      <Filter>source\file</Filter>
    </ClInclude>
    <ClInclude Include="..\source\file\brfilexml.h">
      <Filter>source\file</Filter>
    </ClInclude>
    <ClInclude Include="..\source\file\brinputmemorystream.h">
      <Filter>source\file</Filter>
    </ClInclude>
    <ClInclude Include="..\source\file\broutputmemorystream.h">
      <Filter>source\file</Filter>
    </ClInclude>
    <ClInclude Include="..\source\file\brrezfile.h">
      <Filter>source\file</Filter>
    </ClInclude>
    <ClInclude Include="..\source\flashplayer\brflashaction.h">
      <Filter>source\flashplayer</Filter>
    </ClInclude>
    <ClInclude Include="..\source\flashplayer\brflashactionvalue.h">
      <Filter>source\flashplayer</Filter>
    </ClInclude>
    <ClInclude Include="..\source\flashplayer\brflashavm2.h">
      <Filter>source\flashplayer</Filter>
    </ClInclude>
    <ClInclude Include="..\source\flashplayer\brflashcolortransform.h">
      <Filter>source\flashplayer</Filter>
    </ClInclude>
    <ClInclude Include="..\source\flashplayer\brflashdisasmactionscript.h">
      <Filter>source\flashplayer</Filter>
    </ClInclude>
    <ClInclude Include="..\source\flashplayer\brflashmanager.h">
      <Filter>source\flashplayer</Filter>
    </ClInclude>
    <ClInclude Include="..\source\flashplayer\brflashmatrix23.h">
      <Filter>source\flashplayer</Filter>
    </ClInclude>
    <ClInclude Include="..\source\flashplayer\brflashrect.h">
      <Filter>source\flashplayer</Filter>
    </ClInclude>
    <ClInclude Include="..\source\flashplayer\brflashrgba.h">
      <Filter>source\flashplayer</Filter>
    </ClInclude>
    <ClInclude Include="..\source\flashplayer\brflashstream.h">
      <Filter>source\flashplayer</Filter>
    </ClInclude>
    <ClInclude Include="..\source\flashplayer\brflashutils.h">
      <Filter>source\flashplayer</Filter>
    </ClInclude>
    <ClInclude Include="..\source\generated\version.h">
      <Filter>source\generated</Filter>
    </ClInclude>
    <ClInclude Include="..\source\graphics\brdisplay.h">
      <Filter>source\graphics</Filter>
    </ClInclude>
    <ClInclude Include="..\source\graphics\brdisplayobject.h">
      <Filter>source\graphics</Filter>
    </ClInclude>
    <ClInclude Include="..\source\graphics\brdisplayopengl.h">
      <Filter>source\graphics</Filter>
    </ClInclude>
    <ClInclude Include="..\source\graphics\brdisplayopenglsoftware8.h">
      <Filter>source\graphics</Filter>
    </ClInclude>
    <ClInclude Include="..\source\graphics\brfont.h">
      <Filter>source\graphics</Filter>
    </ClInclude>
    <ClInclude Include="..\source\graphics\brfont4bit.h">
      <Filter>source\graphics</Filter>
    </ClInclude>
    <ClInclude Include="..\source\graphics\brimage.h">
      <Filter>source\graphics</Filter>
    </ClInclude>
    <ClInclude Include="..\source\graphics\brpalette.h">
      <Filter>source\graphics</Filter>
    </ClInclude>
    <ClInclude Include="..\source\graphics\brpoint2d.h">
      <Filter>source\graphics</Filter>
    </ClInclude>
    <ClInclude Include="..\source\graphics\brrect.h">
      <Filter>source\graphics</Filter>
    </ClInclude>
    <ClInclude Include="..\source\graphics\brrenderer.h">
      <Filter>source\graphics</Filter>
    </ClInclude>
    <ClInclude Include="..\source\graphics\brrenderersoftware16.h">
      <Filter>source\graphics</Filter>
    </ClInclude>
    <ClInclude Include="..\source\graphics\brrenderersoftware8.h">
      <Filter>source\graphics</Filter>
    </ClInclude>
    <ClInclude Include="..\source\graphics\brshape8bit.h">
      <Filter>source\graphics</Filter>
    </ClInclude>
    <ClInclude Include="..\source\graphics\brtexture.h">
      <Filter>source\graphics</Filter>
    </ClInclude>
    <ClInclude Include="..\source\graphics\brtextureopengl.h">
      <Filter>source\graphics</Filter>
    </ClInclude>
    <ClInclude Include="..\source\graphics\brvertexbuffer.h">
      <Filter>source\graphics</Filter>
    </ClInclude>
    <ClInclude Include="..\source\graphics\brvertexbufferopengl.h">
      <Filter>source\graphics</Filter>
    </ClInclude>
    <ClInclude Include="..\source\graphics\effects\breffect.h">
      <Filter>source\graphics\effects</Filter>
    </ClInclude>
    <ClInclude Include="..\source\graphics\effects\breffect2d.h">
      <Filter>source\graphics\effects</Filter>
    </ClInclude>
    <ClInclude Include="..\source\graphics\effects\breffectpositiontexturecolor.h">
      <Filter>source\graphics\effects</Filter>
    </ClInclude>
    <ClInclude Include="..\source\graphics\effects\breffectstaticpositiontexture.h">
      <Filter>source\graphics\effects</Filter>
    </ClInclude>
    <ClInclude Include="..\source\graphics\effects\brshaders.h">
      <Filter>source\graphics\effects</Filter>
    </ClInclude>
    <ClInclude Include="..\source\graphics\shaders\brshader2dccolor.h">
      <Filter>source\graphics\shaders</Filter>
    </ClInclude>
    <ClInclude Include="..\source\graphics\shaders\brshader2dcolorvertex.h">
      <Filter>source\graphics\shaders</Filter>
    </ClInclude>
    <ClInclude Include="..\source\graphics\shadersxbox360\generated\pscclr4360.h">
      <Filter>source\graphics\shadersxbox360\generated</Filter>
    </ClInclude>
    <ClInclude Include="..\source\graphics\shadersxbox360\generated\pstex2clr4360.h">
      <Filter>source\graphics\shadersxbox360\generated</Filter>
    </ClInclude>
    <ClInclude Include="..\source\graphics\shadersxbox360\generated\pstexture360.h">
      <Filter>source\graphics\shadersxbox360\generated</Filter>
    </ClInclude>
    <ClInclude Include="..\source\graphics\shadersxbox360\generated\pstexturecolor360.h">
      <Filter>source\graphics\shadersxbox360\generated</Filter>
    </ClInclude>
    <ClInclude Include="..\source\graphics\shadersxbox360\generated\vs20pos22d360.h">
      <Filter>source\graphics\shadersxbox360\generated</Filter>
    </ClInclude>
    <ClInclude Include="..\source\graphics\shadersxbox360\generated\vs20pos2tex2clr42d360.h">
      <Filter>source\graphics\shadersxbox360\generated</Filter>
    </ClInclude>
    <ClInclude Include="..\source\graphics\shadersxbox360\generated\vs20sprite2d360.h">
      <Filter>source\graphics\shadersxbox360\generated</Filter>
    </ClInclude>
    <ClInclude Include="..\source\graphics\shadersxbox360\generated\vsstaticposition360.h">
      <Filter>source\graphics\shadersxbox360\generated</Filter>
    </ClInclude>
    <ClInclude Include="..\source\input\brjoypad.h">
      <Filter>source\input</Filter>
    </ClInclude>
    <ClInclude Include="..\source\input\brkeyboard.h">
      <Filter>source\input</Filter>
    </ClInclude>
    <ClInclude Include="..\source\input\brmouse.h">
      <Filter>source\input</Filter>
    </ClInclude>
    <ClInclude Include="..\source\lowlevel\bralgorithm.h">
      <Filter>source\lowlevel</Filter>
    </ClInclude>
    <ClInclude Include="..\source\lowlevel\brargumenttype.h">
      <Filter>source\lowlevel</Filter>
    </ClInclude>
    <ClInclude Include="..\source\lowlevel\brarray.h">
      <Filter>source\lowlevel</Filter>
    </ClInclude>
    <ClInclude Include="..\source\lowlevel\brassert.h">
      <Filter>source\lowlevel</Filter>
    </ClInclude>
    <ClInclude Include="..\source\lowlevel\bratomic.h">
      <Filter>source\lowlevel</Filter>
    </ClInclude>
    <ClInclude Include="..\source\lowlevel\brautorepeat.h">
      <Filter>source\lowlevel</Filter>
    </ClInclude>
    <ClInclude Include="..\source\lowlevel\brbase.h">
      <Filter>source\lowlevel</Filter>
    </ClInclude>
    <ClInclude Include="..\source\lowlevel\brcodelibrary.h">
      <Filter>source\lowlevel</Filter>
    </ClInclude>
    <ClInclude Include="..\source\lowlevel\brconditionvariable.h">
      <Filter>source\lowlevel</Filter>
    </ClInclude>
    <ClInclude Include="..\source\lowlevel\brdebug.h">
      <Filter>source\lowlevel</Filter>
    </ClInclude>
    <ClInclude Include="..\source\lowlevel\brdetectmultilaunch.h">
      <Filter>source\lowlevel</Filter>
    </ClInclude>
    <ClInclude Include="..\source\lowlevel\brdoublelinkedlist.h">
      <Filter>source\lowlevel</Filter>
    </ClInclude>
    <ClInclude Include="..\source\lowlevel\brendian.h">
      <Filter>source\lowlevel</Filter>
    </ClInclude>
    <ClInclude Include="..\source\lowlevel\brerror.h">
      <Filter>source\lowlevel</Filter>
    </ClInclude>
    <ClInclude Include="..\source\lowlevel\brglobals.h">
      <Filter>source\lowlevel</Filter>
    </ClInclude>
    <ClInclude Include="..\source\lowlevel\brgridindex.h">
      <Filter>source\lowlevel</Filter>
    </ClInclude>
    <ClInclude Include="..\source\lowlevel\brguid.h">
      <Filter>source\lowlevel</Filter>
    </ClInclude>
    <ClInclude Include="..\source\lowlevel\brintelcompiler.h">
      <Filter>source\lowlevel</Filter>
    </ClInclude>
    <ClInclude Include="..\source\lowlevel\brintrinsics.h">
      <Filter>source\lowlevel</Filter>
    </ClInclude>
    <ClInclude Include="..\source\lowlevel\brlastinfirstout.h">
      <Filter>source\lowlevel</Filter>
    </ClInclude>
    <ClInclude Include="..\source\lowlevel\brlinkedlistobject.h">
      <Filter>source\lowlevel</Filter>
    </ClInclude>
    <ClInclude Include="..\source\lowlevel\brlinkedlistpointer.h">
      <Filter>source\lowlevel</Filter>
    </ClInclude>
    <ClInclude Include="..\source\lowlevel\brmacros.h">
      <Filter>source\lowlevel</Filter>
    </ClInclude>
    <ClInclude Include="..\source\lowlevel\brmetrowerks.h">
      <Filter>source\lowlevel</Filter>
    </ClInclude>
    <ClInclude Include="..\source\lowlevel\brmutex.h">
      <Filter>source\lowlevel</Filter>
    </ClInclude>
    <ClInclude Include="..\source\lowlevel\broscursor.h">
      <Filter>source\lowlevel</Filter>
    </ClInclude>
    <ClInclude Include="..\source\lowlevel\brpair.h">
      <Filter>source\lowlevel</Filter>
    </ClInclude>
    <ClInclude Include="..\source\lowlevel\brperforce.h">
      <Filter>source\lowlevel</Filter>
    </ClInclude>
    <ClInclude Include="..\source\lowlevel\brqueue.h">
      <Filter>source\lowlevel</Filter>
    </ClInclude>
    <ClInclude Include="..\source\lowlevel\brrunqueue.h">
      <Filter>source\lowlevel</Filter>
    </ClInclude>
    <ClInclude Include="..\source\lowlevel\brsemaphore.h">
      <Filter>source\lowlevel</Filter>
    </ClInclude>
    <ClInclude Include="..\source\lowlevel\brsimplearray.h">
      <Filter>source\lowlevel</Filter>
    </ClInclude>
    <ClInclude Include="..\source\lowlevel\brsmartpointer.h">
      <Filter>source\lowlevel</Filter>
    </ClInclude>
    <ClInclude Include="..\source\lowlevel\brsnsystems.h">
      <Filter>source\lowlevel</Filter>
    </ClInclude>
    <ClInclude Include="..\source\lowlevel\brstaticrtti.h">
      <Filter>source\lowlevel</Filter>
    </ClInclude>
    <ClInclude Include="..\source\lowlevel\brstructs.h">
      <Filter>source\lowlevel</Filter>
    </ClInclude>
    <ClInclude Include="..\source\lowlevel\brtemplates.h">
      <Filter>source\lowlevel</Filter>
    </ClInclude>
    <ClInclude Include="..\source\lowlevel\brthread.h">
      <Filter>source\lowlevel</Filter>
    </ClInclude>
    <ClInclude Include="..\source\lowlevel\brtick.h">
      <Filter>source\lowlevel</Filter>
    </ClInclude>
    <ClInclude Include="..\source\lowlevel\brtimedate.h">
      <Filter>source\lowlevel</Filter>
    </ClInclude>
    <ClInclude Include="..\source\lowlevel\brtypes.h">
      <Filter>source\lowlevel</Filter>
    </ClInclude>
    <ClInclude Include="..\source\lowlevel\brvectortypes.h">
      <Filter>source\lowlevel</Filter>
    </ClInclude>
    <ClInclude Include="..\source\lowlevel\brvisualstudio.h">
      <Filter>source\lowlevel</Filter>
    </ClInclude>
    <ClInclude Include="..\source\lowlevel\brwatcom.h">
      <Filter>source\lowlevel</Filter>
    </ClInclude>
    <ClInclude Include="..\source\lowlevel\brxcode.h">
      <Filter>source\lowlevel</Filter>
    </ClInclude>
    <ClInclude Include="..\source\math\brearcliptriangulate.h">
      <Filter>source\math</Filter>
    </ClInclude>
    <ClInclude Include="..\source\math\brfixedmatrix3d.h">
      <Filter>source\math</Filter>
    </ClInclude>
    <ClInclude Include="..\source\math\brfixedmatrix4d.h">
      <Filter>source\math</Filter>
    </ClInclude>
    <ClInclude Include="..\source\math\brfixedpoint.h">
      <Filter>source\math</Filter>
    </ClInclude>
    <ClInclude Include="..\source\math\brfixedvector2d.h">
      <Filter>source\math</Filter>
    </ClInclude>
    <ClInclude Include="..\source\math\brfixedvector3d.h">
      <Filter>source\math</Filter>
    </ClInclude>
    <ClInclude Include="..\source\math\brfixedvector4d.h">
      <Filter>source\math</Filter>
    </ClInclude>
    <ClInclude Include="..\source\math\brfloatingpoint.h">
      <Filter>source\math</Filter>
    </ClInclude>
    <ClInclude Include="..\source\math\brfphalf.h">
      <Filter>source\math</Filter>
    </ClInclude>
    <ClInclude Include="..\source\math\brfpinfo.h">
      <Filter>source\math</Filter>
    </ClInclude>
    <ClInclude Include="..\source\math\brfplargeint.h">
      <Filter>source\math</Filter>
    </ClInclude>
    <ClInclude Include="..\source\math\brfpprintinfo.h">
      <Filter>source\math</Filter>
    </ClInclude>
    <ClInclude Include="..\source\math\brmatrix3d.h">
      <Filter>source\math</Filter>
    </ClInclude>
    <ClInclude Include="..\source\math\brmatrix4d.h">
      <Filter>source\math</Filter>
    </ClInclude>
    <ClInclude Include="..\source\math\brvector2d.h">
      <Filter>source\math</Filter>
    </ClInclude>
    <ClInclude Include="..\source\math\brvector3d.h">
      <Filter>source\math</Filter>
    </ClInclude>
    <ClInclude Include="..\source\math\brvector4d.h">
      <Filter>source\math</Filter>
    </ClInclude>
    <ClInclude Include="..\source\memory\brglobalmemorymanager.h">
      <Filter>source\memory</Filter>
    </ClInclude>
    <ClInclude Include="..\source\memory\brmemoryhandle.h">
      <Filter>source\memory</Filter>
    </ClInclude>
    <ClInclude Include="..\source\memory\brmemorymanager.h">
      <Filter>source\memory</Filter>
    </ClInclude>
    <ClInclude Include="..\source\platforms\xbox360\brstartup.h">
      <Filter>source\platforms\xbox360</Filter>
    </ClInclude>
    <ClInclude Include="..\source\platforms\xbox360\brxbox360types.h">
      <Filter>source\platforms\xbox360</Filter>
    </ClInclude>
    <ClInclude Include="..\source\platforms\xbox360\templatexbox360.h">
      <Filter>source\platforms\xbox360</Filter>
    </ClInclude>
    <ClInclude Include="..\source\platforms\xbox360\x360_thread.h">
      <Filter>source\platforms\xbox360</Filter>
    </ClInclude>
    <ClInclude Include="..\source\random\brmersennetwist.h">
      <Filter>source\random</Filter>
    </ClInclude>
    <ClInclude Include="..\source\random\brrandom.h">
      <Filter>source\random</Filter>
    </ClInclude>
    <ClInclude Include="..\source\random\brrandombase.h">
      <Filter>source\random</Filter>
    </ClInclude>
    <ClInclude Include="..\source\templateburgerbase.h">
      <Filter>source</Filter>
    </ClInclude>
    <ClInclude Include="..\source\text\brasciito.h">
      <Filter>source\text</Filter>
    </ClInclude>
    <ClInclude Include="..\source\text\brcodepage.h">
      <Filter>source\text</Filter>
    </ClInclude>
    <ClInclude Include="..\source\text\brisolatin1.h">
      <Filter>source\text</Filter>
    </ClInclude>
    <ClInclude Include="..\source\text\brlocalization.h">
      <Filter>source\text</Filter>
    </ClInclude>
    <ClInclude Include="..\source\text\brmacromanus.h">
      <Filter>source\text</Filter>
    </ClInclude>
    <ClInclude Include="..\source\text\brmemoryfunctions.h">
      <Filter>source\text</Filter>
    </ClInclude>
    <ClInclude Include="..\source\text\brnumberstring.h">
      <Filter>source\text</Filter>
    </ClInclude>
    <ClInclude Include="..\source\text\brnumberstringhex.h">
      <Filter>source\text</Filter>
    </ClInclude>
    <ClInclude Include="..\source\text\brnumberto.h">
      <Filter>source\text</Filter>
    </ClInclude>
    <ClInclude Include="..\source\text\brosstringfunctions.h">
      <Filter>source\text</Filter>
    </ClInclude>
    <ClInclude Include="..\source\text\brprintf.h">
      <Filter>source\text</Filter>
    </ClInclude>
    <ClInclude Include="..\source\text\brsimplestring.h">
      <Filter>source\text</Filter>
    </ClInclude>
    <ClInclude Include="..\source\text\brstring.h">
      <Filter>source\text</Filter>
    </ClInclude>
    <ClInclude Include="..\source\text\brstring16.h">
      <Filter>source\text</Filter>
    </ClInclude>
    <ClInclude Include="..\source\text\brstringfunctions.h">
      <Filter>source\text</Filter>
    </ClInclude>
    <ClInclude Include="..\source\text\brutf16.h">
      <Filter>source\text</Filter>
    </ClInclude>
    <ClInclude Include="..\source\text\brutf32.h">
      <Filter>source\text</Filter>
    </ClInclude>
    <ClInclude Include="..\source\text\brutf8.h">
      <Filter>source\text</Filter>
    </ClInclude>
    <ClInclude Include="..\source\text\brwin1252.h">
      <Filter>source\text</Filter>
    </ClInclude>
    <ClInclude Include="..\source\text\brwin437.h">
      <Filter>source\text</Filter>
    </ClInclude>
    <ClInclude Include="..\unittest\common.h">
      <Filter>unittest</Filter>
    </ClInclude>
    <ClInclude Include="..\unittest\createtables.h">
      <Filter>unittest</Filter>
    </ClInclude>
    <ClInclude Include="..\unittest\testbralgorithm.h">
      <Filter>unittest</Filter>
    </ClInclude>
    <ClInclude Include="..\unittest\testbrcodelibrary.h">
      <Filter>unittest</Filter>
    </ClInclude>
    <ClInclude Include="..\unittest\testbrcompression.h">
      <Filter>unittest</Filter>
    </ClInclude>
    <ClInclude Include="..\unittest\testbrdisplay.h">
      <Filter>unittest</Filter>
    </ClInclude>
    <ClInclude Include="..\unittest\testbrendian.h">
      <Filter>unittest</Filter>
    </ClInclude>
    <ClInclude Include="..\unittest\testbrfileloaders.h">
      <Filter>unittest</Filter>
    </ClInclude>
    <ClInclude Include="..\unittest\testbrfilemanager.h">
      <Filter>unittest</Filter>
    </ClInclude>
    <ClInclude Include="..\unittest\testbrfixedpoint.h">
      <Filter>unittest</Filter>
    </ClInclude>
    <ClInclude Include="..\unittest\testbrfloatingpoint.h">
      <Filter>unittest</Filter>
    </ClInclude>
    <ClInclude Include="..\unittest\testbrhashes.h">
      <Filter>unittest</Filter>
    </ClInclude>
    <ClInclude Include="..\unittest\testbrmatrix3d.h">
      <Filter>unittest</Filter>
    </ClInclude>
    <ClInclude Include="..\unittest\testbrmatrix4d.h">
      <Filter>unittest</Filter>
    </ClInclude>
    <ClInclude Include="..\unittest\testbrnumberto.h">
      <Filter>unittest</Filter>
    </ClInclude>
    <ClInclude Include="..\unittest\testbrprintf.h">
      <Filter>unittest</Filter>
    </ClInclude>
    <ClInclude Include="..\unittest\testbrstaticrtti.h">
      <Filter>unittest</Filter>
    </ClInclude>
    <ClInclude Include="..\unittest\testbrstrings.h">
      <Filter>unittest</Filter>
    </ClInclude>
    <ClInclude Include="..\unittest\testbrtimedate.h">
      <Filter>unittest</Filter>
    </ClInclude>
    <ClInclude Include="..\unittest\testbrtypes.h">
      <Filter>unittest</Filter>
    </ClInclude>
    <ClInclude Include="..\unittest\testcharset.h">
      <Filter>unittest</Filter>
    </ClInclude>
    <ClInclude Include="..\unittest\testmacros.h">
      <Filter>unittest</Filter>
    </ClInclude>
    <ClCompile Include="..\source\ansi\brcapturestdout.cpp">
      <Filter>source\ansi</Filter>
    </ClCompile>
    <ClCompile Include="..\source\ansi\brfileansihelpers.cpp">
      <Filter>source\ansi</Filter>
    </ClCompile>
    <ClCompile Include="..\source\ansi\brmemoryansi.cpp">
      <Filter>source\ansi</Filter>
    </ClCompile>
    <ClCompile Include="..\source\ansi\brstdouthelpers.cpp">
      <Filter>source\ansi</Filter>
    </ClCompile>
    <ClCompile Include="..\source\audio\bralaw.cpp">
      <Filter>source\audio</Filter>
    </ClCompile>
    <ClCompile Include="..\source\audio\brimportit.cpp">
      <Filter>source\audio</Filter>
    </ClCompile>
    <ClCompile Include="..\source\audio\brimports3m.cpp">
      <Filter>source\audio</Filter>
    </ClCompile>
    <ClCompile Include="..\source\audio\brimportxm.cpp">
      <Filter>source\audio</Filter>
    </ClCompile>
    <ClCompile Include="..\source\audio\brmace.cpp">
      <Filter>source\audio</Filter>
    </ClCompile>
    <ClCompile Include="..\source\audio\brmicrosoftadpcm.cpp">
      <Filter>source\audio</Filter>
    </ClCompile>
    <ClCompile Include="..\source\audio\brsequencer.cpp">
      <Filter>source\audio</Filter>
    </ClCompile>
    <ClCompile Include="..\source\audio\brsound.cpp">
      <Filter>source\audio</Filter>
    </ClCompile>
    <ClCompile Include="..\source\audio\brsoundbufferrez.cpp">
      <Filter>source\audio</Filter>
    </ClCompile>
    <ClCompile Include="..\source\audio\brsounddecompress.cpp">
      <Filter>source\audio</Filter>
    </ClCompile>
    <ClCompile Include="..\source\audio\brulaw.cpp">
      <Filter>source\audio</Filter>
    </ClCompile>
    <ClCompile Include="..\source\commandline\brcommandparameter.cpp">
      <Filter>source\commandline</Filter>
    </ClCompile>
    <ClCompile Include="..\source\commandline\brcommandparameterbooltrue.cpp">
      <Filter>source\commandline</Filter>
    </ClCompile>
    <ClCompile Include="..\source\commandline\brcommandparameterstring.cpp">
      <Filter>source\commandline</Filter>
    </ClCompile>
    <ClCompile Include="..\source\commandline\brcommandparameterwordptr.cpp">
      <Filter>source\commandline</Filter>
    </ClCompile>
    <ClCompile Include="..\source\commandline\brconsolemanager.cpp">
      <Filter>source\commandline</Filter>
    </ClCompile>
    <ClCompile Include="..\source\commandline\brgameapp.cpp">
      <Filter>source\commandline</Filter>
    </ClCompile>
    <ClCompile Include="..\source\compression\bradler16.cpp">
      <Filter>source\compression</Filter>
    </ClCompile>
    <ClCompile Include="..\source\compression\bradler32.cpp">
      <Filter>source\compression</Filter>
    </ClCompile>
    <ClCompile Include="..\source\compression\brcompress.cpp">
      <Filter>source\compression</Filter>
    </ClCompile>
    <ClCompile Include="..\source\compression\brcompressdeflate.cpp">
      <Filter>source\compression</Filter>
    </ClCompile>
    <ClCompile Include="..\source\compression\brcompresslbmrle.cpp">
      <Filter>source\compression</Filter>
    </ClCompile>
    <ClCompile Include="..\source\compression\brcompresslzss.cpp">
      <Filter>source\compression</Filter>
    </ClCompile>
    <ClCompile Include="..\source\compression\brcrc16.cpp">
      <Filter>source\compression</Filter>
    </ClCompile>
    <ClCompile Include="..\source\compression\brcrc32.cpp">
      <Filter>source\compression</Filter>
    </ClCompile>
    <ClCompile Include="..\source\compression\brdecompress.cpp">
      <Filter>source\compression</Filter>
    </ClCompile>
    <ClCompile Include="..\source\compression\brdecompressdeflate.cpp">
      <Filter>source\compression</Filter>
    </ClCompile>
    <ClCompile Include="..\source\compression\brdecompresslbmrle.cpp">
      <Filter>source\compression</Filter>
    </ClCompile>
    <ClCompile Include="..\source\compression\brdecompresslzss.cpp">
      <Filter>source\compression</Filter>
    </ClCompile>
    <ClCompile Include="..\source\compression\brdjb2hash.cpp">
      <Filter>source\compression</Filter>
    </ClCompile>
    <ClCompile Include="..\source\compression\brdxt1.cpp">
      <Filter>source\compression</Filter>
    </ClCompile>
    <ClCompile Include="..\source\compression\brdxt3.cpp">
      <Filter>source\compression</Filter>
    </ClCompile>
    <ClCompile Include="..\source\compression\brdxt5.cpp">
      <Filter>source\compression</Filter>
    </ClCompile>
    <ClCompile Include="..\source\compression\brgost.cpp">
      <Filter>source\compression</Filter>
    </ClCompile>
    <ClCompile Include="..\source\compression\brhashmap.cpp">
      <Filter>source\compression</Filter>
    </ClCompile>
    <ClCompile Include="..\source\compression\brmd2.cpp">
      <Filter>source\compression</Filter>
    </ClCompile>
    <ClCompile Include="..\source\compression\brmd4.cpp">
      <Filter>source\compression</Filter>
    </ClCompile>
    <ClCompile Include="..\source\compression\brmd5.cpp">
      <Filter>source\compression</Filter>
    </ClCompile>
    <ClCompile Include="..\source\compression\brpackfloat.cpp">
      <Filter>source\compression</Filter>
    </ClCompile>
    <ClCompile Include="..\source\compression\brsdbmhash.cpp">
      <Filter>source\compression</Filter>
    </ClCompile>
    <ClCompile Include="..\source\compression\brsha1.cpp">
      <Filter>source\compression</Filter>
    </ClCompile>
    <ClCompile Include="..\source\compression\brunpackbytes.cpp">
      <Filter>source\compression</Filter>
    </ClCompile>
    <ClCompile Include="..\source\file\brdirectorysearch.cpp">
      <Filter>source\file</Filter>
    </ClCompile>
    <ClCompile Include="..\source\file\brfile.cpp">
      <Filter>source\file</Filter>
    </ClCompile>
    <ClCompile Include="..\source\file\brfileapf.cpp">
      <Filter>source\file</Filter>
    </ClCompile>
    <ClCompile Include="..\source\file\brfilebmp.cpp">
      <Filter>source\file</Filter>
    </ClCompile>
    <ClCompile Include="..\source\file\brfiledds.cpp">
      <Filter>source\file</Filter>
    </ClCompile>
    <ClCompile Include="..\source\file\brfilegif.cpp">
      <Filter>source\file</Filter>
    </ClCompile>
    <ClCompile Include="..\source\file\brfileini.cpp">
      <Filter>source\file</Filter>
    </ClCompile>
    <ClCompile Include="..\source\file\brfilelbm.cpp">
      <Filter>source\file</Filter>
    </ClCompile>
    <ClCompile Include="..\source\file\brfilemanager.cpp">
      <Filter>source\file</Filter>
    </ClCompile>
    <ClCompile Include="..\source\file\brfilemp3.cpp">
      <Filter>source\file</Filter>
    </ClCompile>
    <ClCompile Include="..\source\file\brfilename.cpp">
      <Filter>source\file</Filter>
    </ClCompile>
    <ClCompile Include="..\source\file\brfilepcx.cpp">
      <Filter>source\file</Filter>
    </ClCompile>
    <ClCompile Include="..\source\file\brfilepng.cpp">
      <Filter>source\file</Filter>
    </ClCompile>
    <ClCompile Include="..\source\file\brfiletga.cpp">
      <Filter>source\file</Filter>
    </ClCompile>
    <ClCompile Include="..\source\file\brfilexml.cpp">
      <Filter>source\file</Filter>
    </ClCompile>
    <ClCompile Include="..\source\file\brinputmemorystream.cpp">
      <Filter>source\file</Filter>
    </ClCompile>
    <ClCompile Include="..\source\file\broutputmemorystream.cpp">
      <Filter>source\file</Filter>
    </ClCompile>
    <ClCompile Include="..\source\file\brrezfile.cpp">
      <Filter>source\file</Filter>
    </ClCompile>
    <ClCompile Include="..\source\flashplayer\brflashaction.cpp">
      <Filter>source\flashplayer</Filter>
    </ClCompile>
    <ClCompile Include="..\source\flashplayer\brflashactionvalue.cpp">
      <Filter>source\flashplayer</Filter>
    </ClCompile>
    <ClCompile Include="..\source\flashplayer\brflashavm2.cpp">
      <Filter>source\flashplayer</Filter>
    </ClCompile>
    <ClCompile Include="..\source\flashplayer\brflashcolortransform.cpp">
      <Filter>source\flashplayer</Filter>
    </ClCompile>
    <ClCompile Include="..\source\flashplayer\brflashdisasmactionscript.cpp">
      <Filter>source\flashplayer</Filter>
    </ClCompile>
    <ClCompile Include="..\source\flashplayer\brflashmanager.cpp">
      <Filter>source\flashplayer</Filter>
    </ClCompile>
    <ClCompile Include="..\source\flashplayer\brflashmatrix23.cpp">
      <Filter>source\flashplayer</Filter>
    </ClCompile>
    <ClCompile Include="..\source\flashplayer\brflashrect.cpp">
      <Filter>source\flashplayer</Filter>
    </ClCompile>
    <ClCompile Include="..\source\flashplayer\brflashrgba.cpp">
      <Filter>source\flashplayer</Filter>
    </ClCompile>
    <ClCompile Include="..\source\flashplayer\brflashstream.cpp">
      <Filter>source\flashplayer</Filter>
    </ClCompile>
    <ClCompile Include="..\source\flashplayer\brflashutils.cpp">
      <Filter>source\flashplayer</Filter>
    </ClCompile>
    <ClCompile Include="..\source\graphics\brdisplay.cpp">
      <Filter>source\graphics</Filter>
    </ClCompile>
    <ClCompile Include="..\source\graphics\brdisplayobject.cpp">
      <Filter>source\graphics</Filter>
    </ClCompile>
    <ClCompile Include="..\source\graphics\brdisplayopengl.cpp">
      <Filter>source\graphics</Filter>
    </ClCompile>
    <ClCompile Include="..\source\graphics\brdisplayopenglsoftware8.cpp">
      <Filter>source\graphics</Filter>
    </ClCompile>
    <ClCompile Include="..\source\graphics\brfont.cpp">
      <Filter>source\graphics</Filter>
    </ClCompile>
    <ClCompile Include="..\source\graphics\brfont4bit.cpp">
      <Filter>source\graphics</Filter>
    </ClCompile>
    <ClCompile Include="..\source\graphics\brimage.cpp">
      <Filter>source\graphics</Filter>
    </ClCompile>
    <ClCompile Include="..\source\graphics\brpalette.cpp">
      <Filter>source\graphics</Filter>
    </ClCompile>
    <ClCompile Include="..\source\graphics\brpoint2d.cpp">
      <Filter>source\graphics</Filter>
    </ClCompile>
    <ClCompile Include="..\source\graphics\brrect.cpp">
      <Filter>source\graphics</Filter>
    </ClCompile>
    <ClCompile Include="..\source\graphics\brrenderer.cpp">
      <Filter>source\graphics</Filter>
    </ClCompile>
    <ClCompile Include="..\source\graphics\brrenderersoftware16.cpp">
      <Filter>source\graphics</Filter>
    </ClCompile>
    <ClCompile Include="..\source\graphics\brrenderersoftware8.cpp">
      <Filter>source\graphics</Filter>
    </ClCompile>
    <ClCompile Include="..\source\graphics\brshape8bit.cpp">
      <Filter>source\graphics</Filter>
    </ClCompile>
    <ClCompile Include="..\source\graphics\brtexture.cpp">
      <Filter>source\graphics</Filter>
    </ClCompile>
    <ClCompile Include="..\source\graphics\brtextureopengl.cpp">
      <Filter>source\graphics</Filter>
    </ClCompile>
    <ClCompile Include="..\source\graphics\brvertexbuffer.cpp">
      <Filter>source\graphics</Filter>
    </ClCompile>
    <ClCompile Include="..\source\graphics\brvertexbufferopengl.cpp">
      <Filter>source\graphics</Filter>
    </ClCompile>
    <ClCompile Include="..\source\graphics\effects\breffect.cpp">
      <Filter>source\graphics\effects</Filter>
    </ClCompile>
    <ClCompile Include="..\source\graphics\effects\breffect2d.cpp">
      <Filter>source\graphics\effects</Filter>
    </ClCompile>
    <ClCompile Include="..\source\graphics\effects\breffectpositiontexturecolor.cpp">
      <Filter>source\graphics\effects</Filter>
    </ClCompile>
    <ClCompile Include="..\source\graphics\effects\breffectstaticpositiontexture.cpp">
      <Filter>source\graphics\effects</Filter>
    </ClCompile>
    <ClCompile Include="..\source\graphics\effects\brshaders.cpp">
      <Filter>source\graphics\effects</Filter>
    </ClCompile>
    <ClCompile Include="..\source\graphics\shaders\brshader2dccolor.cpp">
      <Filter>source\graphics\shaders</Filter>
    </ClCompile>
    <ClCompile Include="..\source\graphics\shaders\brshader2dcolorvertex.cpp">
      <Filter>source\graphics\shaders</Filter>
    </ClCompile>
    <ClCompile Include="..\source\input\brjoypad.cpp">
      <Filter>source\input</Filter>
    </ClCompile>
    <ClCompile Include="..\source\input\brkeyboard.cpp">
      <Filter>source\input</Filter>
    </ClCompile>
    <ClCompile Include="..\source\input\brmouse.cpp">
      <Filter>source\input</Filter>
    </ClCompile>
    <ClCompile Include="..\source\lowlevel\bralgorithm.cpp">
      <Filter>source\lowlevel</Filter>
    </ClCompile>
    <ClCompile Include="..\source\lowlevel\brargumenttype.cpp">
      <Filter>source\lowlevel</Filter>
    </ClCompile>
    <ClCompile Include="..\source\lowlevel\brarray.cpp">
      <Filter>source\lowlevel</Filter>
    </ClCompile>
    <ClCompile Include="..\source\lowlevel\brassert.cpp">
      <Filter>source\lowlevel</Filter>
    </ClCompile>
    <ClCompile Include="..\source\lowlevel\bratomic.cpp">
      <Filter>source\lowlevel</Filter>
    </ClCompile>
    <ClCompile Include="..\source\lowlevel\brautorepeat.cpp">
      <Filter>source\lowlevel</Filter>
    </ClCompile>
    <ClCompile Include="..\source\lowlevel\brbase.cpp">
      <Filter>source\lowlevel</Filter>
    </ClCompile>
    <ClCompile Include="..\source\lowlevel\brcodelibrary.cpp">
      <Filter>source\lowlevel</Filter>
    </ClCompile>
    <ClCompile Include="..\source\lowlevel\brconditionvariable.cpp">
      <Filter>source\lowlevel</Filter>
    </ClCompile>
    <ClCompile Include="..\source\lowlevel\brdebug.cpp">
      <Filter>source\lowlevel</Filter>
    </ClCompile>
    <ClCompile Include="..\source\lowlevel\brdetectmultilaunch.cpp">
      <Filter>source\lowlevel</Filter>
    </ClCompile>
    <ClCompile Include="..\source\lowlevel\brdoublelinkedlist.cpp">
      <Filter>source\lowlevel</Filter>
    </ClCompile>
    <ClCompile Include="..\source\lowlevel\brendian.cpp">
      <Filter>source\lowlevel</Filter>
    </ClCompile>
    <ClCompile Include="..\source\lowlevel\brerror.cpp">
      <Filter>source\lowlevel</Filter>
    </ClCompile>
    <ClCompile Include="..\source\lowlevel\brglobals.cpp">
      <Filter>source\lowlevel</Filter>
    </ClCompile>
    <ClCompile Include="..\source\lowlevel\brgridindex.cpp">
      <Filter>source\lowlevel</Filter>
    </ClCompile>
    <ClCompile Include="..\source\lowlevel\brguid.cpp">
      <Filter>source\lowlevel</Filter>
    </ClCompile>
    <ClCompile Include="..\source\lowlevel\brintrinsics.cpp">
      <Filter>source\lowlevel</Filter>
    </ClCompile>
    <ClCompile Include="..\source\lowlevel\brlastinfirstout.cpp">
      <Filter>source\lowlevel</Filter>
    </ClCompile>
    <ClCompile Include="..\source\lowlevel\brlinkedlistobject.cpp">
      <Filter>source\lowlevel</Filter>
    </ClCompile>
    <ClCompile Include="..\source\lowlevel\brlinkedlistpointer.cpp">
      <Filter>source\lowlevel</Filter>
    </ClCompile>
    <ClCompile Include="..\source\lowlevel\brmutex.cpp">
      <Filter>source\lowlevel</Filter>
    </ClCompile>
    <ClCompile Include="..\source\lowlevel\broscursor.cpp">
      <Filter>source\lowlevel</Filter>
    </ClCompile>
    <ClCompile Include="..\source\lowlevel\brpair.cpp">
      <Filter>source\lowlevel</Filter>
    </ClCompile>
    <ClCompile Include="..\source\lowlevel\brperforce.cpp">
      <Filter>source\lowlevel</Filter>
    </ClCompile>
    <ClCompile Include="..\source\lowlevel\brqueue.cpp">
      <Filter>source\lowlevel</Filter>
    </ClCompile>
    <ClCompile Include="..\source\lowlevel\brrunqueue.cpp">
      <Filter>source\lowlevel</Filter>
    </ClCompile>
    <ClCompile Include="..\source\lowlevel\brsemaphore.cpp">
      <Filter>source\lowlevel</Filter>
    </ClCompile>
    <ClCompile Include="..\source\lowlevel\brsimplearray.cpp">
      <Filter>source\lowlevel</Filter>
    </ClCompile>
    <ClCompile Include="..\source\lowlevel\brsmartpointer.cpp">
      <Filter>source\lowlevel</Filter>
    </ClCompile>
    <ClCompile Include="..\source\lowlevel\brstaticrtti.cpp">
      <Filter>source\lowlevel</Filter>
    </ClCompile>
    <ClCompile Include="..\source\lowlevel\brstructs.cpp">
      <Filter>source\lowlevel</Filter>
    </ClCompile>
    <ClCompile Include="..\source\lowlevel\brtemplates.cpp">
      <Filter>source\lowlevel</Filter>
    </ClCompile>
    <ClCompile Include="..\source\lowlevel\brthread.cpp">
      <Filter>source\lowlevel</Filter>
    </ClCompile>
    <ClCompile Include="..\source\lowlevel\brtick.cpp">
      <Filter>source\lowlevel</Filter>
    </ClCompile>
    <ClCompile Include="..\source\lowlevel\brtimedate.cpp">
      <Filter>source\lowlevel</Filter>
    </ClCompile>
    <ClCompile Include="..\source\lowlevel\brtypes.cpp">
      <Filter>source\lowlevel</Filter>
    </ClCompile>
    <ClCompile Include="..\source\lowlevel\brvectortypes.cpp">
      <Filter>source\lowlevel</Filter>
    </ClCompile>
    <ClCompile Include="..\source\math\brearcliptriangulate.cpp">
      <Filter>source\math</Filter>
    </ClCompile>
    <ClCompile Include="..\source\math\brfixedmatrix3d.cpp">
      <Filter>source\math</Filter>
    </ClCompile>
    <ClCompile Include="..\source\math\brfixedmatrix4d.cpp">
      <Filter>source\math</Filter>
    </ClCompile>
    <ClCompile Include="..\source\math\brfixedpoint.cpp">
      <Filter>source\math</Filter>
    </ClCompile>
    <ClCompile Include="..\source\math\brfixedvector2d.cpp">
      <Filter>source\math</Filter>
    </ClCompile>
    <ClCompile Include="..\source\math\brfixedvector3d.cpp">
      <Filter>source\math</Filter>
    </ClCompile>
    <ClCompile Include="..\source\math\brfixedvector4d.cpp">
      <Filter>source\math</Filter>
    </ClCompile>
    <ClCompile Include="..\source\math\brfloatingpoint.cpp">
      <Filter>source\math</Filter>
    </ClCompile>
    <ClCompile Include="..\source\math\brfphalf.cpp">
      <Filter>source\math</Filter>
    </ClCompile>
    <ClCompile Include="..\source\math\brfpinfo.cpp">
      <Filter>source\math</Filter>
    </ClCompile>
    <ClCompile Include="..\source\math\brfplargeint.cpp">
      <Filter>source\math</Filter>
    </ClCompile>
    <ClCompile Include="..\source\math\brfpprintinfo.cpp">
      <Filter>source\math</Filter>
    </ClCompile>
    <ClCompile Include="..\source\math\brmatrix3d.cpp">
      <Filter>source\math</Filter>
    </ClCompile>
    <ClCompile Include="..\source\math\brmatrix4d.cpp">
      <Filter>source\math</Filter>
    </ClCompile>
    <ClCompile Include="..\source\math\brsinecosine.cpp">
      <Filter>source\math</Filter>
    </ClCompile>
    <ClCompile Include="..\source\math\brvector2d.cpp">
      <Filter>source\math</Filter>
    </ClCompile>
    <ClCompile Include="..\source\math\brvector3d.cpp">
      <Filter>source\math</Filter>
    </ClCompile>
    <ClCompile Include="..\source\math\brvector4d.cpp">
      <Filter>source\math</Filter>
    </ClCompile>
    <ClCompile Include="..\source\memory\brglobalmemorymanager.cpp">
      <Filter>source\memory</Filter>
    </ClCompile>
    <ClCompile Include="..\source\memory\brmemoryhandle.cpp">
      <Filter>source\memory</Filter>
    </ClCompile>
    <ClCompile Include="..\source\memory\brmemorymanager.cpp">
      <Filter>source\memory</Filter>
    </ClCompile>
    <ClCompile Include="..\source\platforms\xbox360\brdirectorysearchxbox360.cpp">
      <Filter>source\platforms\xbox360</Filter>
    </ClCompile>
    <ClCompile Include="..\source\platforms\xbox360\brdisplaybasexbox360.cpp">
      <Filter>source\platforms\xbox360</Filter>
    </ClCompile>
    <ClCompile Include="..\source\platforms\xbox360\brdisplayxbox360.cpp">
      <Filter>source\platforms\xbox360</Filter>
    </ClCompile>
    <ClCompile Include="..\source\platforms\xbox360\brfilemanagerxbox360.cpp">
      <Filter>source\platforms\xbox360</Filter>
    </ClCompile>
    <ClCompile Include="..\source\platforms\xbox360\brfilenamexbox360.cpp">
      <Filter>source\platforms\xbox360</Filter>
    </ClCompile>
    <ClCompile Include="..\source\platforms\xbox360\brfilexbox360.cpp">
      <Filter>source\platforms\xbox360</Filter>
    </ClCompile>
    <ClCompile Include="..\source\platforms\xbox360\brjoypadxbox360.cpp">
      <Filter>source\platforms\xbox360</Filter>
    </ClCompile>
    <ClCompile Include="..\source\platforms\xbox360\brkeyboardxbox360.cpp">
      <Filter>source\platforms\xbox360</Filter>
    </ClCompile>
    <ClCompile Include="..\source\platforms\xbox360\brmemorymanagerxbox360.cpp">
      <Filter>source\platforms\xbox360</Filter>
    </ClCompile>
    <ClCompile Include="..\source\platforms\xbox360\brmutexxbox360.cpp">
      <Filter>source\platforms\xbox360</Filter>
    </ClCompile>
    <ClCompile Include="..\source\platforms\xbox360\brpoint2dxbox360.cpp">
      <Filter>source\platforms\xbox360</Filter>
    </ClCompile>
    <ClCompile Include="..\source\platforms\xbox360\brrectxbox360.cpp">
      <Filter>source\platforms\xbox360</Filter>
    </ClCompile>
    <ClCompile Include="..\source\platforms\xbox360\brsemaphorexbox360.cpp">
      <Filter>source\platforms\xbox360</Filter>
    </ClCompile>
    <ClCompile Include="..\source\platforms\xbox360\brsoundxbox360.cpp">
      <Filter>source\platforms\xbox360</Filter>
    </ClCompile>
    <ClCompile Include="..\source\platforms\xbox360\brtexturexbox360.cpp">
      <Filter>source\platforms\xbox360</Filter>
    </ClCompile>
    <ClCompile Include="..\source\platforms\xbox360\brthreadxbox360.cpp">
      <Filter>source\platforms\xbox360</Filter>
    </ClCompile>
    <ClCompile Include="..\source\platforms\xbox360\brtickxbox360.cpp">
      <Filter>source\platforms\xbox360</Filter>
    </ClCompile>
    <ClCompile Include="..\source\platforms\xbox360\brtimedatexbox360.cpp">
      <Filter>source\platforms\xbox360</Filter>
    </ClCompile>
    <ClCompile Include="..\source\platforms\xbox360\brvertexbufferxbox360.cpp">
      <Filter>source\platforms\xbox360</Filter>
    </ClCompile>
    <ClCompile Include="..\source\platforms\xbox360\brxbox360app.cpp">
      <Filter>source\platforms\xbox360</Filter>
    </ClCompile>
    <ClCompile Include="..\source\platforms\xbox360\x360_thread.cpp">
      <Filter>source\platforms\xbox360</Filter>
    </ClCompile>
    <ClCompile Include="..\source\random\brmersennetwist.cpp">
      <Filter>source\random</Filter>
    </ClCompile>
    <ClCompile Include="..\source\random\brrandom.cpp">
      <Filter>source\random</Filter>
    </ClCompile>
    <ClCompile Include="..\source\random\brrandombase.cpp">
      <Filter>source\random</Filter>
    </ClCompile>
    <ClCompile Include="..\source\text\brasciito.cpp">
      <Filter>source\text</Filter>
    </ClCompile>
    <ClCompile Include="..\source\text\brcodepage.cpp">
      <Filter>source\text</Filter>
    </ClCompile>
    <ClCompile Include="..\source\text\brisolatin1.cpp">
      <Filter>source\text</Filter>
    </ClCompile>
    <ClCompile Include="..\source\text\brlocalization.cpp">
      <Filter>source\text</Filter>
    </ClCompile>
    <ClCompile Include="..\source\text\brmacromanus.cpp">
      <Filter>source\text</Filter>
    </ClCompile>
    <ClCompile Include="..\source\text\brmemoryfunctions.cpp">
      <Filter>source\text</Filter>
    </ClCompile>
    <ClCompile Include="..\source\text\brnumberstring.cpp">
      <Filter>source\text</Filter>
    </ClCompile>
    <ClCompile Include="..\source\text\brnumberstringhex.cpp">
      <Filter>source\text</Filter>
    </ClCompile>
    <ClCompile Include="..\source\text\brnumberto.cpp">
      <Filter>source\text</Filter>
    </ClCompile>
    <ClCompile Include="..\source\text\brosstringfunctions.cpp">
      <Filter>source\text</Filter>
    </ClCompile>
    <ClCompile Include="..\source\text\brprintf.cpp">
      <Filter>source\text</Filter>
    </ClCompile>
    <ClCompile Include="..\source\text\brsimplestring.cpp">
      <Filter>source\text</Filter>
    </ClCompile>
    <ClCompile Include="..\source\text\brstring.cpp">
      <Filter>source\text</Filter>
    </ClCompile>
    <ClCompile Include="..\source\text\brstring16.cpp">
      <Filter>source\text</Filter>
    </ClCompile>
    <ClCompile Include="..\source\text\brstringfunctions.cpp">
      <Filter>source\text</Filter>
    </ClCompile>
    <ClCompile Include="..\source\text\brutf16.cpp">
      <Filter>source\text</Filter>
    </ClCompile>
    <ClCompile Include="..\source\text\brutf32.cpp">
      <Filter>source\text</Filter>
    </ClCompile>
    <ClCompile Include="..\source\text\brutf8.cpp">
      <Filter>source\text</Filter>
    </ClCompile>
    <ClCompile Include="..\source\text\brwin1252.cpp">
      <Filter>source\text</Filter>
    </ClCompile>
    <ClCompile Include="..\source\text\brwin437.cpp">
      <Filter>source\text</Filter>
    </ClCompile>
    <ClCompile Include="..\unittest\common.cpp">
      <Filter>unittest</Filter>
    </ClCompile>
    <ClCompile Include="..\unittest\testbralgorithm.cpp">
      <Filter>unittest</Filter>
    </ClCompile>
    <ClCompile Include="..\unittest\testbrcodelibrary.cpp">
      <Filter>unittest</Filter>
    </ClCompile>
    <ClCompile Include="..\unittest\testbrcompression.cpp">
      <Filter>unittest</Filter>
    </ClCompile>
    <ClCompile Include="..\unittest\testbrdisplay.cpp">
      <Filter>unittest</Filter>
    </ClCompile>
    <ClCompile Include="..\unittest\testbrendian.cpp">
      <Filter>unittest</Filter>
    </ClCompile>
    <ClCompile Include="..\unittest\testbrfileloaders.cpp">
      <Filter>unittest</Filter>
    </ClCompile>
    <ClCompile Include="..\unittest\testbrfilemanager.cpp">
      <Filter>unittest</Filter>
    </ClCompile>
    <ClCompile Include="..\unittest\testbrfixedpoint.cpp">
      <Filter>unittest</Filter>
    </ClCompile>
    <ClCompile Include="..\unittest\testbrfloatingpoint.cpp">
      <Filter>unittest</Filter>
    </ClCompile>
    <ClCompile Include="..\unittest\testbrhashes.cpp">
      <Filter>unittest</Filter>
    </ClCompile>
    <ClCompile Include="..\unittest\testbrmatrix3d.cpp">
      <Filter>unittest</Filter>
    </ClCompile>
    <ClCompile Include="..\unittest\testbrmatrix4d.cpp">
      <Filter>unittest</Filter>
    </ClCompile>
    <ClCompile Include="..\unittest\testbrnumberto.cpp">
      <Filter>unittest</Filter>
    </ClCompile>
    <ClCompile Include="..\unittest\testbrprintf.cpp">
      <Filter>unittest</Filter>
    </ClCompile>
    <ClCompile Include="..\unittest\testbrstaticrtti.cpp">
      <Filter>unittest</Filter>
    </ClCompile>
    <ClCompile Include="..\unittest\testbrstrings.cpp">
      <Filter>unittest</Filter>
    </ClCompile>
    <ClCompile Include="..\unittest\testbrtimedate.cpp">
      <Filter>unittest</Filter>
    </ClCompile>
    <ClCompile Include="..\unittest\testbrtypes.cpp">
      <Filter>unittest</Filter>
    </ClCompile>
    <ClCompile Include="..\unittest\testcharset.cpp">
      <Filter>unittest</Filter>
    </ClCompile>
    <ClCompile Include="..\unittest\testmacros.cpp">
      <Filter>unittest</Filter>
    </ClCompile>
    <X360SL Include="..\source\graphics\shadersxbox360\pscclr4360.x360sl">
      <Filter>source\graphics\shadersxbox360</Filter>
    </X360SL>
    <X360SL Include="..\source\graphics\shadersxbox360\pstex2clr4360.x360sl">
      <Filter>source\graphics\shadersxbox360</Filter>
    </X360SL>
    <X360SL Include="..\source\graphics\shadersxbox360\pstexture360.x360sl">
      <Filter>source\graphics\shadersxbox360</Filter>
    </X360SL>
    <X360SL Include="..\source\graphics\shadersxbox360\pstexturecolor360.x360sl">
      <Filter>source\graphics\shadersxbox360</Filter>
    </X360SL>
    <X360SL Include="..\source\graphics\shadersxbox360\vs20pos22d360.x360sl">
      <Filter>source\graphics\shadersxbox360</Filter>
    </X360SL>
    <X360SL Include="..\source\graphics\shadersxbox360\vs20pos2tex2clr42d360.x360sl">
      <Filter>source\graphics\shadersxbox360</Filter>
    </X360SL>
    <X360SL Include="..\source\graphics\shadersxbox360\vs20sprite2d360.x360sl">
      <Filter>source\graphics\shadersxbox360</Filter>
    </X360SL>
    <X360SL Include="..\source\graphics\shadersxbox360\vsstaticposition360.x360sl">
      <Filter>source\graphics\shadersxbox360</Filter>
    </X360SL>
    <Filter Include="source">
      <UniqueIdentifier>5C7B8308-FD8D-3D41-B264-DBFEAC44A8FB</UniqueIdentifier>
    </Filter>
    <Filter Include="source\ansi">
      <UniqueIdentifier>E4CABBDE-B78F-3153-A5C1-8DBBFD2E57DE</UniqueIdentifier>
    </Filter>
    <Filter Include="source\audio">
      <UniqueIdentifier>8D9A9C5C-7228-3D37-84BF-737957B79743</UniqueIdentifier>
    </Filter>
    <Filter Include="source\commandline">
      <UniqueIdentifier>02674817-4549-3428-8DDD-48EF9DD9F81A</UniqueIdentifier>
    </Filter>
    <Filter Include="source\compression">
      <UniqueIdentifier>A23F6AF2-C0D7-3AF9-84D1-BA32F94C7FB3</UniqueIdentifier>
    </Filter>
    <Filter Include="source\file">
      <UniqueIdentifier>8B81D6ED-4773-3A65-9B37-058AAF84E0A9</UniqueIdentifier>
    </Filter>
    <Filter Include="source\flashplayer">
      <UniqueIdentifier>19B0D59D-542E-3BDC-98F3-F1CD1A8420A3</UniqueIdentifier>
    </Filter>
    <Filter Include="source\generated">
      <UniqueIdentifier>050E9793-FDCE-38F1-B229-AF10D62B34A7</UniqueIdentifier>
    </Filter>
    <Filter Include="source\graphics">
      <UniqueIdentifier>364812C7-CFE1-3CAA-9EEA-70502C994962</UniqueIdentifier>
    </Filter>
    <Filter Include="source\graphics\effects">
      <UniqueIdentifier>92AA8497-95F4-3605-8922-506DD2A73898</UniqueIdentifier>
    </Filter>
    <Filter Include="source\graphics\shaders">
      <UniqueIdentifier>58CD0D1A-D70A-3A82-B553-FF173C5D57E2</UniqueIdentifier>
    </Filter>
    <Filter Include="source\graphics\shadersxbox360">
      <UniqueIdentifier>F6DA0DB1-6A56-30DA-BDBE-859931E19D84</UniqueIdentifier>
    </Filter>
    <Filter Include="source\graphics\shadersxbox360\generated">
      <UniqueIdentifier>48630F08-11A6-3587-9A1D-52770CA20BB7</UniqueIdentifier>
    </Filter>
    <Filter Include="source\input">
      <UniqueIdentifier>5EBEBEB5-4512-3114-9137-E3C9E81EA58E</UniqueIdentifier>
    </Filter>
    <Filter Include="source\lowlevel">
      <UniqueIdentifier>E6286C77-A56A-31B8-A3D9-CC2981534CE5</UniqueIdentifier>
    </Filter>
    <Filter Include="source\math">
      <UniqueIdentifier>5571BB4D-084B-3A0E-9975-5AE3BC4883CD</UniqueIdentifier>
    </Filter>
    <Filter Include="source\memory">
      <UniqueIdentifier>4CA208E1-CFC7-3AE1-86D5-55203D788A4B</UniqueIdentifier>
    </Filter>
    <Filter Include="source\platforms">
      <UniqueIdentifier>B69AF190-2448-3ECD-93C5-E4613D6666B9</UniqueIdentifier>
    </Filter>
    <Filter Include="source\platforms\xbox360">
      <UniqueIdentifier>E345F4F1-F568-37E2-942E-A31B92034A9B</UniqueIdentifier>
    </Filter>
    <Filter Include="source\random">
      <UniqueIdentifier>226A4A22-D3B4-3FB6-A31E-9184974FF9BF</UniqueIdentifier>
    </Filter>
    <Filter Include="source\text">
      <UniqueIdentifier>0C1A9EA6-7E13-3E8A-9524-50C01837AC57</UniqueIdentifier>
    </Filter>
    <Filter Include="unittest">
      <UniqueIdentifier>53956D7F-1D9F-32DF-9EA9-11D4C8FFADFB</UniqueIdentifier>
    </Filter>
  </ItemGroup>
</Project>
