<?xml version="1.0" encoding="utf-8"?>
<Project ToolsVersion="4.0" xmlns="http://schemas.microsoft.com/developer/msbuild/2003">
  <ItemGroup>
    <ClInclude Include="..\source\ansi\brcapturestdout.h">
      <Filter>source\ansi</Filter>
    </ClInclude>
    <ClInclude Include="..\source\ansi\brfileansihelpers.h">
      <Filter>source\ansi</Filter>
    </ClInclude>
    <ClInclude Include="..\source\ansi\brmemoryansi.h">
      <Filter>source\ansi</Filter>
    </ClInclude>
    <ClInclude Include="..\source\ansi\brstdouthelpers.h">
      <Filter>source\ansi</Filter>
    </ClInclude>
    <ClInclude Include="..\source\audio\bralaw.h">
      <Filter>source\audio</Filter>
    </ClInclude>
    <ClInclude Include="..\source\audio\brimportit.h">
      <Filter>source\audio</Filter>
    </ClInclude>
    <ClInclude Include="..\source\audio\brimports3m.h">
      <Filter>source\audio</Filter>
    </ClInclude>
    <ClInclude Include="..\source\audio\brimportxm.h">
      <Filter>source\audio</Filter>
    </ClInclude>
    <ClInclude Include="..\source\audio\brmace.h">
      <Filter>source\audio</Filter>
    </ClInclude>
    <ClInclude Include="..\source\audio\brmicrosoftadpcm.h">
      <Filter>source\audio</Filter>
    </ClInclude>
    <ClInclude Include="..\source\audio\brsequencer.h">
      <Filter>source\audio</Filter>
    </ClInclude>
    <ClInclude Include="..\source\audio\brsound.h">
      <Filter>source\audio</Filter>
    </ClInclude>
    <ClInclude Include="..\source\audio\brsoundbufferrez.h">
      <Filter>source\audio</Filter>
    </ClInclude>
    <ClInclude Include="..\source\audio\brsounddecompress.h">
      <Filter>source\audio</Filter>
    </ClInclude>
    <ClInclude Include="..\source\audio\brulaw.h">
      <Filter>source\audio</Filter>
    </ClInclude>
    <ClInclude Include="..\source\brgl.h">
      <Filter>source</Filter>
    </ClInclude>
    <ClInclude Include="..\source\brglext.h">
      <Filter>source</Filter>
    </ClInclude>
    <ClInclude Include="..\source\brglut.h">
      <Filter>source</Filter>
    </ClInclude>
    <ClInclude Include="..\source\brglxext.h">
      <Filter>source</Filter>
    </ClInclude>
    <ClInclude Include="..\source\brstdint.h">
      <Filter>source</Filter>
    </ClInclude>
    <ClInclude Include="..\source\commandline\brcommandparameter.h">
      <Filter>source\commandline</Filter>
    </ClInclude>
    <ClInclude Include="..\source\commandline\brcommandparameterbooltrue.h">
      <Filter>source\commandline</Filter>
    </ClInclude>
    <ClInclude Include="..\source\commandline\brcommandparameterstring.h">
      <Filter>source\commandline</Filter>
    </ClInclude>
    <ClInclude Include="..\source\commandline\brcommandparameterwordptr.h">
      <Filter>source\commandline</Filter>
    </ClInclude>
    <ClInclude Include="..\source\commandline\brconsolemanager.h">
      <Filter>source\commandline</Filter>
    </ClInclude>
    <ClInclude Include="..\source\commandline\brgameapp.h">
      <Filter>source\commandline</Filter>
    </ClInclude>
    <ClInclude Include="..\source\compression\bradler16.h">
      <Filter>source\compression</Filter>
    </ClInclude>
    <ClInclude Include="..\source\compression\bradler32.h">
      <Filter>source\compression</Filter>
    </ClInclude>
    <ClInclude Include="..\source\compression\brcompress.h">
      <Filter>source\compression</Filter>
    </ClInclude>
    <ClInclude Include="..\source\compression\brcompressdeflate.h">
      <Filter>source\compression</Filter>
    </ClInclude>
    <ClInclude Include="..\source\compression\brcompresslbmrle.h">
      <Filter>source\compression</Filter>
    </ClInclude>
    <ClInclude Include="..\source\compression\brcompresslzss.h">
      <Filter>source\compression</Filter>
    </ClInclude>
    <ClInclude Include="..\source\compression\brcrc16.h">
      <Filter>source\compression</Filter>
    </ClInclude>
    <ClInclude Include="..\source\compression\brcrc32.h">
      <Filter>source\compression</Filter>
    </ClInclude>
    <ClInclude Include="..\source\compression\brdecompress.h">
      <Filter>source\compression</Filter>
    </ClInclude>
    <ClInclude Include="..\source\compression\brdecompressdeflate.h">
      <Filter>source\compression</Filter>
    </ClInclude>
    <ClInclude Include="..\source\compression\brdecompresslbmrle.h">
      <Filter>source\compression</Filter>
    </ClInclude>
    <ClInclude Include="..\source\compression\brdecompresslzss.h">
      <Filter>source\compression</Filter>
    </ClInclude>
    <ClInclude Include="..\source\compression\brdjb2hash.h">
      <Filter>source\compression</Filter>
    </ClInclude>
    <ClInclude Include="..\source\compression\brdxt1.h">
      <Filter>source\compression</Filter>
    </ClInclude>
    <ClInclude Include="..\source\compression\brdxt3.h">
      <Filter>source\compression</Filter>
    </ClInclude>
    <ClInclude Include="..\source\compression\brdxt5.h">
      <Filter>source\compression</Filter>
    </ClInclude>
    <ClInclude Include="..\source\compression\brgost.h">
      <Filter>source\compression</Filter>
    </ClInclude>
    <ClInclude Include="..\source\compression\brhashmap.h">
      <Filter>source\compression</Filter>
    </ClInclude>
    <ClInclude Include="..\source\compression\brmd2.h">
      <Filter>source\compression</Filter>
    </ClInclude>
    <ClInclude Include="..\source\compression\brmd4.h">
      <Filter>source\compression</Filter>
    </ClInclude>
    <ClInclude Include="..\source\compression\brmd5.h">
      <Filter>source\compression</Filter>
    </ClInclude>
    <ClInclude Include="..\source\compression\brpackfloat.h">
      <Filter>source\compression</Filter>
    </ClInclude>
    <ClInclude Include="..\source\compression\brsdbmhash.h">
      <Filter>source\compression</Filter>
    </ClInclude>
    <ClInclude Include="..\source\compression\brsha1.h">
      <Filter>source\compression</Filter>
    </ClInclude>
    <ClInclude Include="..\source\compression\brunpackbytes.h">
      <Filter>source\compression</Filter>
    </ClInclude>
    <ClInclude Include="..\source\file\brdirectorysearch.h">
      <Filter>source\file</Filter>
    </ClInclude>
    <ClInclude Include="..\source\file\brfile.h">
      <Filter>source\file</Filter>
    </ClInclude>
    <ClInclude Include="..\source\file\brfileapf.h">
      <Filter>source\file</Filter>
    </ClInclude>
    <ClInclude Include="..\source\file\brfilebmp.h">
      <Filter>source\file</Filter>
    </ClInclude>
    <ClInclude Include="..\source\file\brfiledds.h">
      <Filter>source\file</Filter>
    </ClInclude>
    <ClInclude Include="..\source\file\brfilegif.h">
      <Filter>source\file</Filter>
    </ClInclude>
    <ClInclude Include="..\source\file\brfileini.h">
      <Filter>source\file</Filter>
    </ClInclude>
    <ClInclude Include="..\source\file\brfilelbm.h">
      <Filter>source\file</Filter>
    </ClInclude>
    <ClInclude Include="..\source\file\brfilemanager.h">
      <Filter>source\file</Filter>
    </ClInclude>
    <ClInclude Include="..\source\file\brfilemp3.h">
      <Filter>source\file</Filter>
    </ClInclude>
    <ClInclude Include="..\source\file\brfilename.h">
      <Filter>source\file</Filter>
    </ClInclude>
    <ClInclude Include="..\source\file\brfilepcx.h">
      <Filter>source\file</Filter>
    </ClInclude>
    <ClInclude Include="..\source\file\brfilepng.h">
      <Filter>source\file</Filter>
    </ClInclude>
    <ClInclude Include="..\source\file\brfiletga.h">
      <Filter>source\file</Filter>
    </ClInclude>
    <ClInclude Include="..\source\file\brfilexml.h">
      <Filter>source\file</Filter>
    </ClInclude>
    <ClInclude Include="..\source\file\brinputmemorystream.h">
      <Filter>source\file</Filter>
    </ClInclude>
    <ClInclude Include="..\source\file\broutputmemorystream.h">
      <Filter>source\file</Filter>
    </ClInclude>
    <ClInclude Include="..\source\file\brrezfile.h">
      <Filter>source\file</Filter>
    </ClInclude>
    <ClInclude Include="..\source\flashplayer\brflashaction.h">
      <Filter>source\flashplayer</Filter>
    </ClInclude>
    <ClInclude Include="..\source\flashplayer\brflashactionvalue.h">
      <Filter>source\flashplayer</Filter>
    </ClInclude>
    <ClInclude Include="..\source\flashplayer\brflashavm2.h">
      <Filter>source\flashplayer</Filter>
    </ClInclude>
    <ClInclude Include="..\source\flashplayer\brflashcolortransform.h">
      <Filter>source\flashplayer</Filter>
    </ClInclude>
    <ClInclude Include="..\source\flashplayer\brflashdisasmactionscript.h">
      <Filter>source\flashplayer</Filter>
    </ClInclude>
    <ClInclude Include="..\source\flashplayer\brflashmanager.h">
      <Filter>source\flashplayer</Filter>
    </ClInclude>
    <ClInclude Include="..\source\flashplayer\brflashmatrix23.h">
      <Filter>source\flashplayer</Filter>
    </ClInclude>
    <ClInclude Include="..\source\flashplayer\brflashrect.h">
      <Filter>source\flashplayer</Filter>
    </ClInclude>
    <ClInclude Include="..\source\flashplayer\brflashrgba.h">
      <Filter>source\flashplayer</Filter>
    </ClInclude>
    <ClInclude Include="..\source\flashplayer\brflashstream.h">
      <Filter>source\flashplayer</Filter>
    </ClInclude>
    <ClInclude Include="..\source\flashplayer\brflashutils.h">
      <Filter>source\flashplayer</Filter>
    </ClInclude>
    <ClInclude Include="..\source\generated\version.h">
      <Filter>source\generated</Filter>
    </ClInclude>
    <ClInclude Include="..\source\graphics\brdisplay.h">
      <Filter>source\graphics</Filter>
    </ClInclude>
    <ClInclude Include="..\source\graphics\brdisplayobject.h">
      <Filter>source\graphics</Filter>
    </ClInclude>
    <ClInclude Include="..\source\graphics\brdisplayopengl.h">
      <Filter>source\graphics</Filter>
    </ClInclude>
    <ClInclude Include="..\source\graphics\brdisplayopenglsoftware8.h">
      <Filter>source\graphics</Filter>
    </ClInclude>
    <ClInclude Include="..\source\graphics\brfont.h">
      <Filter>source\graphics</Filter>
    </ClInclude>
    <ClInclude Include="..\source\graphics\brfont4bit.h">
      <Filter>source\graphics</Filter>
    </ClInclude>
    <ClInclude Include="..\source\graphics\brimage.h">
      <Filter>source\graphics</Filter>
    </ClInclude>
    <ClInclude Include="..\source\graphics\brpalette.h">
      <Filter>source\graphics</Filter>
    </ClInclude>
    <ClInclude Include="..\source\graphics\brpoint2d.h">
      <Filter>source\graphics</Filter>
    </ClInclude>
    <ClInclude Include="..\source\graphics\brrect.h">
      <Filter>source\graphics</Filter>
    </ClInclude>
    <ClInclude Include="..\source\graphics\brrenderer.h">
      <Filter>source\graphics</Filter>
    </ClInclude>
    <ClInclude Include="..\source\graphics\brrenderersoftware16.h">
      <Filter>source\graphics</Filter>
    </ClInclude>
    <ClInclude Include="..\source\graphics\brrenderersoftware8.h">
      <Filter>source\graphics</Filter>
    </ClInclude>
    <ClInclude Include="..\source\graphics\brshape8bit.h">
      <Filter>source\graphics</Filter>
    </ClInclude>
    <ClInclude Include="..\source\graphics\brtexture.h">
      <Filter>source\graphics</Filter>
    </ClInclude>
    <ClInclude Include="..\source\graphics\brtextureopengl.h">
      <Filter>source\graphics</Filter>
    </ClInclude>
    <ClInclude Include="..\source\graphics\brvertexbuffer.h">
      <Filter>source\graphics</Filter>
    </ClInclude>
    <ClInclude Include="..\source\graphics\brvertexbufferopengl.h">
      <Filter>source\graphics</Filter>
    </ClInclude>
    <ClInclude Include="..\source\graphics\effects\breffect.h">
      <Filter>source\graphics\effects</Filter>
    </ClInclude>
    <ClInclude Include="..\source\graphics\effects\breffect2d.h">
      <Filter>source\graphics\effects</Filter>
    </ClInclude>
    <ClInclude Include="..\source\graphics\effects\breffectpositiontexturecolor.h">
      <Filter>source\graphics\effects</Filter>
    </ClInclude>
    <ClInclude Include="..\source\graphics\effects\breffectstaticpositiontexture.h">
      <Filter>source\graphics\effects</Filter>
    </ClInclude>
    <ClInclude Include="..\source\graphics\effects\brshaders.h">
      <Filter>source\graphics\effects</Filter>
    </ClInclude>
    <ClInclude Include="..\source\graphics\shaders\brshader2dccolor.h">
      <Filter>source\graphics\shaders</Filter>
    </ClInclude>
    <ClInclude Include="..\source\graphics\shaders\brshader2dcolorvertex.h">
      <Filter>source\graphics\shaders</Filter>
    </ClInclude>
    <ClInclude Include="..\source\graphics\shadersdx9\generated\pscclr4dx9.h">
      <Filter>source\graphics\shadersdx9\generated</Filter>
    </ClInclude>
    <ClInclude Include="..\source\graphics\shadersdx9\generated\pstex2clr4dx9.h">
      <Filter>source\graphics\shadersdx9\generated</Filter>
    </ClInclude>
    <ClInclude Include="..\source\graphics\shadersdx9\generated\pstexturecolordx9.h">
      <Filter>source\graphics\shadersdx9\generated</Filter>
    </ClInclude>
    <ClInclude Include="..\source\graphics\shadersdx9\generated\pstexturedx9.h">
      <Filter>source\graphics\shadersdx9\generated</Filter>
    </ClInclude>
    <ClInclude Include="..\source\graphics\shadersdx9\generated\vs20pos22ddx9.h">
      <Filter>source\graphics\shadersdx9\generated</Filter>
    </ClInclude>
    <ClInclude Include="..\source\graphics\shadersdx9\generated\vs20pos2tex2clr42ddx9.h">
      <Filter>source\graphics\shadersdx9\generated</Filter>
    </ClInclude>
    <ClInclude Include="..\source\graphics\shadersdx9\generated\vs20sprite2ddx9.h">
      <Filter>source\graphics\shadersdx9\generated</Filter>
    </ClInclude>
    <ClInclude Include="..\source\graphics\shadersdx9\generated\vsstaticpositiondx9.h">
      <Filter>source\graphics\shadersdx9\generated</Filter>
    </ClInclude>
    <ClInclude Include="..\source\graphics\shadersopengl\generated\pscclr4gl.h">
      <Filter>source\graphics\shadersopengl\generated</Filter>
    </ClInclude>
    <ClInclude Include="..\source\graphics\shadersopengl\generated\pstex2clr4gl.h">
      <Filter>source\graphics\shadersopengl\generated</Filter>
    </ClInclude>
    <ClInclude Include="..\source\graphics\shadersopengl\generated\pstexturecolorgl.h">
      <Filter>source\graphics\shadersopengl\generated</Filter>
    </ClInclude>
    <ClInclude Include="..\source\graphics\shadersopengl\generated\pstexturegl.h">
      <Filter>source\graphics\shadersopengl\generated</Filter>
    </ClInclude>
    <ClInclude Include="..\source\graphics\shadersopengl\generated\vs20pos22dgl.h">
      <Filter>source\graphics\shadersopengl\generated</Filter>
    </ClInclude>
    <ClInclude Include="..\source\graphics\shadersopengl\generated\vs20pos2tex2clr42dgl.h">
      <Filter>source\graphics\shadersopengl\generated</Filter>
    </ClInclude>
    <ClInclude Include="..\source\graphics\shadersopengl\generated\vs20sprite2dgl.h">
      <Filter>source\graphics\shadersopengl\generated</Filter>
    </ClInclude>
    <ClInclude Include="..\source\graphics\shadersopengl\generated\vsstaticpositiongl.h">
      <Filter>source\graphics\shadersopengl\generated</Filter>
    </ClInclude>
    <ClInclude Include="..\source\graphics\vulkan\brvulkanerrors.h">
      <Filter>source\graphics\vulkan</Filter>
    </ClInclude>
    <ClInclude Include="..\source\input\brjoypad.h">
      <Filter>source\input</Filter>
    </ClInclude>
    <ClInclude Include="..\source\input\brkeyboard.h">
      <Filter>source\input</Filter>
    </ClInclude>
    <ClInclude Include="..\source\input\brmouse.h">
      <Filter>source\input</Filter>
    </ClInclude>
    <ClInclude Include="..\source\lowlevel\bralgorithm.h">
      <Filter>source\lowlevel</Filter>
    </ClInclude>
    <ClInclude Include="..\source\lowlevel\brargumenttype.h">
      <Filter>source\lowlevel</Filter>
    </ClInclude>
    <ClInclude Include="..\source\lowlevel\brarray.h">
      <Filter>source\lowlevel</Filter>
    </ClInclude>
    <ClInclude Include="..\source\lowlevel\brassert.h">
      <Filter>source\lowlevel</Filter>
    </ClInclude>
    <ClInclude Include="..\source\lowlevel\bratomic.h">
      <Filter>source\lowlevel</Filter>
    </ClInclude>
    <ClInclude Include="..\source\lowlevel\brautorepeat.h">
      <Filter>source\lowlevel</Filter>
    </ClInclude>
    <ClInclude Include="..\source\lowlevel\brbase.h">
      <Filter>source\lowlevel</Filter>
    </ClInclude>
    <ClInclude Include="..\source\lowlevel\brcodelibrary.h">
      <Filter>source\lowlevel</Filter>
    </ClInclude>
    <ClInclude Include="..\source\lowlevel\brcriticalsection.h">
      <Filter>source\lowlevel</Filter>
    </ClInclude>
    <ClInclude Include="..\source\lowlevel\brdebug.h">
      <Filter>source\lowlevel</Filter>
    </ClInclude>
    <ClInclude Include="..\source\lowlevel\brdetectmultilaunch.h">
      <Filter>source\lowlevel</Filter>
    </ClInclude>
    <ClInclude Include="..\source\lowlevel\brdoublylinkedlist.h">
      <Filter>source\lowlevel</Filter>
    </ClInclude>
    <ClInclude Include="..\source\lowlevel\brendian.h">
      <Filter>source\lowlevel</Filter>
    </ClInclude>
    <ClInclude Include="..\source\lowlevel\brerror.h">
      <Filter>source\lowlevel</Filter>
    </ClInclude>
    <ClInclude Include="..\source\lowlevel\brglobals.h">
      <Filter>source\lowlevel</Filter>
    </ClInclude>
    <ClInclude Include="..\source\lowlevel\brgridindex.h">
      <Filter>source\lowlevel</Filter>
    </ClInclude>
    <ClInclude Include="..\source\lowlevel\brguid.h">
      <Filter>source\lowlevel</Filter>
    </ClInclude>
    <ClInclude Include="..\source\lowlevel\brintelcompiler.h">
      <Filter>source\lowlevel</Filter>
    </ClInclude>
    <ClInclude Include="..\source\lowlevel\brintrinsics.h">
      <Filter>source\lowlevel</Filter>
    </ClInclude>
    <ClInclude Include="..\source\lowlevel\brlastinfirstout.h">
      <Filter>source\lowlevel</Filter>
    </ClInclude>
    <ClInclude Include="..\source\lowlevel\brlinkedlistobject.h">
      <Filter>source\lowlevel</Filter>
    </ClInclude>
    <ClInclude Include="..\source\lowlevel\brlinkedlistpointer.h">
      <Filter>source\lowlevel</Filter>
    </ClInclude>
    <ClInclude Include="..\source\lowlevel\brmacros.h">
      <Filter>source\lowlevel</Filter>
    </ClInclude>
    <ClInclude Include="..\source\lowlevel\brmetrowerks.h">
      <Filter>source\lowlevel</Filter>
    </ClInclude>
    <ClInclude Include="..\source\lowlevel\broscursor.h">
      <Filter>source\lowlevel</Filter>
    </ClInclude>
    <ClInclude Include="..\source\lowlevel\brpair.h">
      <Filter>source\lowlevel</Filter>
    </ClInclude>
    <ClInclude Include="..\source\lowlevel\brperforce.h">
      <Filter>source\lowlevel</Filter>
    </ClInclude>
    <ClInclude Include="..\source\lowlevel\brqueue.h">
      <Filter>source\lowlevel</Filter>
    </ClInclude>
    <ClInclude Include="..\source\lowlevel\brrunqueue.h">
      <Filter>source\lowlevel</Filter>
    </ClInclude>
    <ClInclude Include="..\source\lowlevel\brsimplearray.h">
      <Filter>source\lowlevel</Filter>
    </ClInclude>
    <ClInclude Include="..\source\lowlevel\brsmartpointer.h">
      <Filter>source\lowlevel</Filter>
    </ClInclude>
    <ClInclude Include="..\source\lowlevel\brsnsystems.h">
      <Filter>source\lowlevel</Filter>
    </ClInclude>
    <ClInclude Include="..\source\lowlevel\brstaticrtti.h">
      <Filter>source\lowlevel</Filter>
    </ClInclude>
    <ClInclude Include="..\source\lowlevel\brstructs.h">
      <Filter>source\lowlevel</Filter>
    </ClInclude>
    <ClInclude Include="..\source\lowlevel\brtemplates.h">
      <Filter>source\lowlevel</Filter>
    </ClInclude>
    <ClInclude Include="..\source\lowlevel\brthread.h">
      <Filter>source\lowlevel</Filter>
    </ClInclude>
    <ClInclude Include="..\source\lowlevel\brtick.h">
      <Filter>source\lowlevel</Filter>
    </ClInclude>
    <ClInclude Include="..\source\lowlevel\brtimedate.h">
      <Filter>source\lowlevel</Filter>
    </ClInclude>
    <ClInclude Include="..\source\lowlevel\brtypes.h">
      <Filter>source\lowlevel</Filter>
    </ClInclude>
    <ClInclude Include="..\source\lowlevel\brvectortypes.h">
      <Filter>source\lowlevel</Filter>
    </ClInclude>
    <ClInclude Include="..\source\lowlevel\brvisualstudio.h">
      <Filter>source\lowlevel</Filter>
    </ClInclude>
    <ClInclude Include="..\source\lowlevel\brwatcom.h">
      <Filter>source\lowlevel</Filter>
    </ClInclude>
    <ClInclude Include="..\source\lowlevel\brxcode.h">
      <Filter>source\lowlevel</Filter>
    </ClInclude>
    <ClInclude Include="..\source\math\brearcliptriangulate.h">
      <Filter>source\math</Filter>
    </ClInclude>
    <ClInclude Include="..\source\math\brfixedmatrix3d.h">
      <Filter>source\math</Filter>
    </ClInclude>
    <ClInclude Include="..\source\math\brfixedmatrix4d.h">
      <Filter>source\math</Filter>
    </ClInclude>
    <ClInclude Include="..\source\math\brfixedpoint.h">
      <Filter>source\math</Filter>
    </ClInclude>
    <ClInclude Include="..\source\math\brfixedvector2d.h">
      <Filter>source\math</Filter>
    </ClInclude>
    <ClInclude Include="..\source\math\brfixedvector3d.h">
      <Filter>source\math</Filter>
    </ClInclude>
    <ClInclude Include="..\source\math\brfixedvector4d.h">
      <Filter>source\math</Filter>
    </ClInclude>
    <ClInclude Include="..\source\math\brfloatingpoint.h">
      <Filter>source\math</Filter>
    </ClInclude>
    <ClInclude Include="..\source\math\brfphalf.h">
      <Filter>source\math</Filter>
    </ClInclude>
    <ClInclude Include="..\source\math\brfpinfo.h">
      <Filter>source\math</Filter>
    </ClInclude>
    <ClInclude Include="..\source\math\brfplargeint.h">
      <Filter>source\math</Filter>
    </ClInclude>
    <ClInclude Include="..\source\math\brfpprintinfo.h">
      <Filter>source\math</Filter>
    </ClInclude>
    <ClInclude Include="..\source\math\brmatrix3d.h">
      <Filter>source\math</Filter>
    </ClInclude>
    <ClInclude Include="..\source\math\brmatrix4d.h">
      <Filter>source\math</Filter>
    </ClInclude>
    <ClInclude Include="..\source\math\brvector2d.h">
      <Filter>source\math</Filter>
    </ClInclude>
    <ClInclude Include="..\source\math\brvector3d.h">
      <Filter>source\math</Filter>
    </ClInclude>
    <ClInclude Include="..\source\math\brvector4d.h">
      <Filter>source\math</Filter>
    </ClInclude>
    <ClInclude Include="..\source\memory\brglobalmemorymanager.h">
      <Filter>source\memory</Filter>
    </ClInclude>
    <ClInclude Include="..\source\memory\brmemoryhandle.h">
      <Filter>source\memory</Filter>
    </ClInclude>
    <ClInclude Include="..\source\memory\brmemorymanager.h">
      <Filter>source\memory</Filter>
    </ClInclude>
    <ClInclude Include="..\source\platforms\windows\brdisplaydib.h">
      <Filter>source\platforms\windows</Filter>
    </ClInclude>
    <ClInclude Include="..\source\platforms\windows\brdisplaydibsoftware8.h">
      <Filter>source\platforms\windows</Filter>
    </ClInclude>
    <ClInclude Include="..\source\platforms\windows\brdisplaydirectx11.h">
      <Filter>source\platforms\windows</Filter>
    </ClInclude>
    <ClInclude Include="..\source\platforms\windows\brdisplaydirectx9.h">
      <Filter>source\platforms\windows</Filter>
    </ClInclude>
    <ClInclude Include="..\source\platforms\windows\brdisplaydirectx9software8.h">
      <Filter>source\platforms\windows</Filter>
    </ClInclude>
    <ClInclude Include="..\source\platforms\windows\brstartup.h">
      <Filter>source\platforms\windows</Filter>
    </ClInclude>
    <ClInclude Include="..\source\platforms\windows\brtexturedirectx9.h">
      <Filter>source\platforms\windows</Filter>
    </ClInclude>
    <ClInclude Include="..\source\platforms\windows\brvertexbufferdirectx9.h">
      <Filter>source\platforms\windows</Filter>
    </ClInclude>
    <ClInclude Include="..\source\platforms\windows\brwindowstypes.h">
      <Filter>source\platforms\windows</Filter>
    </ClInclude>
    <ClInclude Include="..\source\platforms\windows\generated\ps20display8bitdx9.h">
      <Filter>source\platforms\windows\generated</Filter>
    </ClInclude>
    <ClInclude Include="..\source\platforms\windows\templatewindows.h">
      <Filter>source\platforms\windows</Filter>
    </ClInclude>
    <ClInclude Include="..\source\platforms\windows\win_d3d11.h">
      <Filter>source\platforms\windows</Filter>
    </ClInclude>
    <ClInclude Include="..\source\platforms\windows\win_d3d9.h">
      <Filter>source\platforms\windows</Filter>
    </ClInclude>
    <ClInclude Include="..\source\platforms\windows\win_ddraw.h">
      <Filter>source\platforms\windows</Filter>
    </ClInclude>
    <ClInclude Include="..\source\platforms\windows\win_dinput.h">
      <Filter>source\platforms\windows</Filter>
    </ClInclude>
    <ClInclude Include="..\source\platforms\windows\win_directxdata.h">
      <Filter>source\platforms\windows</Filter>
    </ClInclude>
    <ClInclude Include="..\source\platforms\windows\win_dplay.h">
      <Filter>source\platforms\windows</Filter>
    </ClInclude>
    <ClInclude Include="..\source\platforms\windows\win_dsound.h">
      <Filter>source\platforms\windows</Filter>
    </ClInclude>
    <ClInclude Include="..\source\platforms\windows\win_error.h">
      <Filter>source\platforms\windows</Filter>
    </ClInclude>
    <ClInclude Include="..\source\platforms\windows\win_globals.h">
      <Filter>source\platforms\windows</Filter>
    </ClInclude>
    <ClInclude Include="..\source\platforms\windows\win_hid.h">
      <Filter>source\platforms\windows</Filter>
    </ClInclude>
    <ClInclude Include="..\source\platforms\windows\win_kernel32.h">
      <Filter>source\platforms\windows</Filter>
    </ClInclude>
    <ClInclude Include="..\source\platforms\windows\win_launcher.h">
      <Filter>source\platforms\windows</Filter>
    </ClInclude>
    <ClInclude Include="..\source\platforms\windows\win_loadlibrary.h">
      <Filter>source\platforms\windows</Filter>
    </ClInclude>
    <ClInclude Include="..\source\platforms\windows\win_memorymanager.h">
      <Filter>source\platforms\windows</Filter>
    </ClInclude>
    <ClInclude Include="..\source\platforms\windows\win_platformshims.h">
      <Filter>source\platforms\windows</Filter>
    </ClInclude>
    <ClInclude Include="..\source\platforms\windows\win_registry.h">
      <Filter>source\platforms\windows</Filter>
    </ClInclude>
    <ClInclude Include="..\source\platforms\windows\win_rpcrt4.h">
      <Filter>source\platforms\windows</Filter>
    </ClInclude>
    <ClInclude Include="..\source\platforms\windows\win_setupapi.h">
      <Filter>source\platforms\windows</Filter>
    </ClInclude>
    <ClInclude Include="..\source\platforms\windows\win_shell32.h">
      <Filter>source\platforms\windows</Filter>
    </ClInclude>
    <ClInclude Include="..\source\platforms\windows\win_shlwapi.h">
      <Filter>source\platforms\windows</Filter>
    </ClInclude>
    <ClInclude Include="..\source\platforms\windows\win_types.h">
      <Filter>source\platforms\windows</Filter>
    </ClInclude>
    <ClInclude Include="..\source\platforms\windows\win_user32.h">
      <Filter>source\platforms\windows</Filter>
    </ClInclude>
    <ClInclude Include="..\source\platforms\windows\win_version.h">
      <Filter>source\platforms\windows</Filter>
    </ClInclude>
    <ClInclude Include="..\source\platforms\windows\win_windows.h">
      <Filter>source\platforms\windows</Filter>
    </ClInclude>
    <ClInclude Include="..\source\platforms\windows\win_winmm.h">
      <Filter>source\platforms\windows</Filter>
    </ClInclude>
    <ClInclude Include="..\source\platforms\windows\win_winutils.h">
      <Filter>source\platforms\windows</Filter>
    </ClInclude>
    <ClInclude Include="..\source\platforms\windows\win_xinput.h">
      <Filter>source\platforms\windows</Filter>
    </ClInclude>
    <ClInclude Include="..\source\random\brmersennetwist.h">
      <Filter>source\random</Filter>
    </ClInclude>
    <ClInclude Include="..\source\random\brrandom.h">
      <Filter>source\random</Filter>
    </ClInclude>
    <ClInclude Include="..\source\random\brrandombase.h">
      <Filter>source\random</Filter>
    </ClInclude>
    <ClInclude Include="..\source\templateburgerbase.h">
      <Filter>source</Filter>
    </ClInclude>
    <ClInclude Include="..\source\text\brasciito.h">
      <Filter>source\text</Filter>
    </ClInclude>
    <ClInclude Include="..\source\text\brcodepage.h">
      <Filter>source\text</Filter>
    </ClInclude>
    <ClInclude Include="..\source\text\brisolatin1.h">
      <Filter>source\text</Filter>
    </ClInclude>
    <ClInclude Include="..\source\text\brlocalization.h">
      <Filter>source\text</Filter>
    </ClInclude>
    <ClInclude Include="..\source\text\brmacromanus.h">
      <Filter>source\text</Filter>
    </ClInclude>
    <ClInclude Include="..\source\text\brmemoryfunctions.h">
      <Filter>source\text</Filter>
    </ClInclude>
    <ClInclude Include="..\source\text\brnumberstring.h">
      <Filter>source\text</Filter>
    </ClInclude>
    <ClInclude Include="..\source\text\brnumberstringhex.h">
      <Filter>source\text</Filter>
    </ClInclude>
    <ClInclude Include="..\source\text\brnumberto.h">
      <Filter>source\text</Filter>
    </ClInclude>
    <ClInclude Include="..\source\text\brosstringfunctions.h">
      <Filter>source\text</Filter>
    </ClInclude>
    <ClInclude Include="..\source\text\brprintf.h">
      <Filter>source\text</Filter>
    </ClInclude>
    <ClInclude Include="..\source\text\brsimplestring.h">
      <Filter>source\text</Filter>
    </ClInclude>
    <ClInclude Include="..\source\text\brstring.h">
      <Filter>source\text</Filter>
    </ClInclude>
    <ClInclude Include="..\source\text\brstring16.h">
      <Filter>source\text</Filter>
    </ClInclude>
    <ClInclude Include="..\source\text\brstringfunctions.h">
      <Filter>source\text</Filter>
    </ClInclude>
    <ClInclude Include="..\source\text\brutf16.h">
      <Filter>source\text</Filter>
    </ClInclude>
    <ClInclude Include="..\source\text\brutf32.h">
      <Filter>source\text</Filter>
    </ClInclude>
    <ClInclude Include="..\source\text\brutf8.h">
      <Filter>source\text</Filter>
    </ClInclude>
    <ClInclude Include="..\source\text\brwin1252.h">
      <Filter>source\text</Filter>
    </ClInclude>
    <ClInclude Include="..\source\text\brwin437.h">
      <Filter>source\text</Filter>
    </ClInclude>
    <ClInclude Include="..\unittest\common.h">
      <Filter>unittest</Filter>
    </ClInclude>
    <ClInclude Include="..\unittest\createtables.h">
      <Filter>unittest</Filter>
    </ClInclude>
    <ClInclude Include="..\unittest\testbralgorithm.h">
      <Filter>unittest</Filter>
    </ClInclude>
    <ClInclude Include="..\unittest\testbrcodelibrary.h">
      <Filter>unittest</Filter>
    </ClInclude>
    <ClInclude Include="..\unittest\testbrcompression.h">
      <Filter>unittest</Filter>
    </ClInclude>
    <ClInclude Include="..\unittest\testbrdisplay.h">
      <Filter>unittest</Filter>
    </ClInclude>
    <ClInclude Include="..\unittest\testbrendian.h">
      <Filter>unittest</Filter>
    </ClInclude>
    <ClInclude Include="..\unittest\testbrfileloaders.h">
      <Filter>unittest</Filter>
    </ClInclude>
    <ClInclude Include="..\unittest\testbrfilemanager.h">
      <Filter>unittest</Filter>
    </ClInclude>
    <ClInclude Include="..\unittest\testbrfixedpoint.h">
      <Filter>unittest</Filter>
    </ClInclude>
    <ClInclude Include="..\unittest\testbrfloatingpoint.h">
      <Filter>unittest</Filter>
    </ClInclude>
    <ClInclude Include="..\unittest\testbrhashes.h">
      <Filter>unittest</Filter>
    </ClInclude>
    <ClInclude Include="..\unittest\testbrmatrix3d.h">
      <Filter>unittest</Filter>
    </ClInclude>
    <ClInclude Include="..\unittest\testbrmatrix4d.h">
      <Filter>unittest</Filter>
    </ClInclude>
    <ClInclude Include="..\unittest\testbrnumberto.h">
      <Filter>unittest</Filter>
    </ClInclude>
    <ClInclude Include="..\unittest\testbrprintf.h">
      <Filter>unittest</Filter>
    </ClInclude>
    <ClInclude Include="..\unittest\testbrstaticrtti.h">
      <Filter>unittest</Filter>
    </ClInclude>
    <ClInclude Include="..\unittest\testbrstrings.h">
      <Filter>unittest</Filter>
    </ClInclude>
    <ClInclude Include="..\unittest\testbrtimedate.h">
      <Filter>unittest</Filter>
    </ClInclude>
    <ClInclude Include="..\unittest\testbrtypes.h">
      <Filter>unittest</Filter>
    </ClInclude>
    <ClInclude Include="..\unittest\testcharset.h">
      <Filter>unittest</Filter>
    </ClInclude>
    <ClInclude Include="..\unittest\testmacros.h">
      <Filter>unittest</Filter>
    </ClInclude>
    <ClCompile Include="..\source\ansi\brcapturestdout.cpp">
      <Filter>source\ansi</Filter>
    </ClCompile>
    <ClCompile Include="..\source\ansi\brfileansihelpers.cpp">
      <Filter>source\ansi</Filter>
    </ClCompile>
    <ClCompile Include="..\source\ansi\brmemoryansi.cpp">
      <Filter>source\ansi</Filter>
    </ClCompile>
    <ClCompile Include="..\source\ansi\brstdouthelpers.cpp">
      <Filter>source\ansi</Filter>
    </ClCompile>
    <ClCompile Include="..\source\audio\bralaw.cpp">
      <Filter>source\audio</Filter>
    </ClCompile>
    <ClCompile Include="..\source\audio\brimportit.cpp">
      <Filter>source\audio</Filter>
    </ClCompile>
    <ClCompile Include="..\source\audio\brimports3m.cpp">
      <Filter>source\audio</Filter>
    </ClCompile>
    <ClCompile Include="..\source\audio\brimportxm.cpp">
      <Filter>source\audio</Filter>
    </ClCompile>
    <ClCompile Include="..\source\audio\brmace.cpp">
      <Filter>source\audio</Filter>
    </ClCompile>
    <ClCompile Include="..\source\audio\brmicrosoftadpcm.cpp">
      <Filter>source\audio</Filter>
    </ClCompile>
    <ClCompile Include="..\source\audio\brsequencer.cpp">
      <Filter>source\audio</Filter>
    </ClCompile>
    <ClCompile Include="..\source\audio\brsound.cpp">
      <Filter>source\audio</Filter>
    </ClCompile>
    <ClCompile Include="..\source\audio\brsoundbufferrez.cpp">
      <Filter>source\audio</Filter>
    </ClCompile>
    <ClCompile Include="..\source\audio\brsounddecompress.cpp">
      <Filter>source\audio</Filter>
    </ClCompile>
    <ClCompile Include="..\source\audio\brulaw.cpp">
      <Filter>source\audio</Filter>
    </ClCompile>
    <ClCompile Include="..\source\commandline\brcommandparameter.cpp">
      <Filter>source\commandline</Filter>
    </ClCompile>
    <ClCompile Include="..\source\commandline\brcommandparameterbooltrue.cpp">
      <Filter>source\commandline</Filter>
    </ClCompile>
    <ClCompile Include="..\source\commandline\brcommandparameterstring.cpp">
      <Filter>source\commandline</Filter>
    </ClCompile>
    <ClCompile Include="..\source\commandline\brcommandparameterwordptr.cpp">
      <Filter>source\commandline</Filter>
    </ClCompile>
    <ClCompile Include="..\source\commandline\brconsolemanager.cpp">
      <Filter>source\commandline</Filter>
    </ClCompile>
    <ClCompile Include="..\source\commandline\brgameapp.cpp">
      <Filter>source\commandline</Filter>
    </ClCompile>
    <ClCompile Include="..\source\compression\bradler16.cpp">
      <Filter>source\compression</Filter>
    </ClCompile>
    <ClCompile Include="..\source\compression\bradler32.cpp">
      <Filter>source\compression</Filter>
    </ClCompile>
    <ClCompile Include="..\source\compression\brcompress.cpp">
      <Filter>source\compression</Filter>
    </ClCompile>
    <ClCompile Include="..\source\compression\brcompressdeflate.cpp">
      <Filter>source\compression</Filter>
    </ClCompile>
    <ClCompile Include="..\source\compression\brcompresslbmrle.cpp">
      <Filter>source\compression</Filter>
    </ClCompile>
    <ClCompile Include="..\source\compression\brcompresslzss.cpp">
      <Filter>source\compression</Filter>
    </ClCompile>
    <ClCompile Include="..\source\compression\brcrc16.cpp">
      <Filter>source\compression</Filter>
    </ClCompile>
    <ClCompile Include="..\source\compression\brcrc32.cpp">
      <Filter>source\compression</Filter>
    </ClCompile>
    <ClCompile Include="..\source\compression\brdecompress.cpp">
      <Filter>source\compression</Filter>
    </ClCompile>
    <ClCompile Include="..\source\compression\brdecompressdeflate.cpp">
      <Filter>source\compression</Filter>
    </ClCompile>
    <ClCompile Include="..\source\compression\brdecompresslbmrle.cpp">
      <Filter>source\compression</Filter>
    </ClCompile>
    <ClCompile Include="..\source\compression\brdecompresslzss.cpp">
      <Filter>source\compression</Filter>
    </ClCompile>
    <ClCompile Include="..\source\compression\brdjb2hash.cpp">
      <Filter>source\compression</Filter>
    </ClCompile>
    <ClCompile Include="..\source\compression\brdxt1.cpp">
      <Filter>source\compression</Filter>
    </ClCompile>
    <ClCompile Include="..\source\compression\brdxt3.cpp">
      <Filter>source\compression</Filter>
    </ClCompile>
    <ClCompile Include="..\source\compression\brdxt5.cpp">
      <Filter>source\compression</Filter>
    </ClCompile>
    <ClCompile Include="..\source\compression\brgost.cpp">
      <Filter>source\compression</Filter>
    </ClCompile>
    <ClCompile Include="..\source\compression\brhashmap.cpp">
      <Filter>source\compression</Filter>
    </ClCompile>
    <ClCompile Include="..\source\compression\brmd2.cpp">
      <Filter>source\compression</Filter>
    </ClCompile>
    <ClCompile Include="..\source\compression\brmd4.cpp">
      <Filter>source\compression</Filter>
    </ClCompile>
    <ClCompile Include="..\source\compression\brmd5.cpp">
      <Filter>source\compression</Filter>
    </ClCompile>
    <ClCompile Include="..\source\compression\brpackfloat.cpp">
      <Filter>source\compression</Filter>
    </ClCompile>
    <ClCompile Include="..\source\compression\brsdbmhash.cpp">
      <Filter>source\compression</Filter>
    </ClCompile>
    <ClCompile Include="..\source\compression\brsha1.cpp">
      <Filter>source\compression</Filter>
    </ClCompile>
    <ClCompile Include="..\source\compression\brunpackbytes.cpp">
      <Filter>source\compression</Filter>
    </ClCompile>
    <ClCompile Include="..\source\file\brdirectorysearch.cpp">
      <Filter>source\file</Filter>
    </ClCompile>
    <ClCompile Include="..\source\file\brfile.cpp">
      <Filter>source\file</Filter>
    </ClCompile>
    <ClCompile Include="..\source\file\brfileapf.cpp">
      <Filter>source\file</Filter>
    </ClCompile>
    <ClCompile Include="..\source\file\brfilebmp.cpp">
      <Filter>source\file</Filter>
    </ClCompile>
    <ClCompile Include="..\source\file\brfiledds.cpp">
      <Filter>source\file</Filter>
    </ClCompile>
    <ClCompile Include="..\source\file\brfilegif.cpp">
      <Filter>source\file</Filter>
    </ClCompile>
    <ClCompile Include="..\source\file\brfileini.cpp">
      <Filter>source\file</Filter>
    </ClCompile>
    <ClCompile Include="..\source\file\brfilelbm.cpp">
      <Filter>source\file</Filter>
    </ClCompile>
    <ClCompile Include="..\source\file\brfilemanager.cpp">
      <Filter>source\file</Filter>
    </ClCompile>
    <ClCompile Include="..\source\file\brfilemp3.cpp">
      <Filter>source\file</Filter>
    </ClCompile>
    <ClCompile Include="..\source\file\brfilename.cpp">
      <Filter>source\file</Filter>
    </ClCompile>
    <ClCompile Include="..\source\file\brfilepcx.cpp">
      <Filter>source\file</Filter>
    </ClCompile>
    <ClCompile Include="..\source\file\brfilepng.cpp">
      <Filter>source\file</Filter>
    </ClCompile>
    <ClCompile Include="..\source\file\brfiletga.cpp">
      <Filter>source\file</Filter>
    </ClCompile>
    <ClCompile Include="..\source\file\brfilexml.cpp">
      <Filter>source\file</Filter>
    </ClCompile>
    <ClCompile Include="..\source\file\brinputmemorystream.cpp">
      <Filter>source\file</Filter>
    </ClCompile>
    <ClCompile Include="..\source\file\broutputmemorystream.cpp">
      <Filter>source\file</Filter>
    </ClCompile>
    <ClCompile Include="..\source\file\brrezfile.cpp">
      <Filter>source\file</Filter>
    </ClCompile>
    <ClCompile Include="..\source\flashplayer\brflashaction.cpp">
      <Filter>source\flashplayer</Filter>
    </ClCompile>
    <ClCompile Include="..\source\flashplayer\brflashactionvalue.cpp">
      <Filter>source\flashplayer</Filter>
    </ClCompile>
    <ClCompile Include="..\source\flashplayer\brflashavm2.cpp">
      <Filter>source\flashplayer</Filter>
    </ClCompile>
    <ClCompile Include="..\source\flashplayer\brflashcolortransform.cpp">
      <Filter>source\flashplayer</Filter>
    </ClCompile>
    <ClCompile Include="..\source\flashplayer\brflashdisasmactionscript.cpp">
      <Filter>source\flashplayer</Filter>
    </ClCompile>
    <ClCompile Include="..\source\flashplayer\brflashmanager.cpp">
      <Filter>source\flashplayer</Filter>
    </ClCompile>
    <ClCompile Include="..\source\flashplayer\brflashmatrix23.cpp">
      <Filter>source\flashplayer</Filter>
    </ClCompile>
    <ClCompile Include="..\source\flashplayer\brflashrect.cpp">
      <Filter>source\flashplayer</Filter>
    </ClCompile>
    <ClCompile Include="..\source\flashplayer\brflashrgba.cpp">
      <Filter>source\flashplayer</Filter>
    </ClCompile>
    <ClCompile Include="..\source\flashplayer\brflashstream.cpp">
      <Filter>source\flashplayer</Filter>
    </ClCompile>
    <ClCompile Include="..\source\flashplayer\brflashutils.cpp">
      <Filter>source\flashplayer</Filter>
    </ClCompile>
    <ClCompile Include="..\source\graphics\brdisplay.cpp">
      <Filter>source\graphics</Filter>
    </ClCompile>
    <ClCompile Include="..\source\graphics\brdisplayobject.cpp">
      <Filter>source\graphics</Filter>
    </ClCompile>
    <ClCompile Include="..\source\graphics\brdisplayopengl.cpp">
      <Filter>source\graphics</Filter>
    </ClCompile>
    <ClCompile Include="..\source\graphics\brdisplayopenglsoftware8.cpp">
      <Filter>source\graphics</Filter>
    </ClCompile>
    <ClCompile Include="..\source\graphics\brfont.cpp">
      <Filter>source\graphics</Filter>
    </ClCompile>
    <ClCompile Include="..\source\graphics\brfont4bit.cpp">
      <Filter>source\graphics</Filter>
    </ClCompile>
    <ClCompile Include="..\source\graphics\brimage.cpp">
      <Filter>source\graphics</Filter>
    </ClCompile>
    <ClCompile Include="..\source\graphics\brpalette.cpp">
      <Filter>source\graphics</Filter>
    </ClCompile>
    <ClCompile Include="..\source\graphics\brpoint2d.cpp">
      <Filter>source\graphics</Filter>
    </ClCompile>
    <ClCompile Include="..\source\graphics\brrect.cpp">
      <Filter>source\graphics</Filter>
    </ClCompile>
    <ClCompile Include="..\source\graphics\brrenderer.cpp">
      <Filter>source\graphics</Filter>
    </ClCompile>
    <ClCompile Include="..\source\graphics\brrenderersoftware16.cpp">
      <Filter>source\graphics</Filter>
    </ClCompile>
    <ClCompile Include="..\source\graphics\brrenderersoftware8.cpp">
      <Filter>source\graphics</Filter>
    </ClCompile>
    <ClCompile Include="..\source\graphics\brshape8bit.cpp">
      <Filter>source\graphics</Filter>
    </ClCompile>
    <ClCompile Include="..\source\graphics\brtexture.cpp">
      <Filter>source\graphics</Filter>
    </ClCompile>
    <ClCompile Include="..\source\graphics\brtextureopengl.cpp">
      <Filter>source\graphics</Filter>
    </ClCompile>
    <ClCompile Include="..\source\graphics\brvertexbuffer.cpp">
      <Filter>source\graphics</Filter>
    </ClCompile>
    <ClCompile Include="..\source\graphics\brvertexbufferopengl.cpp">
      <Filter>source\graphics</Filter>
    </ClCompile>
    <ClCompile Include="..\source\graphics\effects\breffect.cpp">
      <Filter>source\graphics\effects</Filter>
    </ClCompile>
    <ClCompile Include="..\source\graphics\effects\breffect2d.cpp">
      <Filter>source\graphics\effects</Filter>
    </ClCompile>
    <ClCompile Include="..\source\graphics\effects\breffectpositiontexturecolor.cpp">
      <Filter>source\graphics\effects</Filter>
    </ClCompile>
    <ClCompile Include="..\source\graphics\effects\breffectstaticpositiontexture.cpp">
      <Filter>source\graphics\effects</Filter>
    </ClCompile>
    <ClCompile Include="..\source\graphics\effects\brshaders.cpp">
      <Filter>source\graphics\effects</Filter>
    </ClCompile>
    <ClCompile Include="..\source\graphics\shaders\brshader2dccolor.cpp">
      <Filter>source\graphics\shaders</Filter>
    </ClCompile>
    <ClCompile Include="..\source\graphics\shaders\brshader2dcolorvertex.cpp">
      <Filter>source\graphics\shaders</Filter>
    </ClCompile>
    <ClCompile Include="..\source\graphics\vulkan\brvulkanerrors.cpp">
      <Filter>source\graphics\vulkan</Filter>
    </ClCompile>
    <ClCompile Include="..\source\input\brjoypad.cpp">
      <Filter>source\input</Filter>
    </ClCompile>
    <ClCompile Include="..\source\input\brkeyboard.cpp">
      <Filter>source\input</Filter>
    </ClCompile>
    <ClCompile Include="..\source\input\brmouse.cpp">
      <Filter>source\input</Filter>
    </ClCompile>
    <ClCompile Include="..\source\lowlevel\bralgorithm.cpp">
      <Filter>source\lowlevel</Filter>
    </ClCompile>
    <ClCompile Include="..\source\lowlevel\brargumenttype.cpp">
      <Filter>source\lowlevel</Filter>
    </ClCompile>
    <ClCompile Include="..\source\lowlevel\brarray.cpp">
      <Filter>source\lowlevel</Filter>
    </ClCompile>
    <ClCompile Include="..\source\lowlevel\brassert.cpp">
      <Filter>source\lowlevel</Filter>
    </ClCompile>
    <ClCompile Include="..\source\lowlevel\bratomic.cpp">
      <Filter>source\lowlevel</Filter>
    </ClCompile>
    <ClCompile Include="..\source\lowlevel\brautorepeat.cpp">
      <Filter>source\lowlevel</Filter>
    </ClCompile>
    <ClCompile Include="..\source\lowlevel\brbase.cpp">
      <Filter>source\lowlevel</Filter>
    </ClCompile>
    <ClCompile Include="..\source\lowlevel\brcodelibrary.cpp">
      <Filter>source\lowlevel</Filter>
    </ClCompile>
    <ClCompile Include="..\source\lowlevel\brcriticalsection.cpp">
      <Filter>source\lowlevel</Filter>
    </ClCompile>
    <ClCompile Include="..\source\lowlevel\brdebug.cpp">
      <Filter>source\lowlevel</Filter>
    </ClCompile>
    <ClCompile Include="..\source\lowlevel\brdetectmultilaunch.cpp">
      <Filter>source\lowlevel</Filter>
    </ClCompile>
    <ClCompile Include="..\source\lowlevel\brdoublylinkedlist.cpp">
      <Filter>source\lowlevel</Filter>
    </ClCompile>
    <ClCompile Include="..\source\lowlevel\brendian.cpp">
      <Filter>source\lowlevel</Filter>
    </ClCompile>
    <ClCompile Include="..\source\lowlevel\brerror.cpp">
      <Filter>source\lowlevel</Filter>
    </ClCompile>
    <ClCompile Include="..\source\lowlevel\brglobals.cpp">
      <Filter>source\lowlevel</Filter>
    </ClCompile>
    <ClCompile Include="..\source\lowlevel\brgridindex.cpp">
      <Filter>source\lowlevel</Filter>
    </ClCompile>
    <ClCompile Include="..\source\lowlevel\brguid.cpp">
      <Filter>source\lowlevel</Filter>
    </ClCompile>
    <ClCompile Include="..\source\lowlevel\brintrinsics.cpp">
      <Filter>source\lowlevel</Filter>
    </ClCompile>
    <ClCompile Include="..\source\lowlevel\brlastinfirstout.cpp">
      <Filter>source\lowlevel</Filter>
    </ClCompile>
    <ClCompile Include="..\source\lowlevel\brlinkedlistobject.cpp">
      <Filter>source\lowlevel</Filter>
    </ClCompile>
    <ClCompile Include="..\source\lowlevel\brlinkedlistpointer.cpp">
      <Filter>source\lowlevel</Filter>
    </ClCompile>
    <ClCompile Include="..\source\lowlevel\broscursor.cpp">
      <Filter>source\lowlevel</Filter>
    </ClCompile>
    <ClCompile Include="..\source\lowlevel\brpair.cpp">
      <Filter>source\lowlevel</Filter>
    </ClCompile>
    <ClCompile Include="..\source\lowlevel\brperforce.cpp">
      <Filter>source\lowlevel</Filter>
    </ClCompile>
    <ClCompile Include="..\source\lowlevel\brqueue.cpp">
      <Filter>source\lowlevel</Filter>
    </ClCompile>
    <ClCompile Include="..\source\lowlevel\brrunqueue.cpp">
      <Filter>source\lowlevel</Filter>
    </ClCompile>
    <ClCompile Include="..\source\lowlevel\brsimplearray.cpp">
      <Filter>source\lowlevel</Filter>
    </ClCompile>
    <ClCompile Include="..\source\lowlevel\brsmartpointer.cpp">
      <Filter>source\lowlevel</Filter>
    </ClCompile>
    <ClCompile Include="..\source\lowlevel\brstaticrtti.cpp">
      <Filter>source\lowlevel</Filter>
    </ClCompile>
    <ClCompile Include="..\source\lowlevel\brstructs.cpp">
      <Filter>source\lowlevel</Filter>
    </ClCompile>
    <ClCompile Include="..\source\lowlevel\brtemplates.cpp">
      <Filter>source\lowlevel</Filter>
    </ClCompile>
    <ClCompile Include="..\source\lowlevel\brthread.cpp">
      <Filter>source\lowlevel</Filter>
    </ClCompile>
    <ClCompile Include="..\source\lowlevel\brtick.cpp">
      <Filter>source\lowlevel</Filter>
    </ClCompile>
    <ClCompile Include="..\source\lowlevel\brtimedate.cpp">
      <Filter>source\lowlevel</Filter>
    </ClCompile>
    <ClCompile Include="..\source\lowlevel\brtypes.cpp">
      <Filter>source\lowlevel</Filter>
    </ClCompile>
    <ClCompile Include="..\source\math\brearcliptriangulate.cpp">
      <Filter>source\math</Filter>
    </ClCompile>
    <ClCompile Include="..\source\math\brfixedmatrix3d.cpp">
      <Filter>source\math</Filter>
    </ClCompile>
    <ClCompile Include="..\source\math\brfixedmatrix4d.cpp">
      <Filter>source\math</Filter>
    </ClCompile>
    <ClCompile Include="..\source\math\brfixedpoint.cpp">
      <Filter>source\math</Filter>
    </ClCompile>
    <ClCompile Include="..\source\math\brfixedvector2d.cpp">
      <Filter>source\math</Filter>
    </ClCompile>
    <ClCompile Include="..\source\math\brfixedvector3d.cpp">
      <Filter>source\math</Filter>
    </ClCompile>
    <ClCompile Include="..\source\math\brfixedvector4d.cpp">
      <Filter>source\math</Filter>
    </ClCompile>
    <ClCompile Include="..\source\math\brfloatingpoint.cpp">
      <Filter>source\math</Filter>
    </ClCompile>
    <ClCompile Include="..\source\math\brfphalf.cpp">
      <Filter>source\math</Filter>
    </ClCompile>
    <ClCompile Include="..\source\math\brfpinfo.cpp">
      <Filter>source\math</Filter>
    </ClCompile>
    <ClCompile Include="..\source\math\brfplargeint.cpp">
      <Filter>source\math</Filter>
    </ClCompile>
    <ClCompile Include="..\source\math\brfpprintinfo.cpp">
      <Filter>source\math</Filter>
    </ClCompile>
    <ClCompile Include="..\source\math\brmatrix3d.cpp">
      <Filter>source\math</Filter>
    </ClCompile>
    <ClCompile Include="..\source\math\brmatrix4d.cpp">
      <Filter>source\math</Filter>
    </ClCompile>
    <ClCompile Include="..\source\math\brsinecosine.cpp">
      <Filter>source\math</Filter>
    </ClCompile>
    <ClCompile Include="..\source\math\brvector2d.cpp">
      <Filter>source\math</Filter>
    </ClCompile>
    <ClCompile Include="..\source\math\brvector3d.cpp">
      <Filter>source\math</Filter>
    </ClCompile>
    <ClCompile Include="..\source\math\brvector4d.cpp">
      <Filter>source\math</Filter>
    </ClCompile>
    <ClCompile Include="..\source\memory\brglobalmemorymanager.cpp">
      <Filter>source\memory</Filter>
    </ClCompile>
    <ClCompile Include="..\source\memory\brmemoryhandle.cpp">
      <Filter>source\memory</Filter>
    </ClCompile>
    <ClCompile Include="..\source\memory\brmemorymanager.cpp">
      <Filter>source\memory</Filter>
    </ClCompile>
    <ClCompile Include="..\source\platforms\windows\brcodelibrarywindows.cpp">
      <Filter>source\platforms\windows</Filter>
    </ClCompile>
    <ClCompile Include="..\source\platforms\windows\brconsolemanagerwindows.cpp">
      <Filter>source\platforms\windows</Filter>
    </ClCompile>
    <ClCompile Include="..\source\platforms\windows\brcriticalsectionwindows.cpp">
      <Filter>source\platforms\windows</Filter>
    </ClCompile>
    <ClCompile Include="..\source\platforms\windows\brdebugwindows.cpp">
      <Filter>source\platforms\windows</Filter>
    </ClCompile>
    <ClCompile Include="..\source\platforms\windows\brdetectmultilaunchwindows.cpp">
      <Filter>source\platforms\windows</Filter>
    </ClCompile>
    <ClCompile Include="..\source\platforms\windows\brdirectorysearchwindows.cpp">
      <Filter>source\platforms\windows</Filter>
    </ClCompile>
    <ClCompile Include="..\source\platforms\windows\brdisplaybasewindows.cpp">
      <Filter>source\platforms\windows</Filter>
    </ClCompile>
    <ClCompile Include="..\source\platforms\windows\brdisplaydibsoftware8windows.cpp">
      <Filter>source\platforms\windows</Filter>
    </ClCompile>
    <ClCompile Include="..\source\platforms\windows\brdisplaydibwindows.cpp">
      <Filter>source\platforms\windows</Filter>
    </ClCompile>
    <ClCompile Include="..\source\platforms\windows\brdisplaydirectx11windows.cpp">
      <Filter>source\platforms\windows</Filter>
    </ClCompile>
    <ClCompile Include="..\source\platforms\windows\brdisplaydirectx9software8windows.cpp">
      <Filter>source\platforms\windows</Filter>
    </ClCompile>
    <ClCompile Include="..\source\platforms\windows\brdisplaydirectx9windows.cpp">
      <Filter>source\platforms\windows</Filter>
    </ClCompile>
    <ClCompile Include="..\source\platforms\windows\brdisplayopenglwindows.cpp">
      <Filter>source\platforms\windows</Filter>
    </ClCompile>
    <ClCompile Include="..\source\platforms\windows\brfilemanagerwindows.cpp">
      <Filter>source\platforms\windows</Filter>
    </ClCompile>
    <ClCompile Include="..\source\platforms\windows\brfilenamewindows.cpp">
      <Filter>source\platforms\windows</Filter>
    </ClCompile>
    <ClCompile Include="..\source\platforms\windows\brfilewindows.cpp">
      <Filter>source\platforms\windows</Filter>
    </ClCompile>
    <ClCompile Include="..\source\platforms\windows\brglobalsshimswindows.cpp">
      <Filter>source\platforms\windows</Filter>
    </ClCompile>
    <ClCompile Include="..\source\platforms\windows\brglobalswindows.cpp">
      <Filter>source\platforms\windows</Filter>
    </ClCompile>
    <ClCompile Include="..\source\platforms\windows\brguidwindows.cpp">
      <Filter>source\platforms\windows</Filter>
    </ClCompile>
    <ClCompile Include="..\source\platforms\windows\brjoypadwindows.cpp">
      <Filter>source\platforms\windows</Filter>
    </ClCompile>
    <ClCompile Include="..\source\platforms\windows\brkeyboardwindows.cpp">
      <Filter>source\platforms\windows</Filter>
    </ClCompile>
    <ClCompile Include="..\source\platforms\windows\brmemorymanagerwindows.cpp">
      <Filter>source\platforms\windows</Filter>
    </ClCompile>
    <ClCompile Include="..\source\platforms\windows\brmousewindows.cpp">
      <Filter>source\platforms\windows</Filter>
    </ClCompile>
    <ClCompile Include="..\source\platforms\windows\broscursorwindows.cpp">
      <Filter>source\platforms\windows</Filter>
    </ClCompile>
    <ClCompile Include="..\source\platforms\windows\brosstringfunctionswindows.cpp">
      <Filter>source\platforms\windows</Filter>
    </ClCompile>
    <ClCompile Include="..\source\platforms\windows\brperforcewindows.cpp">
      <Filter>source\platforms\windows</Filter>
    </ClCompile>
    <ClCompile Include="..\source\platforms\windows\brpoint2dwindows.cpp">
      <Filter>source\platforms\windows</Filter>
    </ClCompile>
    <ClCompile Include="..\source\platforms\windows\brrectwindows.cpp">
      <Filter>source\platforms\windows</Filter>
    </ClCompile>
    <ClCompile Include="..\source\platforms\windows\brsequencerwindows.cpp">
      <Filter>source\platforms\windows</Filter>
    </ClCompile>
    <ClCompile Include="..\source\platforms\windows\brsoundwindows.cpp">
      <Filter>source\platforms\windows</Filter>
    </ClCompile>
    <ClCompile Include="..\source\platforms\windows\brstdouthelperswindows.cpp">
      <Filter>source\platforms\windows</Filter>
    </ClCompile>
    <ClCompile Include="..\source\platforms\windows\brtexturedirectx9.cpp">
      <Filter>source\platforms\windows</Filter>
    </ClCompile>
    <ClCompile Include="..\source\platforms\windows\brthreadwindows.cpp">
      <Filter>source\platforms\windows</Filter>
    </ClCompile>
    <ClCompile Include="..\source\platforms\windows\brtickwindows.cpp">
      <Filter>source\platforms\windows</Filter>
    </ClCompile>
    <ClCompile Include="..\source\platforms\windows\brtimedatewindows.cpp">
      <Filter>source\platforms\windows</Filter>
    </ClCompile>
    <ClCompile Include="..\source\platforms\windows\brvertexbufferdirextx9.cpp">
      <Filter>source\platforms\windows</Filter>
    </ClCompile>
    <ClCompile Include="..\source\platforms\windows\brwindowsapp.cpp">
      <Filter>source\platforms\windows</Filter>
    </ClCompile>
    <ClCompile Include="..\source\platforms\windows\win_d3d11.cpp">
      <Filter>source\platforms\windows</Filter>
    </ClCompile>
    <ClCompile Include="..\source\platforms\windows\win_d3d9.cpp">
      <Filter>source\platforms\windows</Filter>
    </ClCompile>
    <ClCompile Include="..\source\platforms\windows\win_ddraw.cpp">
      <Filter>source\platforms\windows</Filter>
    </ClCompile>
    <ClCompile Include="..\source\platforms\windows\win_dinput.cpp">
      <Filter>source\platforms\windows</Filter>
    </ClCompile>
    <ClCompile Include="..\source\platforms\windows\win_directxdata.cpp">
      <Filter>source\platforms\windows</Filter>
    </ClCompile>
    <ClCompile Include="..\source\platforms\windows\win_dplay.cpp">
      <Filter>source\platforms\windows</Filter>
    </ClCompile>
    <ClCompile Include="..\source\platforms\windows\win_dsound.cpp">
      <Filter>source\platforms\windows</Filter>
    </ClCompile>
    <ClCompile Include="..\source\platforms\windows\win_error.cpp">
      <Filter>source\platforms\windows</Filter>
    </ClCompile>
    <ClCompile Include="..\source\platforms\windows\win_globals.cpp">
      <Filter>source\platforms\windows</Filter>
    </ClCompile>
    <ClCompile Include="..\source\platforms\windows\win_hid.cpp">
      <Filter>source\platforms\windows</Filter>
    </ClCompile>
    <ClCompile Include="..\source\platforms\windows\win_kernel32.cpp">
      <Filter>source\platforms\windows</Filter>
    </ClCompile>
    <ClCompile Include="..\source\platforms\windows\win_launcher.cpp">
      <Filter>source\platforms\windows</Filter>
    </ClCompile>
    <ClCompile Include="..\source\platforms\windows\win_loadlibrary.cpp">
      <Filter>source\platforms\windows</Filter>
    </ClCompile>
    <ClCompile Include="..\source\platforms\windows\win_memorymanager.cpp">
      <Filter>source\platforms\windows</Filter>
    </ClCompile>
    <ClCompile Include="..\source\platforms\windows\win_platformshims.cpp">
      <Filter>source\platforms\windows</Filter>
    </ClCompile>
    <ClCompile Include="..\source\platforms\windows\win_registry.cpp">
      <Filter>source\platforms\windows</Filter>
    </ClCompile>
    <ClCompile Include="..\source\platforms\windows\win_rpcrt4.cpp">
      <Filter>source\platforms\windows</Filter>
    </ClCompile>
    <ClCompile Include="..\source\platforms\windows\win_setupapi.cpp">
      <Filter>source\platforms\windows</Filter>
    </ClCompile>
    <ClCompile Include="..\source\platforms\windows\win_shell32.cpp">
      <Filter>source\platforms\windows</Filter>
    </ClCompile>
    <ClCompile Include="..\source\platforms\windows\win_shlwapi.cpp">
      <Filter>source\platforms\windows</Filter>
    </ClCompile>
    <ClCompile Include="..\source\platforms\windows\win_user32.cpp">
      <Filter>source\platforms\windows</Filter>
    </ClCompile>
    <ClCompile Include="..\source\platforms\windows\win_version.cpp">
      <Filter>source\platforms\windows</Filter>
    </ClCompile>
    <ClCompile Include="..\source\platforms\windows\win_winmm.cpp">
      <Filter>source\platforms\windows</Filter>
    </ClCompile>
    <ClCompile Include="..\source\platforms\windows\win_winutils.cpp">
      <Filter>source\platforms\windows</Filter>
    </ClCompile>
    <ClCompile Include="..\source\platforms\windows\win_xinput.cpp">
      <Filter>source\platforms\windows</Filter>
    </ClCompile>
    <ClCompile Include="..\source\random\brmersennetwist.cpp">
      <Filter>source\random</Filter>
    </ClCompile>
    <ClCompile Include="..\source\random\brrandom.cpp">
      <Filter>source\random</Filter>
    </ClCompile>
    <ClCompile Include="..\source\random\brrandombase.cpp">
      <Filter>source\random</Filter>
    </ClCompile>
    <ClCompile Include="..\source\text\brasciito.cpp">
      <Filter>source\text</Filter>
    </ClCompile>
    <ClCompile Include="..\source\text\brcodepage.cpp">
      <Filter>source\text</Filter>
    </ClCompile>
    <ClCompile Include="..\source\text\brisolatin1.cpp">
      <Filter>source\text</Filter>
    </ClCompile>
    <ClCompile Include="..\source\text\brlocalization.cpp">
      <Filter>source\text</Filter>
    </ClCompile>
    <ClCompile Include="..\source\text\brmacromanus.cpp">
      <Filter>source\text</Filter>
    </ClCompile>
    <ClCompile Include="..\source\text\brmemoryfunctions.cpp">
      <Filter>source\text</Filter>
    </ClCompile>
    <ClCompile Include="..\source\text\brnumberstring.cpp">
      <Filter>source\text</Filter>
    </ClCompile>
    <ClCompile Include="..\source\text\brnumberstringhex.cpp">
      <Filter>source\text</Filter>
    </ClCompile>
    <ClCompile Include="..\source\text\brnumberto.cpp">
      <Filter>source\text</Filter>
    </ClCompile>
    <ClCompile Include="..\source\text\brosstringfunctions.cpp">
      <Filter>source\text</Filter>
    </ClCompile>
    <ClCompile Include="..\source\text\brprintf.cpp">
      <Filter>source\text</Filter>
    </ClCompile>
    <ClCompile Include="..\source\text\brsimplestring.cpp">
      <Filter>source\text</Filter>
    </ClCompile>
    <ClCompile Include="..\source\text\brstring.cpp">
      <Filter>source\text</Filter>
    </ClCompile>
    <ClCompile Include="..\source\text\brstring16.cpp">
      <Filter>source\text</Filter>
    </ClCompile>
    <ClCompile Include="..\source\text\brstringfunctions.cpp">
      <Filter>source\text</Filter>
    </ClCompile>
    <ClCompile Include="..\source\text\brutf16.cpp">
      <Filter>source\text</Filter>
    </ClCompile>
    <ClCompile Include="..\source\text\brutf32.cpp">
      <Filter>source\text</Filter>
    </ClCompile>
    <ClCompile Include="..\source\text\brutf8.cpp">
      <Filter>source\text</Filter>
    </ClCompile>
    <ClCompile Include="..\source\text\brwin1252.cpp">
      <Filter>source\text</Filter>
    </ClCompile>
    <ClCompile Include="..\source\text\brwin437.cpp">
      <Filter>source\text</Filter>
    </ClCompile>
    <ClCompile Include="..\unittest\common.cpp">
      <Filter>unittest</Filter>
    </ClCompile>
    <ClCompile Include="..\unittest\testbralgorithm.cpp">
      <Filter>unittest</Filter>
    </ClCompile>
    <ClCompile Include="..\unittest\testbrcodelibrary.cpp">
      <Filter>unittest</Filter>
    </ClCompile>
    <ClCompile Include="..\unittest\testbrcompression.cpp">
      <Filter>unittest</Filter>
    </ClCompile>
    <ClCompile Include="..\unittest\testbrdisplay.cpp">
      <Filter>unittest</Filter>
    </ClCompile>
    <ClCompile Include="..\unittest\testbrendian.cpp">
      <Filter>unittest</Filter>
    </ClCompile>
    <ClCompile Include="..\unittest\testbrfileloaders.cpp">
      <Filter>unittest</Filter>
    </ClCompile>
    <ClCompile Include="..\unittest\testbrfilemanager.cpp">
      <Filter>unittest</Filter>
    </ClCompile>
    <ClCompile Include="..\unittest\testbrfixedpoint.cpp">
      <Filter>unittest</Filter>
    </ClCompile>
    <ClCompile Include="..\unittest\testbrfloatingpoint.cpp">
      <Filter>unittest</Filter>
    </ClCompile>
    <ClCompile Include="..\unittest\testbrhashes.cpp">
      <Filter>unittest</Filter>
    </ClCompile>
    <ClCompile Include="..\unittest\testbrmatrix3d.cpp">
      <Filter>unittest</Filter>
    </ClCompile>
    <ClCompile Include="..\unittest\testbrmatrix4d.cpp">
      <Filter>unittest</Filter>
    </ClCompile>
    <ClCompile Include="..\unittest\testbrnumberto.cpp">
      <Filter>unittest</Filter>
    </ClCompile>
    <ClCompile Include="..\unittest\testbrprintf.cpp">
      <Filter>unittest</Filter>
    </ClCompile>
    <ClCompile Include="..\unittest\testbrstaticrtti.cpp">
      <Filter>unittest</Filter>
    </ClCompile>
    <ClCompile Include="..\unittest\testbrstrings.cpp">
      <Filter>unittest</Filter>
    </ClCompile>
    <ClCompile Include="..\unittest\testbrtimedate.cpp">
      <Filter>unittest</Filter>
    </ClCompile>
    <ClCompile Include="..\unittest\testbrtypes.cpp">
      <Filter>unittest</Filter>
    </ClCompile>
    <ClCompile Include="..\unittest\testcharset.cpp">
      <Filter>unittest</Filter>
    </ClCompile>
    <ClCompile Include="..\unittest\testmacros.cpp">
      <Filter>unittest</Filter>
    </ClCompile>
    <HLSL Include="..\source\graphics\shadersdx9\pscclr4dx9.hlsl">
      <Filter>source\graphics\shadersdx9</Filter>
    </HLSL>
    <HLSL Include="..\source\graphics\shadersdx9\pstex2clr4dx9.hlsl">
      <Filter>source\graphics\shadersdx9</Filter>
    </HLSL>
    <HLSL Include="..\source\graphics\shadersdx9\pstexturecolordx9.hlsl">
      <Filter>source\graphics\shadersdx9</Filter>
    </HLSL>
    <HLSL Include="..\source\graphics\shadersdx9\pstexturedx9.hlsl">
      <Filter>source\graphics\shadersdx9</Filter>
    </HLSL>
    <HLSL Include="..\source\graphics\shadersdx9\vs20pos22ddx9.hlsl">
      <Filter>source\graphics\shadersdx9</Filter>
    </HLSL>
    <HLSL Include="..\source\graphics\shadersdx9\vs20pos2tex2clr42ddx9.hlsl">
      <Filter>source\graphics\shadersdx9</Filter>
    </HLSL>
    <HLSL Include="..\source\graphics\shadersdx9\vs20sprite2ddx9.hlsl">
      <Filter>source\graphics\shadersdx9</Filter>
    </HLSL>
    <HLSL Include="..\source\graphics\shadersdx9\vsstaticpositiondx9.hlsl">
      <Filter>source\graphics\shadersdx9</Filter>
    </HLSL>
    <HLSL Include="..\source\platforms\windows\ps20display8bitdx9.hlsl">
      <Filter>source\platforms\windows</Filter>
    </HLSL>
    <GLSL Include="..\source\graphics\shadersopengl\pscclr4gl.glsl">
      <Filter>source\graphics\shadersopengl</Filter>
    </GLSL>
    <GLSL Include="..\source\graphics\shadersopengl\pstex2clr4gl.glsl">
      <Filter>source\graphics\shadersopengl</Filter>
    </GLSL>
    <GLSL Include="..\source\graphics\shadersopengl\pstexturecolorgl.glsl">
      <Filter>source\graphics\shadersopengl</Filter>
    </GLSL>
    <GLSL Include="..\source\graphics\shadersopengl\pstexturegl.glsl">
      <Filter>source\graphics\shadersopengl</Filter>
    </GLSL>
    <GLSL Include="..\source\graphics\shadersopengl\vs20pos22dgl.glsl">
      <Filter>source\graphics\shadersopengl</Filter>
    </GLSL>
    <GLSL Include="..\source\graphics\shadersopengl\vs20pos2tex2clr42dgl.glsl">
      <Filter>source\graphics\shadersopengl</Filter>
    </GLSL>
    <GLSL Include="..\source\graphics\shadersopengl\vs20sprite2dgl.glsl">
      <Filter>source\graphics\shadersopengl</Filter>
    </GLSL>
    <GLSL Include="..\source\graphics\shadersopengl\vsstaticpositiongl.glsl">
      <Filter>source\graphics\shadersopengl</Filter>
    </GLSL>
    <Filter Include="source">
      <UniqueIdentifier>AA0852BA-179F-35A7-BCE8-5126E75F0A72</UniqueIdentifier>
    </Filter>
    <Filter Include="source\ansi">
      <UniqueIdentifier>16D4003F-D5E0-36DF-A003-288AC1C1E883</UniqueIdentifier>
    </Filter>
    <Filter Include="source\audio">
      <UniqueIdentifier>964AAE3A-40B3-37E8-9F2F-62EDA49492D2</UniqueIdentifier>
    </Filter>
    <Filter Include="source\commandline">
      <UniqueIdentifier>F36AC748-FC7D-3FDB-B17C-C7DAA2EE35FD</UniqueIdentifier>
    </Filter>
    <Filter Include="source\compression">
      <UniqueIdentifier>BC2CBFFC-6281-3C0A-BB27-6828BF11F5E8</UniqueIdentifier>
    </Filter>
    <Filter Include="source\file">
      <UniqueIdentifier>A06B1396-F5F4-3EC3-9C6C-5E8367E64F76</UniqueIdentifier>
    </Filter>
    <Filter Include="source\flashplayer">
      <UniqueIdentifier>41C96E00-A97F-3B6D-85D4-AEA3F2DE91E7</UniqueIdentifier>
    </Filter>
    <Filter Include="source\generated">
      <UniqueIdentifier>5E4ACFAD-7C51-32F9-9D58-C8FAAACB2CA9</UniqueIdentifier>
    </Filter>
    <Filter Include="source\graphics">
      <UniqueIdentifier>E8831B38-DAAF-375C-8887-E11BE612B797</UniqueIdentifier>
    </Filter>
    <Filter Include="source\graphics\effects">
      <UniqueIdentifier>0F61E9D0-14B1-326D-B1FE-24402579ADD2</UniqueIdentifier>
    </Filter>
    <Filter Include="source\graphics\shaders">
      <UniqueIdentifier>BC9EB971-9DF8-364B-8519-60B01ECFE9E8</UniqueIdentifier>
    </Filter>
    <Filter Include="source\graphics\shadersdx9">
      <UniqueIdentifier>A6035567-0FB4-33B7-AE8A-02E170C406D8</UniqueIdentifier>
    </Filter>
    <Filter Include="source\graphics\shadersdx9\generated">
      <UniqueIdentifier>0A7578D5-691F-3E17-9E06-55ADF404052B</UniqueIdentifier>
    </Filter>
    <Filter Include="source\graphics\shadersopengl">
      <UniqueIdentifier>ED2268DD-C1C4-3B56-840B-AFCAA142340D</UniqueIdentifier>
    </Filter>
    <Filter Include="source\graphics\shadersopengl\generated">
      <UniqueIdentifier>4E2A9B5E-64AB-3CBA-A2C8-3C82A5B72E3F</UniqueIdentifier>
    </Filter>
    <Filter Include="source\graphics\vulkan">
      <UniqueIdentifier>FF5BCD5B-22AC-3AAF-9638-643FF517AF9B</UniqueIdentifier>
    </Filter>
    <Filter Include="source\input">
      <UniqueIdentifier>C423FC9C-BE2D-3E4A-A043-75926D306660</UniqueIdentifier>
    </Filter>
    <Filter Include="source\lowlevel">
      <UniqueIdentifier>DF4FC06E-0484-3022-B7C3-A2C35B2F6C89</UniqueIdentifier>
    </Filter>
    <Filter Include="source\math">
      <UniqueIdentifier>EA6547E1-5398-3B7D-922E-B1806D5F0F38</UniqueIdentifier>
    </Filter>
    <Filter Include="source\memory">
      <UniqueIdentifier>FAAE3456-698D-3582-8E2C-D0E0899C47D7</UniqueIdentifier>
    </Filter>
    <Filter Include="source\platforms">
      <UniqueIdentifier>48A4CD9E-7709-3214-B651-A700DE6A801C</UniqueIdentifier>
    </Filter>
    <Filter Include="source\platforms\windows">
      <UniqueIdentifier>728B748E-69EF-39C0-8F32-770F2C98E008</UniqueIdentifier>
    </Filter>
    <Filter Include="source\platforms\windows\generated">
      <UniqueIdentifier>ADB496F6-4F62-379E-A53E-0CD7CC683FB5</UniqueIdentifier>
    </Filter>
    <Filter Include="source\random">
      <UniqueIdentifier>FEC9E19C-9EB1-3AB9-BAE8-70DB1189FE06</UniqueIdentifier>
    </Filter>
    <Filter Include="source\text">
      <UniqueIdentifier>6D1CF53E-E387-329B-8028-B7AF135275CF</UniqueIdentifier>
    </Filter>
    <Filter Include="unittest">
      <UniqueIdentifier>202F1C97-8312-3052-BA99-A3D4B0D52CE8</UniqueIdentifier>
    </Filter>
  </ItemGroup>
</Project>
