<?xml version="1.0" encoding="utf-8"?>
<Project ToolsVersion="14.0" xmlns="http://schemas.microsoft.com/developer/msbuild/2003">
  <ItemGroup>
    <ClInclude Include="..\source\ansi\brcapturestdout.h">
      <Filter>source\ansi</Filter>
    </ClInclude>
    <ClInclude Include="..\source\ansi\brfileansihelpers.h">
      <Filter>source\ansi</Filter>
    </ClInclude>
    <ClInclude Include="..\source\ansi\brmemoryansi.h">
      <Filter>source\ansi</Filter>
    </ClInclude>
    <ClInclude Include="..\source\ansi\brstdouthelpers.h">
      <Filter>source\ansi</Filter>
    </ClInclude>
    <ClInclude Include="..\source\audio\bralaw.h">
      <Filter>source\audio</Filter>
    </ClInclude>
    <ClInclude Include="..\source\audio\brimportit.h">
      <Filter>source\audio</Filter>
    </ClInclude>
    <ClInclude Include="..\source\audio\brimports3m.h">
      <Filter>source\audio</Filter>
    </ClInclude>
    <ClInclude Include="..\source\audio\brimportxm.h">
      <Filter>source\audio</Filter>
    </ClInclude>
    <ClInclude Include="..\source\audio\brmace.h">
      <Filter>source\audio</Filter>
    </ClInclude>
    <ClInclude Include="..\source\audio\brmicrosoftadpcm.h">
      <Filter>source\audio</Filter>
    </ClInclude>
    <ClInclude Include="..\source\audio\brsequencer.h">
      <Filter>source\audio</Filter>
    </ClInclude>
    <ClInclude Include="..\source\audio\brsound.h">
      <Filter>source\audio</Filter>
    </ClInclude>
    <ClInclude Include="..\source\audio\brsoundbufferrez.h">
      <Filter>source\audio</Filter>
    </ClInclude>
    <ClInclude Include="..\source\audio\brsounddecompress.h">
      <Filter>source\audio</Filter>
    </ClInclude>
    <ClInclude Include="..\source\audio\brulaw.h">
      <Filter>source\audio</Filter>
    </ClInclude>
    <ClInclude Include="..\source\brgl.h">
      <Filter>source</Filter>
    </ClInclude>
    <ClInclude Include="..\source\brglext.h">
      <Filter>source</Filter>
    </ClInclude>
    <ClInclude Include="..\source\brglut.h">
      <Filter>source</Filter>
    </ClInclude>
    <ClInclude Include="..\source\brglxext.h">
      <Filter>source</Filter>
    </ClInclude>
    <ClInclude Include="..\source\brstdint.h">
      <Filter>source</Filter>
    </ClInclude>
    <ClInclude Include="..\source\commandline\brcommandparameter.h">
      <Filter>source\commandline</Filter>
    </ClInclude>
    <ClInclude Include="..\source\commandline\brcommandparameterbooltrue.h">
      <Filter>source\commandline</Filter>
    </ClInclude>
    <ClInclude Include="..\source\commandline\brcommandparameterstring.h">
      <Filter>source\commandline</Filter>
    </ClInclude>
    <ClInclude Include="..\source\commandline\brcommandparameterwordptr.h">
      <Filter>source\commandline</Filter>
    </ClInclude>
    <ClInclude Include="..\source\commandline\brconsolemanager.h">
      <Filter>source\commandline</Filter>
    </ClInclude>
    <ClInclude Include="..\source\commandline\brgameapp.h">
      <Filter>source\commandline</Filter>
    </ClInclude>
    <ClInclude Include="..\source\compression\bradler16.h">
      <Filter>source\compression</Filter>
    </ClInclude>
    <ClInclude Include="..\source\compression\bradler32.h">
      <Filter>source\compression</Filter>
    </ClInclude>
    <ClInclude Include="..\source\compression\brcompress.h">
      <Filter>source\compression</Filter>
    </ClInclude>
    <ClInclude Include="..\source\compression\brcompressdeflate.h">
      <Filter>source\compression</Filter>
    </ClInclude>
    <ClInclude Include="..\source\compression\brcompresslbmrle.h">
      <Filter>source\compression</Filter>
    </ClInclude>
    <ClInclude Include="..\source\compression\brcompresslzss.h">
      <Filter>source\compression</Filter>
    </ClInclude>
    <ClInclude Include="..\source\compression\brcrc16.h">
      <Filter>source\compression</Filter>
    </ClInclude>
    <ClInclude Include="..\source\compression\brcrc32.h">
      <Filter>source\compression</Filter>
    </ClInclude>
    <ClInclude Include="..\source\compression\brdecompress.h">
      <Filter>source\compression</Filter>
    </ClInclude>
    <ClInclude Include="..\source\compression\brdecompressdeflate.h">
      <Filter>source\compression</Filter>
    </ClInclude>
    <ClInclude Include="..\source\compression\brdecompresslbmrle.h">
      <Filter>source\compression</Filter>
    </ClInclude>
    <ClInclude Include="..\source\compression\brdecompresslzss.h">
      <Filter>source\compression</Filter>
    </ClInclude>
    <ClInclude Include="..\source\compression\brdjb2hash.h">
      <Filter>source\compression</Filter>
    </ClInclude>
    <ClInclude Include="..\source\compression\brdxt1.h">
      <Filter>source\compression</Filter>
    </ClInclude>
    <ClInclude Include="..\source\compression\brdxt3.h">
      <Filter>source\compression</Filter>
    </ClInclude>
    <ClInclude Include="..\source\compression\brdxt5.h">
      <Filter>source\compression</Filter>
    </ClInclude>
    <ClInclude Include="..\source\compression\brgost.h">
      <Filter>source\compression</Filter>
    </ClInclude>
    <ClInclude Include="..\source\compression\brhashmap.h">
      <Filter>source\compression</Filter>
    </ClInclude>
    <ClInclude Include="..\source\compression\brmd2.h">
      <Filter>source\compression</Filter>
    </ClInclude>
    <ClInclude Include="..\source\compression\brmd4.h">
      <Filter>source\compression</Filter>
    </ClInclude>
    <ClInclude Include="..\source\compression\brmd5.h">
      <Filter>source\compression</Filter>
    </ClInclude>
    <ClInclude Include="..\source\compression\brpackfloat.h">
      <Filter>source\compression</Filter>
    </ClInclude>
    <ClInclude Include="..\source\compression\brsdbmhash.h">
      <Filter>source\compression</Filter>
    </ClInclude>
    <ClInclude Include="..\source\compression\brsha1.h">
      <Filter>source\compression</Filter>
    </ClInclude>
    <ClInclude Include="..\source\compression\brunpackbytes.h">
      <Filter>source\compression</Filter>
    </ClInclude>
    <ClInclude Include="..\source\file\brdirectorysearch.h">
      <Filter>source\file</Filter>
    </ClInclude>
    <ClInclude Include="..\source\file\brfile.h">
      <Filter>source\file</Filter>
    </ClInclude>
    <ClInclude Include="..\source\file\brfileapf.h">
      <Filter>source\file</Filter>
    </ClInclude>
    <ClInclude Include="..\source\file\brfilebmp.h">
      <Filter>source\file</Filter>
    </ClInclude>
    <ClInclude Include="..\source\file\brfiledds.h">
      <Filter>source\file</Filter>
    </ClInclude>
    <ClInclude Include="..\source\file\brfilegif.h">
      <Filter>source\file</Filter>
    </ClInclude>
    <ClInclude Include="..\source\file\brfileini.h">
      <Filter>source\file</Filter>
    </ClInclude>
    <ClInclude Include="..\source\file\brfilelbm.h">
      <Filter>source\file</Filter>
    </ClInclude>
    <ClInclude Include="..\source\file\brfilemanager.h">
      <Filter>source\file</Filter>
    </ClInclude>
    <ClInclude Include="..\source\file\brfilemp3.h">
      <Filter>source\file</Filter>
    </ClInclude>
    <ClInclude Include="..\source\file\brfilename.h">
      <Filter>source\file</Filter>
    </ClInclude>
    <ClInclude Include="..\source\file\brfilepcx.h">
      <Filter>source\file</Filter>
    </ClInclude>
    <ClInclude Include="..\source\file\brfilepng.h">
      <Filter>source\file</Filter>
    </ClInclude>
    <ClInclude Include="..\source\file\brfiletga.h">
      <Filter>source\file</Filter>
    </ClInclude>
    <ClInclude Include="..\source\file\brfilexml.h">
      <Filter>source\file</Filter>
    </ClInclude>
    <ClInclude Include="..\source\file\brinputmemorystream.h">
      <Filter>source\file</Filter>
    </ClInclude>
    <ClInclude Include="..\source\file\broutputmemorystream.h">
      <Filter>source\file</Filter>
    </ClInclude>
    <ClInclude Include="..\source\file\brrezfile.h">
      <Filter>source\file</Filter>
    </ClInclude>
    <ClInclude Include="..\source\flashplayer\brflashaction.h">
      <Filter>source\flashplayer</Filter>
    </ClInclude>
    <ClInclude Include="..\source\flashplayer\brflashactionvalue.h">
      <Filter>source\flashplayer</Filter>
    </ClInclude>
    <ClInclude Include="..\source\flashplayer\brflashavm2.h">
      <Filter>source\flashplayer</Filter>
    </ClInclude>
    <ClInclude Include="..\source\flashplayer\brflashcolortransform.h">
      <Filter>source\flashplayer</Filter>
    </ClInclude>
    <ClInclude Include="..\source\flashplayer\brflashdisasmactionscript.h">
      <Filter>source\flashplayer</Filter>
    </ClInclude>
    <ClInclude Include="..\source\flashplayer\brflashmanager.h">
      <Filter>source\flashplayer</Filter>
    </ClInclude>
    <ClInclude Include="..\source\flashplayer\brflashmatrix23.h">
      <Filter>source\flashplayer</Filter>
    </ClInclude>
    <ClInclude Include="..\source\flashplayer\brflashrect.h">
      <Filter>source\flashplayer</Filter>
    </ClInclude>
    <ClInclude Include="..\source\flashplayer\brflashrgba.h">
      <Filter>source\flashplayer</Filter>
    </ClInclude>
    <ClInclude Include="..\source\flashplayer\brflashstream.h">
      <Filter>source\flashplayer</Filter>
    </ClInclude>
    <ClInclude Include="..\source\flashplayer\brflashutils.h">
      <Filter>source\flashplayer</Filter>
    </ClInclude>
    <ClInclude Include="..\source\generated\version.h">
      <Filter>source\generated</Filter>
    </ClInclude>
    <ClInclude Include="..\source\graphics\brdisplay.h">
      <Filter>source\graphics</Filter>
    </ClInclude>
    <ClInclude Include="..\source\graphics\brdisplayobject.h">
      <Filter>source\graphics</Filter>
    </ClInclude>
    <ClInclude Include="..\source\graphics\brdisplayopengl.h">
      <Filter>source\graphics</Filter>
    </ClInclude>
    <ClInclude Include="..\source\graphics\brdisplayopenglsoftware8.h">
      <Filter>source\graphics</Filter>
    </ClInclude>
    <ClInclude Include="..\source\graphics\brfont.h">
      <Filter>source\graphics</Filter>
    </ClInclude>
    <ClInclude Include="..\source\graphics\brfont4bit.h">
      <Filter>source\graphics</Filter>
    </ClInclude>
    <ClInclude Include="..\source\graphics\brimage.h">
      <Filter>source\graphics</Filter>
    </ClInclude>
    <ClInclude Include="..\source\graphics\brpalette.h">
      <Filter>source\graphics</Filter>
    </ClInclude>
    <ClInclude Include="..\source\graphics\brpoint2d.h">
      <Filter>source\graphics</Filter>
    </ClInclude>
    <ClInclude Include="..\source\graphics\brrect.h">
      <Filter>source\graphics</Filter>
    </ClInclude>
    <ClInclude Include="..\source\graphics\brrenderer.h">
      <Filter>source\graphics</Filter>
    </ClInclude>
    <ClInclude Include="..\source\graphics\brrenderersoftware16.h">
      <Filter>source\graphics</Filter>
    </ClInclude>
    <ClInclude Include="..\source\graphics\brrenderersoftware8.h">
      <Filter>source\graphics</Filter>
    </ClInclude>
    <ClInclude Include="..\source\graphics\brshape8bit.h">
      <Filter>source\graphics</Filter>
    </ClInclude>
    <ClInclude Include="..\source\graphics\brtexture.h">
      <Filter>source\graphics</Filter>
    </ClInclude>
    <ClInclude Include="..\source\graphics\brtextureopengl.h">
      <Filter>source\graphics</Filter>
    </ClInclude>
    <ClInclude Include="..\source\graphics\brvertexbuffer.h">
      <Filter>source\graphics</Filter>
    </ClInclude>
    <ClInclude Include="..\source\graphics\brvertexbufferopengl.h">
      <Filter>source\graphics</Filter>
    </ClInclude>
    <ClInclude Include="..\source\graphics\effects\breffect.h">
      <Filter>source\graphics\effects</Filter>
    </ClInclude>
    <ClInclude Include="..\source\graphics\effects\breffect2d.h">
      <Filter>source\graphics\effects</Filter>
    </ClInclude>
    <ClInclude Include="..\source\graphics\effects\breffectpositiontexturecolor.h">
      <Filter>source\graphics\effects</Filter>
    </ClInclude>
    <ClInclude Include="..\source\graphics\effects\breffectstaticpositiontexture.h">
      <Filter>source\graphics\effects</Filter>
    </ClInclude>
    <ClInclude Include="..\source\graphics\effects\brshaders.h">
      <Filter>source\graphics\effects</Filter>
    </ClInclude>
    <ClInclude Include="..\source\graphics\shaders\brshader2dccolor.h">
      <Filter>source\graphics\shaders</Filter>
    </ClInclude>
    <ClInclude Include="..\source\graphics\shaders\brshader2dcolorvertex.h">
      <Filter>source\graphics\shaders</Filter>
    </ClInclude>
    <ClInclude Include="..\source\input\brjoypad.h">
      <Filter>source\input</Filter>
    </ClInclude>
    <ClInclude Include="..\source\input\brkeyboard.h">
      <Filter>source\input</Filter>
    </ClInclude>
    <ClInclude Include="..\source\input\brmouse.h">
      <Filter>source\input</Filter>
    </ClInclude>
    <ClInclude Include="..\source\lowlevel\bralgorithm.h">
      <Filter>source\lowlevel</Filter>
    </ClInclude>
    <ClInclude Include="..\source\lowlevel\brargumenttype.h">
      <Filter>source\lowlevel</Filter>
    </ClInclude>
    <ClInclude Include="..\source\lowlevel\brarray.h">
      <Filter>source\lowlevel</Filter>
    </ClInclude>
    <ClInclude Include="..\source\lowlevel\brassert.h">
      <Filter>source\lowlevel</Filter>
    </ClInclude>
    <ClInclude Include="..\source\lowlevel\bratomic.h">
      <Filter>source\lowlevel</Filter>
    </ClInclude>
    <ClInclude Include="..\source\lowlevel\brautorepeat.h">
      <Filter>source\lowlevel</Filter>
    </ClInclude>
    <ClInclude Include="..\source\lowlevel\brbase.h">
      <Filter>source\lowlevel</Filter>
    </ClInclude>
    <ClInclude Include="..\source\lowlevel\brcodelibrary.h">
      <Filter>source\lowlevel</Filter>
    </ClInclude>
    <ClInclude Include="..\source\lowlevel\brcriticalsection.h">
      <Filter>source\lowlevel</Filter>
    </ClInclude>
    <ClInclude Include="..\source\lowlevel\brdebug.h">
      <Filter>source\lowlevel</Filter>
    </ClInclude>
    <ClInclude Include="..\source\lowlevel\brdetectmultilaunch.h">
      <Filter>source\lowlevel</Filter>
    </ClInclude>
    <ClInclude Include="..\source\lowlevel\brdoublylinkedlist.h">
      <Filter>source\lowlevel</Filter>
    </ClInclude>
    <ClInclude Include="..\source\lowlevel\brendian.h">
      <Filter>source\lowlevel</Filter>
    </ClInclude>
    <ClInclude Include="..\source\lowlevel\brerror.h">
      <Filter>source\lowlevel</Filter>
    </ClInclude>
    <ClInclude Include="..\source\lowlevel\brglobals.h">
      <Filter>source\lowlevel</Filter>
    </ClInclude>
    <ClInclude Include="..\source\lowlevel\brgridindex.h">
      <Filter>source\lowlevel</Filter>
    </ClInclude>
    <ClInclude Include="..\source\lowlevel\brguid.h">
      <Filter>source\lowlevel</Filter>
    </ClInclude>
    <ClInclude Include="..\source\lowlevel\brintelcompiler.h">
      <Filter>source\lowlevel</Filter>
    </ClInclude>
    <ClInclude Include="..\source\lowlevel\brintrinsics.h">
      <Filter>source\lowlevel</Filter>
    </ClInclude>
    <ClInclude Include="..\source\lowlevel\brlastinfirstout.h">
      <Filter>source\lowlevel</Filter>
    </ClInclude>
    <ClInclude Include="..\source\lowlevel\brlinkedlistobject.h">
      <Filter>source\lowlevel</Filter>
    </ClInclude>
    <ClInclude Include="..\source\lowlevel\brlinkedlistpointer.h">
      <Filter>source\lowlevel</Filter>
    </ClInclude>
    <ClInclude Include="..\source\lowlevel\brmetrowerks.h">
      <Filter>source\lowlevel</Filter>
    </ClInclude>
    <ClInclude Include="..\source\lowlevel\broscursor.h">
      <Filter>source\lowlevel</Filter>
    </ClInclude>
    <ClInclude Include="..\source\lowlevel\brpair.h">
      <Filter>source\lowlevel</Filter>
    </ClInclude>
    <ClInclude Include="..\source\lowlevel\brperforce.h">
      <Filter>source\lowlevel</Filter>
    </ClInclude>
    <ClInclude Include="..\source\lowlevel\brqueue.h">
      <Filter>source\lowlevel</Filter>
    </ClInclude>
    <ClInclude Include="..\source\lowlevel\brrunqueue.h">
      <Filter>source\lowlevel</Filter>
    </ClInclude>
    <ClInclude Include="..\source\lowlevel\brsimplearray.h">
      <Filter>source\lowlevel</Filter>
    </ClInclude>
    <ClInclude Include="..\source\lowlevel\brsmartpointer.h">
      <Filter>source\lowlevel</Filter>
    </ClInclude>
    <ClInclude Include="..\source\lowlevel\brsnsystems.h">
      <Filter>source\lowlevel</Filter>
    </ClInclude>
    <ClInclude Include="..\source\lowlevel\brstaticrtti.h">
      <Filter>source\lowlevel</Filter>
    </ClInclude>
    <ClInclude Include="..\source\lowlevel\brstructs.h">
      <Filter>source\lowlevel</Filter>
    </ClInclude>
    <ClInclude Include="..\source\lowlevel\brtick.h">
      <Filter>source\lowlevel</Filter>
    </ClInclude>
    <ClInclude Include="..\source\lowlevel\brtimedate.h">
      <Filter>source\lowlevel</Filter>
    </ClInclude>
    <ClInclude Include="..\source\lowlevel\brtypes.h">
      <Filter>source\lowlevel</Filter>
    </ClInclude>
    <ClInclude Include="..\source\lowlevel\brvisualstudio.h">
      <Filter>source\lowlevel</Filter>
    </ClInclude>
    <ClInclude Include="..\source\lowlevel\brwatcom.h">
      <Filter>source\lowlevel</Filter>
    </ClInclude>
    <ClInclude Include="..\source\lowlevel\brxcode.h">
      <Filter>source\lowlevel</Filter>
    </ClInclude>
    <ClInclude Include="..\source\math\brearcliptriangulate.h">
      <Filter>source\math</Filter>
    </ClInclude>
    <ClInclude Include="..\source\math\brfixedmatrix3d.h">
      <Filter>source\math</Filter>
    </ClInclude>
    <ClInclude Include="..\source\math\brfixedmatrix4d.h">
      <Filter>source\math</Filter>
    </ClInclude>
    <ClInclude Include="..\source\math\brfixedpoint.h">
      <Filter>source\math</Filter>
    </ClInclude>
    <ClInclude Include="..\source\math\brfixedvector2d.h">
      <Filter>source\math</Filter>
    </ClInclude>
    <ClInclude Include="..\source\math\brfixedvector3d.h">
      <Filter>source\math</Filter>
    </ClInclude>
    <ClInclude Include="..\source\math\brfixedvector4d.h">
      <Filter>source\math</Filter>
    </ClInclude>
    <ClInclude Include="..\source\math\brfloatingpoint.h">
      <Filter>source\math</Filter>
    </ClInclude>
    <ClInclude Include="..\source\math\brfpinfo.h">
      <Filter>source\math</Filter>
    </ClInclude>
    <ClInclude Include="..\source\math\brfplargeint.h">
      <Filter>source\math</Filter>
    </ClInclude>
    <ClInclude Include="..\source\math\brfpprintinfo.h">
      <Filter>source\math</Filter>
    </ClInclude>
    <ClInclude Include="..\source\math\brmatrix3d.h">
      <Filter>source\math</Filter>
    </ClInclude>
    <ClInclude Include="..\source\math\brmatrix4d.h">
      <Filter>source\math</Filter>
    </ClInclude>
    <ClInclude Include="..\source\math\brmp3math.h">
      <Filter>source\math</Filter>
    </ClInclude>
    <ClInclude Include="..\source\math\brvector2d.h">
      <Filter>source\math</Filter>
    </ClInclude>
    <ClInclude Include="..\source\math\brvector3d.h">
      <Filter>source\math</Filter>
    </ClInclude>
    <ClInclude Include="..\source\math\brvector4d.h">
      <Filter>source\math</Filter>
    </ClInclude>
    <ClInclude Include="..\source\memory\brglobalmemorymanager.h">
      <Filter>source\memory</Filter>
    </ClInclude>
    <ClInclude Include="..\source\memory\brmemoryhandle.h">
      <Filter>source\memory</Filter>
    </ClInclude>
    <ClInclude Include="..\source\memory\brmemorymanager.h">
      <Filter>source\memory</Filter>
    </ClInclude>
    <ClInclude Include="..\source\random\brmersennetwist.h">
      <Filter>source\random</Filter>
    </ClInclude>
    <ClInclude Include="..\source\random\brrandom.h">
      <Filter>source\random</Filter>
    </ClInclude>
    <ClInclude Include="..\source\random\brrandombase.h">
      <Filter>source\random</Filter>
    </ClInclude>
    <ClInclude Include="..\source\templateburgerbase.h">
      <Filter>source</Filter>
    </ClInclude>
    <ClInclude Include="..\source\text\brasciito.h">
      <Filter>source\text</Filter>
    </ClInclude>
    <ClInclude Include="..\source\text\brcodepage.h">
      <Filter>source\text</Filter>
    </ClInclude>
    <ClInclude Include="..\source\text\brisolatin1.h">
      <Filter>source\text</Filter>
    </ClInclude>
    <ClInclude Include="..\source\text\brlocalization.h">
      <Filter>source\text</Filter>
    </ClInclude>
    <ClInclude Include="..\source\text\brmacromanus.h">
      <Filter>source\text</Filter>
    </ClInclude>
    <ClInclude Include="..\source\text\brmemoryfunctions.h">
      <Filter>source\text</Filter>
    </ClInclude>
    <ClInclude Include="..\source\text\brnumberstring.h">
      <Filter>source\text</Filter>
    </ClInclude>
    <ClInclude Include="..\source\text\brnumberstringhex.h">
      <Filter>source\text</Filter>
    </ClInclude>
    <ClInclude Include="..\source\text\brnumberto.h">
      <Filter>source\text</Filter>
    </ClInclude>
    <ClInclude Include="..\source\text\brosstringfunctions.h">
      <Filter>source\text</Filter>
    </ClInclude>
    <ClInclude Include="..\source\text\brprintf.h">
      <Filter>source\text</Filter>
    </ClInclude>
    <ClInclude Include="..\source\text\brsimplestring.h">
      <Filter>source\text</Filter>
    </ClInclude>
    <ClInclude Include="..\source\text\brstring.h">
      <Filter>source\text</Filter>
    </ClInclude>
    <ClInclude Include="..\source\text\brstring16.h">
      <Filter>source\text</Filter>
    </ClInclude>
    <ClInclude Include="..\source\text\brstringfunctions.h">
      <Filter>source\text</Filter>
    </ClInclude>
    <ClInclude Include="..\source\text\brutf16.h">
      <Filter>source\text</Filter>
    </ClInclude>
    <ClInclude Include="..\source\text\brutf32.h">
      <Filter>source\text</Filter>
    </ClInclude>
    <ClInclude Include="..\source\text\brutf8.h">
      <Filter>source\text</Filter>
    </ClInclude>
    <ClInclude Include="..\source\text\brwin1252.h">
      <Filter>source\text</Filter>
    </ClInclude>
    <ClInclude Include="..\source\text\brwin437.h">
      <Filter>source\text</Filter>
    </ClInclude>
    <ClInclude Include="..\unittest\common.h">
      <Filter>unittest</Filter>
    </ClInclude>
    <ClInclude Include="..\unittest\createtables.h">
      <Filter>unittest</Filter>
    </ClInclude>
    <ClInclude Include="..\unittest\testbralgorithm.h">
      <Filter>unittest</Filter>
    </ClInclude>
    <ClInclude Include="..\unittest\testbrcompression.h">
      <Filter>unittest</Filter>
    </ClInclude>
    <ClInclude Include="..\unittest\testbrdisplay.h">
      <Filter>unittest</Filter>
    </ClInclude>
    <ClInclude Include="..\unittest\testbrendian.h">
      <Filter>unittest</Filter>
    </ClInclude>
    <ClInclude Include="..\unittest\testbrfileloaders.h">
      <Filter>unittest</Filter>
    </ClInclude>
    <ClInclude Include="..\unittest\testbrfilemanager.h">
      <Filter>unittest</Filter>
    </ClInclude>
    <ClInclude Include="..\unittest\testbrfixedpoint.h">
      <Filter>unittest</Filter>
    </ClInclude>
    <ClInclude Include="..\unittest\testbrfloatingpoint.h">
      <Filter>unittest</Filter>
    </ClInclude>
    <ClInclude Include="..\unittest\testbrhashes.h">
      <Filter>unittest</Filter>
    </ClInclude>
    <ClInclude Include="..\unittest\testbrmatrix3d.h">
      <Filter>unittest</Filter>
    </ClInclude>
    <ClInclude Include="..\unittest\testbrmatrix4d.h">
      <Filter>unittest</Filter>
    </ClInclude>
    <ClInclude Include="..\unittest\testbrnetwork.h">
      <Filter>unittest</Filter>
    </ClInclude>
    <ClInclude Include="..\unittest\testbrnumberto.h">
      <Filter>unittest</Filter>
    </ClInclude>
    <ClInclude Include="..\unittest\testbrprintf.h">
      <Filter>unittest</Filter>
    </ClInclude>
    <ClInclude Include="..\unittest\testbrstaticrtti.h">
      <Filter>unittest</Filter>
    </ClInclude>
    <ClInclude Include="..\unittest\testbrstrings.h">
      <Filter>unittest</Filter>
    </ClInclude>
    <ClInclude Include="..\unittest\testbrtimedate.h">
      <Filter>unittest</Filter>
    </ClInclude>
    <ClInclude Include="..\unittest\testbrtypes.h">
      <Filter>unittest</Filter>
    </ClInclude>
    <ClInclude Include="..\unittest\testcharset.h">
      <Filter>unittest</Filter>
    </ClInclude>
    <ClInclude Include="..\unittest\testmacros.h">
      <Filter>unittest</Filter>
    </ClInclude>
    <ClCompile Include="..\source\ansi\brcapturestdout.cpp">
      <Filter>source\ansi</Filter>
    </ClCompile>
    <ClCompile Include="..\source\ansi\brfileansihelpers.cpp">
      <Filter>source\ansi</Filter>
    </ClCompile>
    <ClCompile Include="..\source\ansi\brmemoryansi.cpp">
      <Filter>source\ansi</Filter>
    </ClCompile>
    <ClCompile Include="..\source\ansi\brstdouthelpers.cpp">
      <Filter>source\ansi</Filter>
    </ClCompile>
    <ClCompile Include="..\source\audio\bralaw.cpp">
      <Filter>source\audio</Filter>
    </ClCompile>
    <ClCompile Include="..\source\audio\brimportit.cpp">
      <Filter>source\audio</Filter>
    </ClCompile>
    <ClCompile Include="..\source\audio\brimports3m.cpp">
      <Filter>source\audio</Filter>
    </ClCompile>
    <ClCompile Include="..\source\audio\brimportxm.cpp">
      <Filter>source\audio</Filter>
    </ClCompile>
    <ClCompile Include="..\source\audio\brmace.cpp">
      <Filter>source\audio</Filter>
    </ClCompile>
    <ClCompile Include="..\source\audio\brmicrosoftadpcm.cpp">
      <Filter>source\audio</Filter>
    </ClCompile>
    <ClCompile Include="..\source\audio\brsequencer.cpp">
      <Filter>source\audio</Filter>
    </ClCompile>
    <ClCompile Include="..\source\audio\brsound.cpp">
      <Filter>source\audio</Filter>
    </ClCompile>
    <ClCompile Include="..\source\audio\brsoundbufferrez.cpp">
      <Filter>source\audio</Filter>
    </ClCompile>
    <ClCompile Include="..\source\audio\brsounddecompress.cpp">
      <Filter>source\audio</Filter>
    </ClCompile>
    <ClCompile Include="..\source\audio\brulaw.cpp">
      <Filter>source\audio</Filter>
    </ClCompile>
    <ClCompile Include="..\source\commandline\brcommandparameter.cpp">
      <Filter>source\commandline</Filter>
    </ClCompile>
    <ClCompile Include="..\source\commandline\brcommandparameterbooltrue.cpp">
      <Filter>source\commandline</Filter>
    </ClCompile>
    <ClCompile Include="..\source\commandline\brcommandparameterstring.cpp">
      <Filter>source\commandline</Filter>
    </ClCompile>
    <ClCompile Include="..\source\commandline\brcommandparameterwordptr.cpp">
      <Filter>source\commandline</Filter>
    </ClCompile>
    <ClCompile Include="..\source\commandline\brconsolemanager.cpp">
      <Filter>source\commandline</Filter>
    </ClCompile>
    <ClCompile Include="..\source\commandline\brgameapp.cpp">
      <Filter>source\commandline</Filter>
    </ClCompile>
    <ClCompile Include="..\source\compression\bradler16.cpp">
      <Filter>source\compression</Filter>
    </ClCompile>
    <ClCompile Include="..\source\compression\bradler32.cpp">
      <Filter>source\compression</Filter>
    </ClCompile>
    <ClCompile Include="..\source\compression\brcompress.cpp">
      <Filter>source\compression</Filter>
    </ClCompile>
    <ClCompile Include="..\source\compression\brcompressdeflate.cpp">
      <Filter>source\compression</Filter>
    </ClCompile>
    <ClCompile Include="..\source\compression\brcompresslbmrle.cpp">
      <Filter>source\compression</Filter>
    </ClCompile>
    <ClCompile Include="..\source\compression\brcompresslzss.cpp">
      <Filter>source\compression</Filter>
    </ClCompile>
    <ClCompile Include="..\source\compression\brcrc16.cpp">
      <Filter>source\compression</Filter>
    </ClCompile>
    <ClCompile Include="..\source\compression\brcrc32.cpp">
      <Filter>source\compression</Filter>
    </ClCompile>
    <ClCompile Include="..\source\compression\brdecompress.cpp">
      <Filter>source\compression</Filter>
    </ClCompile>
    <ClCompile Include="..\source\compression\brdecompressdeflate.cpp">
      <Filter>source\compression</Filter>
    </ClCompile>
    <ClCompile Include="..\source\compression\brdecompresslbmrle.cpp">
      <Filter>source\compression</Filter>
    </ClCompile>
    <ClCompile Include="..\source\compression\brdecompresslzss.cpp">
      <Filter>source\compression</Filter>
    </ClCompile>
    <ClCompile Include="..\source\compression\brdjb2hash.cpp">
      <Filter>source\compression</Filter>
    </ClCompile>
    <ClCompile Include="..\source\compression\brdxt1.cpp">
      <Filter>source\compression</Filter>
    </ClCompile>
    <ClCompile Include="..\source\compression\brdxt3.cpp">
      <Filter>source\compression</Filter>
    </ClCompile>
    <ClCompile Include="..\source\compression\brdxt5.cpp">
      <Filter>source\compression</Filter>
    </ClCompile>
    <ClCompile Include="..\source\compression\brgost.cpp">
      <Filter>source\compression</Filter>
    </ClCompile>
    <ClCompile Include="..\source\compression\brhashmap.cpp">
      <Filter>source\compression</Filter>
    </ClCompile>
    <ClCompile Include="..\source\compression\brmd2.cpp">
      <Filter>source\compression</Filter>
    </ClCompile>
    <ClCompile Include="..\source\compression\brmd4.cpp">
      <Filter>source\compression</Filter>
    </ClCompile>
    <ClCompile Include="..\source\compression\brmd5.cpp">
      <Filter>source\compression</Filter>
    </ClCompile>
    <ClCompile Include="..\source\compression\brpackfloat.cpp">
      <Filter>source\compression</Filter>
    </ClCompile>
    <ClCompile Include="..\source\compression\brsdbmhash.cpp">
      <Filter>source\compression</Filter>
    </ClCompile>
    <ClCompile Include="..\source\compression\brsha1.cpp">
      <Filter>source\compression</Filter>
    </ClCompile>
    <ClCompile Include="..\source\compression\brunpackbytes.cpp">
      <Filter>source\compression</Filter>
    </ClCompile>
    <ClCompile Include="..\source\file\brdirectorysearch.cpp">
      <Filter>source\file</Filter>
    </ClCompile>
    <ClCompile Include="..\source\file\brfile.cpp">
      <Filter>source\file</Filter>
    </ClCompile>
    <ClCompile Include="..\source\file\brfileapf.cpp">
      <Filter>source\file</Filter>
    </ClCompile>
    <ClCompile Include="..\source\file\brfilebmp.cpp">
      <Filter>source\file</Filter>
    </ClCompile>
    <ClCompile Include="..\source\file\brfiledds.cpp">
      <Filter>source\file</Filter>
    </ClCompile>
    <ClCompile Include="..\source\file\brfilegif.cpp">
      <Filter>source\file</Filter>
    </ClCompile>
    <ClCompile Include="..\source\file\brfileini.cpp">
      <Filter>source\file</Filter>
    </ClCompile>
    <ClCompile Include="..\source\file\brfilelbm.cpp">
      <Filter>source\file</Filter>
    </ClCompile>
    <ClCompile Include="..\source\file\brfilemanager.cpp">
      <Filter>source\file</Filter>
    </ClCompile>
    <ClCompile Include="..\source\file\brfilemp3.cpp">
      <Filter>source\file</Filter>
    </ClCompile>
    <ClCompile Include="..\source\file\brfilename.cpp">
      <Filter>source\file</Filter>
    </ClCompile>
    <ClCompile Include="..\source\file\brfilepcx.cpp">
      <Filter>source\file</Filter>
    </ClCompile>
    <ClCompile Include="..\source\file\brfilepng.cpp">
      <Filter>source\file</Filter>
    </ClCompile>
    <ClCompile Include="..\source\file\brfiletga.cpp">
      <Filter>source\file</Filter>
    </ClCompile>
    <ClCompile Include="..\source\file\brfilexml.cpp">
      <Filter>source\file</Filter>
    </ClCompile>
    <ClCompile Include="..\source\file\brinputmemorystream.cpp">
      <Filter>source\file</Filter>
    </ClCompile>
    <ClCompile Include="..\source\file\broutputmemorystream.cpp">
      <Filter>source\file</Filter>
    </ClCompile>
    <ClCompile Include="..\source\file\brrezfile.cpp">
      <Filter>source\file</Filter>
    </ClCompile>
    <ClCompile Include="..\source\flashplayer\brflashaction.cpp">
      <Filter>source\flashplayer</Filter>
    </ClCompile>
    <ClCompile Include="..\source\flashplayer\brflashactionvalue.cpp">
      <Filter>source\flashplayer</Filter>
    </ClCompile>
    <ClCompile Include="..\source\flashplayer\brflashavm2.cpp">
      <Filter>source\flashplayer</Filter>
    </ClCompile>
    <ClCompile Include="..\source\flashplayer\brflashcolortransform.cpp">
      <Filter>source\flashplayer</Filter>
    </ClCompile>
    <ClCompile Include="..\source\flashplayer\brflashdisasmactionscript.cpp">
      <Filter>source\flashplayer</Filter>
    </ClCompile>
    <ClCompile Include="..\source\flashplayer\brflashmanager.cpp">
      <Filter>source\flashplayer</Filter>
    </ClCompile>
    <ClCompile Include="..\source\flashplayer\brflashmatrix23.cpp">
      <Filter>source\flashplayer</Filter>
    </ClCompile>
    <ClCompile Include="..\source\flashplayer\brflashrect.cpp">
      <Filter>source\flashplayer</Filter>
    </ClCompile>
    <ClCompile Include="..\source\flashplayer\brflashrgba.cpp">
      <Filter>source\flashplayer</Filter>
    </ClCompile>
    <ClCompile Include="..\source\flashplayer\brflashstream.cpp">
      <Filter>source\flashplayer</Filter>
    </ClCompile>
    <ClCompile Include="..\source\flashplayer\brflashutils.cpp">
      <Filter>source\flashplayer</Filter>
    </ClCompile>
    <ClCompile Include="..\source\graphics\brdisplay.cpp">
      <Filter>source\graphics</Filter>
    </ClCompile>
    <ClCompile Include="..\source\graphics\brdisplayobject.cpp">
      <Filter>source\graphics</Filter>
    </ClCompile>
    <ClCompile Include="..\source\graphics\brdisplayopengl.cpp">
      <Filter>source\graphics</Filter>
    </ClCompile>
    <ClCompile Include="..\source\graphics\brdisplayopenglsoftware8.cpp">
      <Filter>source\graphics</Filter>
    </ClCompile>
    <ClCompile Include="..\source\graphics\brfont.cpp">
      <Filter>source\graphics</Filter>
    </ClCompile>
    <ClCompile Include="..\source\graphics\brfont4bit.cpp">
      <Filter>source\graphics</Filter>
    </ClCompile>
    <ClCompile Include="..\source\graphics\brimage.cpp">
      <Filter>source\graphics</Filter>
    </ClCompile>
    <ClCompile Include="..\source\graphics\brpalette.cpp">
      <Filter>source\graphics</Filter>
    </ClCompile>
    <ClCompile Include="..\source\graphics\brpoint2d.cpp">
      <Filter>source\graphics</Filter>
    </ClCompile>
    <ClCompile Include="..\source\graphics\brrect.cpp">
      <Filter>source\graphics</Filter>
    </ClCompile>
    <ClCompile Include="..\source\graphics\brrenderer.cpp">
      <Filter>source\graphics</Filter>
    </ClCompile>
    <ClCompile Include="..\source\graphics\brrenderersoftware16.cpp">
      <Filter>source\graphics</Filter>
    </ClCompile>
    <ClCompile Include="..\source\graphics\brrenderersoftware8.cpp">
      <Filter>source\graphics</Filter>
    </ClCompile>
    <ClCompile Include="..\source\graphics\brshape8bit.cpp">
      <Filter>source\graphics</Filter>
    </ClCompile>
    <ClCompile Include="..\source\graphics\brtexture.cpp">
      <Filter>source\graphics</Filter>
    </ClCompile>
    <ClCompile Include="..\source\graphics\brtextureopengl.cpp">
      <Filter>source\graphics</Filter>
    </ClCompile>
    <ClCompile Include="..\source\graphics\brvertexbuffer.cpp">
      <Filter>source\graphics</Filter>
    </ClCompile>
    <ClCompile Include="..\source\graphics\brvertexbufferopengl.cpp">
      <Filter>source\graphics</Filter>
    </ClCompile>
    <ClCompile Include="..\source\graphics\effects\breffect.cpp">
      <Filter>source\graphics\effects</Filter>
    </ClCompile>
    <ClCompile Include="..\source\graphics\effects\breffect2d.cpp">
      <Filter>source\graphics\effects</Filter>
    </ClCompile>
    <ClCompile Include="..\source\graphics\effects\breffectpositiontexturecolor.cpp">
      <Filter>source\graphics\effects</Filter>
    </ClCompile>
    <ClCompile Include="..\source\graphics\effects\breffectstaticpositiontexture.cpp">
      <Filter>source\graphics\effects</Filter>
    </ClCompile>
    <ClCompile Include="..\source\graphics\effects\brshaders.cpp">
      <Filter>source\graphics\effects</Filter>
    </ClCompile>
    <ClCompile Include="..\source\graphics\shaders\brshader2dccolor.cpp">
      <Filter>source\graphics\shaders</Filter>
    </ClCompile>
    <ClCompile Include="..\source\graphics\shaders\brshader2dcolorvertex.cpp">
      <Filter>source\graphics\shaders</Filter>
    </ClCompile>
    <ClCompile Include="..\source\input\brjoypad.cpp">
      <Filter>source\input</Filter>
    </ClCompile>
    <ClCompile Include="..\source\input\brkeyboard.cpp">
      <Filter>source\input</Filter>
    </ClCompile>
    <ClCompile Include="..\source\input\brmouse.cpp">
      <Filter>source\input</Filter>
    </ClCompile>
    <ClCompile Include="..\source\lowlevel\bralgorithm.cpp">
      <Filter>source\lowlevel</Filter>
    </ClCompile>
    <ClCompile Include="..\source\lowlevel\brargumenttype.cpp">
      <Filter>source\lowlevel</Filter>
    </ClCompile>
    <ClCompile Include="..\source\lowlevel\brarray.cpp">
      <Filter>source\lowlevel</Filter>
    </ClCompile>
    <ClCompile Include="..\source\lowlevel\brassert.cpp">
      <Filter>source\lowlevel</Filter>
    </ClCompile>
    <ClCompile Include="..\source\lowlevel\bratomic.cpp">
      <Filter>source\lowlevel</Filter>
    </ClCompile>
    <ClCompile Include="..\source\lowlevel\brautorepeat.cpp">
      <Filter>source\lowlevel</Filter>
    </ClCompile>
    <ClCompile Include="..\source\lowlevel\brbase.cpp">
      <Filter>source\lowlevel</Filter>
    </ClCompile>
    <ClCompile Include="..\source\lowlevel\brcodelibrary.cpp">
      <Filter>source\lowlevel</Filter>
    </ClCompile>
    <ClCompile Include="..\source\lowlevel\brcriticalsection.cpp">
      <Filter>source\lowlevel</Filter>
    </ClCompile>
    <ClCompile Include="..\source\lowlevel\brdebug.cpp">
      <Filter>source\lowlevel</Filter>
    </ClCompile>
    <ClCompile Include="..\source\lowlevel\brdetectmultilaunch.cpp">
      <Filter>source\lowlevel</Filter>
    </ClCompile>
    <ClCompile Include="..\source\lowlevel\brdoublylinkedlist.cpp">
      <Filter>source\lowlevel</Filter>
    </ClCompile>
    <ClCompile Include="..\source\lowlevel\brendian.cpp">
      <Filter>source\lowlevel</Filter>
    </ClCompile>
    <ClCompile Include="..\source\lowlevel\brerror.cpp">
      <Filter>source\lowlevel</Filter>
    </ClCompile>
    <ClCompile Include="..\source\lowlevel\brglobals.cpp">
      <Filter>source\lowlevel</Filter>
    </ClCompile>
    <ClCompile Include="..\source\lowlevel\brgridindex.cpp">
      <Filter>source\lowlevel</Filter>
    </ClCompile>
    <ClCompile Include="..\source\lowlevel\brguid.cpp">
      <Filter>source\lowlevel</Filter>
    </ClCompile>
    <ClCompile Include="..\source\lowlevel\brintrinsics.cpp">
      <Filter>source\lowlevel</Filter>
    </ClCompile>
    <ClCompile Include="..\source\lowlevel\brlastinfirstout.cpp">
      <Filter>source\lowlevel</Filter>
    </ClCompile>
    <ClCompile Include="..\source\lowlevel\brlinkedlistobject.cpp">
      <Filter>source\lowlevel</Filter>
    </ClCompile>
    <ClCompile Include="..\source\lowlevel\brlinkedlistpointer.cpp">
      <Filter>source\lowlevel</Filter>
    </ClCompile>
    <ClCompile Include="..\source\lowlevel\broscursor.cpp">
      <Filter>source\lowlevel</Filter>
    </ClCompile>
    <ClCompile Include="..\source\lowlevel\brpair.cpp">
      <Filter>source\lowlevel</Filter>
    </ClCompile>
    <ClCompile Include="..\source\lowlevel\brperforce.cpp">
      <Filter>source\lowlevel</Filter>
    </ClCompile>
    <ClCompile Include="..\source\lowlevel\brqueue.cpp">
      <Filter>source\lowlevel</Filter>
    </ClCompile>
    <ClCompile Include="..\source\lowlevel\brrunqueue.cpp">
      <Filter>source\lowlevel</Filter>
    </ClCompile>
    <ClCompile Include="..\source\lowlevel\brsimplearray.cpp">
      <Filter>source\lowlevel</Filter>
    </ClCompile>
    <ClCompile Include="..\source\lowlevel\brsmartpointer.cpp">
      <Filter>source\lowlevel</Filter>
    </ClCompile>
    <ClCompile Include="..\source\lowlevel\brstaticrtti.cpp">
      <Filter>source\lowlevel</Filter>
    </ClCompile>
    <ClCompile Include="..\source\lowlevel\brstructs.cpp">
      <Filter>source\lowlevel</Filter>
    </ClCompile>
    <ClCompile Include="..\source\lowlevel\brtick.cpp">
      <Filter>source\lowlevel</Filter>
    </ClCompile>
    <ClCompile Include="..\source\lowlevel\brtimedate.cpp">
      <Filter>source\lowlevel</Filter>
    </ClCompile>
    <ClCompile Include="..\source\lowlevel\brtypes.cpp">
      <Filter>source\lowlevel</Filter>
    </ClCompile>
    <ClCompile Include="..\source\math\brearcliptriangulate.cpp">
      <Filter>source\math</Filter>
    </ClCompile>
    <ClCompile Include="..\source\math\brfixedmatrix3d.cpp">
      <Filter>source\math</Filter>
    </ClCompile>
    <ClCompile Include="..\source\math\brfixedmatrix4d.cpp">
      <Filter>source\math</Filter>
    </ClCompile>
    <ClCompile Include="..\source\math\brfixedpoint.cpp">
      <Filter>source\math</Filter>
    </ClCompile>
    <ClCompile Include="..\source\math\brfixedvector2d.cpp">
      <Filter>source\math</Filter>
    </ClCompile>
    <ClCompile Include="..\source\math\brfixedvector3d.cpp">
      <Filter>source\math</Filter>
    </ClCompile>
    <ClCompile Include="..\source\math\brfixedvector4d.cpp">
      <Filter>source\math</Filter>
    </ClCompile>
    <ClCompile Include="..\source\math\brfloatingpoint.cpp">
      <Filter>source\math</Filter>
    </ClCompile>
    <ClCompile Include="..\source\math\brfpinfo.cpp">
      <Filter>source\math</Filter>
    </ClCompile>
    <ClCompile Include="..\source\math\brfplargeint.cpp">
      <Filter>source\math</Filter>
    </ClCompile>
    <ClCompile Include="..\source\math\brfpprintinfo.cpp">
      <Filter>source\math</Filter>
    </ClCompile>
    <ClCompile Include="..\source\math\brmatrix3d.cpp">
      <Filter>source\math</Filter>
    </ClCompile>
    <ClCompile Include="..\source\math\brmatrix4d.cpp">
      <Filter>source\math</Filter>
    </ClCompile>
    <ClCompile Include="..\source\math\brmp3math.cpp">
      <Filter>source\math</Filter>
    </ClCompile>
    <ClCompile Include="..\source\math\brsinecosine.cpp">
      <Filter>source\math</Filter>
    </ClCompile>
    <ClCompile Include="..\source\math\brvector2d.cpp">
      <Filter>source\math</Filter>
    </ClCompile>
    <ClCompile Include="..\source\math\brvector3d.cpp">
      <Filter>source\math</Filter>
    </ClCompile>
    <ClCompile Include="..\source\math\brvector4d.cpp">
      <Filter>source\math</Filter>
    </ClCompile>
    <ClCompile Include="..\source\memory\brglobalmemorymanager.cpp">
      <Filter>source\memory</Filter>
    </ClCompile>
    <ClCompile Include="..\source\memory\brmemoryhandle.cpp">
      <Filter>source\memory</Filter>
    </ClCompile>
    <ClCompile Include="..\source\memory\brmemorymanager.cpp">
      <Filter>source\memory</Filter>
    </ClCompile>
    <ClCompile Include="..\source\random\brmersennetwist.cpp">
      <Filter>source\random</Filter>
    </ClCompile>
    <ClCompile Include="..\source\random\brrandom.cpp">
      <Filter>source\random</Filter>
    </ClCompile>
    <ClCompile Include="..\source\random\brrandombase.cpp">
      <Filter>source\random</Filter>
    </ClCompile>
    <ClCompile Include="..\source\text\brasciito.cpp">
      <Filter>source\text</Filter>
    </ClCompile>
    <ClCompile Include="..\source\text\brcodepage.cpp">
      <Filter>source\text</Filter>
    </ClCompile>
    <ClCompile Include="..\source\text\brisolatin1.cpp">
      <Filter>source\text</Filter>
    </ClCompile>
    <ClCompile Include="..\source\text\brlocalization.cpp">
      <Filter>source\text</Filter>
    </ClCompile>
    <ClCompile Include="..\source\text\brmacromanus.cpp">
      <Filter>source\text</Filter>
    </ClCompile>
    <ClCompile Include="..\source\text\brmemoryfunctions.cpp">
      <Filter>source\text</Filter>
    </ClCompile>
    <ClCompile Include="..\source\text\brnumberstring.cpp">
      <Filter>source\text</Filter>
    </ClCompile>
    <ClCompile Include="..\source\text\brnumberstringhex.cpp">
      <Filter>source\text</Filter>
    </ClCompile>
    <ClCompile Include="..\source\text\brnumberto.cpp">
      <Filter>source\text</Filter>
    </ClCompile>
    <ClCompile Include="..\source\text\brosstringfunctions.cpp">
      <Filter>source\text</Filter>
    </ClCompile>
    <ClCompile Include="..\source\text\brprintf.cpp">
      <Filter>source\text</Filter>
    </ClCompile>
    <ClCompile Include="..\source\text\brsimplestring.cpp">
      <Filter>source\text</Filter>
    </ClCompile>
    <ClCompile Include="..\source\text\brstring.cpp">
      <Filter>source\text</Filter>
    </ClCompile>
    <ClCompile Include="..\source\text\brstring16.cpp">
      <Filter>source\text</Filter>
    </ClCompile>
    <ClCompile Include="..\source\text\brstringfunctions.cpp">
      <Filter>source\text</Filter>
    </ClCompile>
    <ClCompile Include="..\source\text\brutf16.cpp">
      <Filter>source\text</Filter>
    </ClCompile>
    <ClCompile Include="..\source\text\brutf32.cpp">
      <Filter>source\text</Filter>
    </ClCompile>
    <ClCompile Include="..\source\text\brutf8.cpp">
      <Filter>source\text</Filter>
    </ClCompile>
    <ClCompile Include="..\source\text\brwin1252.cpp">
      <Filter>source\text</Filter>
    </ClCompile>
    <ClCompile Include="..\source\text\brwin437.cpp">
      <Filter>source\text</Filter>
    </ClCompile>
    <ClCompile Include="..\unittest\common.cpp">
      <Filter>unittest</Filter>
    </ClCompile>
    <ClCompile Include="..\unittest\createtables.cpp">
      <Filter>unittest</Filter>
    </ClCompile>
    <ClCompile Include="..\unittest\testbralgorithm.cpp">
      <Filter>unittest</Filter>
    </ClCompile>
    <ClCompile Include="..\unittest\testbrcompression.cpp">
      <Filter>unittest</Filter>
    </ClCompile>
    <ClCompile Include="..\unittest\testbrdisplay.cpp">
      <Filter>unittest</Filter>
    </ClCompile>
    <ClCompile Include="..\unittest\testbrendian.cpp">
      <Filter>unittest</Filter>
    </ClCompile>
    <ClCompile Include="..\unittest\testbrfileloaders.cpp">
      <Filter>unittest</Filter>
    </ClCompile>
    <ClCompile Include="..\unittest\testbrfilemanager.cpp">
      <Filter>unittest</Filter>
    </ClCompile>
    <ClCompile Include="..\unittest\testbrfixedpoint.cpp">
      <Filter>unittest</Filter>
    </ClCompile>
    <ClCompile Include="..\unittest\testbrfloatingpoint.cpp">
      <Filter>unittest</Filter>
    </ClCompile>
    <ClCompile Include="..\unittest\testbrhashes.cpp">
      <Filter>unittest</Filter>
    </ClCompile>
    <ClCompile Include="..\unittest\testbrmatrix3d.cpp">
      <Filter>unittest</Filter>
    </ClCompile>
    <ClCompile Include="..\unittest\testbrmatrix4d.cpp">
      <Filter>unittest</Filter>
    </ClCompile>
    <ClCompile Include="..\unittest\testbrnetwork.cpp">
      <Filter>unittest</Filter>
    </ClCompile>
    <ClCompile Include="..\unittest\testbrnumberto.cpp">
      <Filter>unittest</Filter>
    </ClCompile>
    <ClCompile Include="..\unittest\testbrprintf.cpp">
      <Filter>unittest</Filter>
    </ClCompile>
    <ClCompile Include="..\unittest\testbrstaticrtti.cpp">
      <Filter>unittest</Filter>
    </ClCompile>
    <ClCompile Include="..\unittest\testbrstrings.cpp">
      <Filter>unittest</Filter>
    </ClCompile>
    <ClCompile Include="..\unittest\testbrtimedate.cpp">
      <Filter>unittest</Filter>
    </ClCompile>
    <ClCompile Include="..\unittest\testbrtypes.cpp">
      <Filter>unittest</Filter>
    </ClCompile>
    <ClCompile Include="..\unittest\testcharset.cpp">
      <Filter>unittest</Filter>
    </ClCompile>
    <ClCompile Include="..\unittest\testmacros.cpp">
      <Filter>unittest</Filter>
    </ClCompile>
    <AppxManifest Include="..\unittest\xboxone\unittestxboxone.appxmanifest">
      <Filter>unittest\xboxone</Filter>
    </AppxManifest>
    <Filter Include="source">
      <UniqueIdentifier>4F360864-D9A5-31B8-8C34-F79B49329B20</UniqueIdentifier>
    </Filter>
    <Filter Include="source\ansi">
      <UniqueIdentifier>8360FB70-ACF7-3E37-865A-4F00214C9CEF</UniqueIdentifier>
    </Filter>
    <Filter Include="source\audio">
      <UniqueIdentifier>10A0CF3E-7DC6-339A-A91A-29FA6F3FFED7</UniqueIdentifier>
    </Filter>
    <Filter Include="source\commandline">
      <UniqueIdentifier>AF1BC4FF-C855-3012-BBD0-A7B669383A99</UniqueIdentifier>
    </Filter>
    <Filter Include="source\compression">
      <UniqueIdentifier>9662F715-28D9-325E-A058-49855F299467</UniqueIdentifier>
    </Filter>
    <Filter Include="source\file">
      <UniqueIdentifier>1E061CCB-FF8E-37E3-B045-E9FFAC230795</UniqueIdentifier>
    </Filter>
    <Filter Include="source\flashplayer">
      <UniqueIdentifier>EE492E9B-C980-3C5F-9A1E-19F6E30FB85C</UniqueIdentifier>
    </Filter>
    <Filter Include="source\generated">
      <UniqueIdentifier>87360351-85C0-3232-92D1-B68CE8B6155E</UniqueIdentifier>
    </Filter>
    <Filter Include="source\graphics">
      <UniqueIdentifier>1E6A7583-7A2D-3385-9B77-EF4867AF68B2</UniqueIdentifier>
    </Filter>
    <Filter Include="source\graphics\effects">
      <UniqueIdentifier>1FBA2BB1-C810-31FD-91FD-EDA7DCEC8ECF</UniqueIdentifier>
    </Filter>
    <Filter Include="source\graphics\shaders">
      <UniqueIdentifier>8A25B44E-412A-36A2-BE01-4F5EAF4C537C</UniqueIdentifier>
    </Filter>
    <Filter Include="source\input">
      <UniqueIdentifier>98DBDF5A-591E-3938-9ABD-B9E14E1DB86E</UniqueIdentifier>
    </Filter>
    <Filter Include="source\lowlevel">
      <UniqueIdentifier>E92AA86A-0DF6-3CBB-A239-2D7737CD516A</UniqueIdentifier>
    </Filter>
    <Filter Include="source\math">
      <UniqueIdentifier>A70D90E9-CBEB-36D7-AE75-6E26B5E4F2FE</UniqueIdentifier>
    </Filter>
    <Filter Include="source\memory">
      <UniqueIdentifier>71D2608E-60CD-3D30-B178-33EF76871D99</UniqueIdentifier>
    </Filter>
    <Filter Include="source\random">
      <UniqueIdentifier>6E530B98-EF19-3840-8B52-614C65EFD32F</UniqueIdentifier>
    </Filter>
    <Filter Include="source\text">
      <UniqueIdentifier>2AB741DF-36E6-3E1E-B04B-4902B6A96D41</UniqueIdentifier>
    </Filter>
    <Filter Include="unittest">
      <UniqueIdentifier>79D42A55-A050-3C0A-9D17-1D8C35BA9C2B</UniqueIdentifier>
    </Filter>
    <Filter Include="unittest\xboxone">
      <UniqueIdentifier>104EFE57-85D0-3674-8EE7-78D7BA299D07</UniqueIdentifier>
    </Filter>
  </ItemGroup>
</Project>
